{
  "version": 4,
  "terraform_version": "1.8.0",
  "serial": 2936,
  "lineage": "3c48e02a-f525-aac9-9675-203f95819f8c",
  "outputs": {
    "public_dns": {
      "value": "",
      "type": "string"
    },
    "public_ip": {
      "value": "3.67.71.215",
      "type": "string"
    },
    "region": {
      "value": "eu-central-1",
      "type": "string"
    }
  },
  "resources": [
    {
      "mode": "managed",
      "type": "aws_instance",
      "name": "django",
      "provider": "provider[\"registry.terraform.io/hashicorp/aws\"]",
      "instances": [
        {
          "schema_version": 1,
          "attributes": {
            "ami": "ami-0db3b3e2b9f049df7",
            "arn": "arn:aws:ec2:eu-central-1:730335597556:instance/i-0a38244f64823538f",
            "associate_public_ip_address": true,
            "availability_zone": "eu-central-1a",
            "capacity_reservation_specification": [
              {
                "capacity_reservation_preference": "open",
                "capacity_reservation_target": []
              }
            ],
            "cpu_core_count": 1,
            "cpu_options": [
              {
                "amd_sev_snp": "",
                "core_count": 1,
                "threads_per_core": 1
              }
            ],
            "cpu_threads_per_core": 1,
            "credit_specification": [
              {
                "cpu_credits": "standard"
              }
            ],
            "disable_api_stop": false,
            "disable_api_termination": false,
            "ebs_block_device": [],
            "ebs_optimized": false,
            "enclave_options": [
              {
                "enabled": false
              }
            ],
            "ephemeral_block_device": [],
            "get_password_data": false,
            "hibernation": false,
            "host_id": "",
            "host_resource_group_arn": null,
            "iam_instance_profile": "",
            "id": "i-0a38244f64823538f",
            "instance_initiated_shutdown_behavior": "stop",
            "instance_lifecycle": "",
            "instance_market_options": [],
            "instance_state": "running",
            "instance_type": "t2.micro",
            "ipv6_address_count": 0,
            "ipv6_addresses": [],
            "key_name": "EC2-django",
            "launch_template": [],
            "maintenance_options": [
              {
                "auto_recovery": "default"
              }
            ],
            "metadata_options": [
              {
                "http_endpoint": "enabled",
                "http_protocol_ipv6": "disabled",
                "http_put_response_hop_limit": 1,
                "http_tokens": "optional",
                "instance_metadata_tags": "disabled"
              }
            ],
            "monitoring": false,
            "network_interface": [],
            "outpost_arn": "",
            "password_data": "",
            "placement_group": "",
            "placement_partition_number": 0,
            "primary_network_interface_id": "eni-0da8f1fbd8a6a561c",
            "private_dns": "ip-192-168-1-81.eu-central-1.compute.internal",
            "private_dns_name_options": [
              {
                "enable_resource_name_dns_a_record": false,
                "enable_resource_name_dns_aaaa_record": false,
                "hostname_type": "ip-name"
              }
            ],
            "private_ip": "192.168.1.81",
            "public_dns": "",
            "public_ip": "3.67.71.215",
            "root_block_device": [
              {
                "delete_on_termination": true,
                "device_name": "/dev/xvda",
                "encrypted": false,
                "iops": 100,
                "kms_key_id": "",
                "tags": {},
                "tags_all": {},
                "throughput": 0,
                "volume_id": "vol-00bf2c2f94413e538",
                "volume_size": 8,
                "volume_type": "gp2"
              }
            ],
            "secondary_private_ips": [],
            "security_groups": [],
            "source_dest_check": true,
            "spot_instance_request_id": "",
            "subnet_id": "subnet-06fd7879a24889d51",
            "tags": {
              "Name": "web-production"
            },
            "tags_all": {
              "Name": "web-production"
            },
            "tenancy": "default",
            "timeouts": null,
            "user_data": null,
            "user_data_base64": null,
            "user_data_replace_on_change": false,
            "volume_tags": null,
            "vpc_security_group_ids": [
              "sg-0c10be94edbfe443d"
            ]
          },
          "sensitive_attributes": [],
          "private": "eyJlMmJmYjczMC1lY2FhLTExZTYtOGY4OC0zNDM2M2JjN2M0YzAiOnsiY3JlYXRlIjo2MDAwMDAwMDAwMDAsImRlbGV0ZSI6MTIwMDAwMDAwMDAwMCwicmVhZCI6OTAwMDAwMDAwMDAwLCJ1cGRhdGUiOjYwMDAwMDAwMDAwMH0sInNjaGVtYV92ZXJzaW9uIjoiMSJ9",
          "dependencies": [
            "aws_key_pair.ssh_key",
            "aws_security_group.allow_ssh",
            "aws_subnet.public_subnet",
            "aws_vpc.my_vpc",
            "tls_private_key.ec2_key"
          ]
        }
      ]
    },
    {
      "mode": "managed",
      "type": "aws_internet_gateway",
      "name": "gw1",
      "provider": "provider[\"registry.terraform.io/hashicorp/aws\"]",
      "instances": [
        {
          "schema_version": 0,
          "attributes": {
            "arn": "arn:aws:ec2:eu-central-1:730335597556:internet-gateway/igw-0da632f0e1df7fc16",
            "id": "igw-0da632f0e1df7fc16",
            "owner_id": "730335597556",
            "tags": {
              "Name": "IGW_production"
            },
            "tags_all": {
              "Name": "IGW_production"
            },
            "timeouts": null,
            "vpc_id": "vpc-0716d7831270938d3"
          },
          "sensitive_attributes": [],
          "private": "eyJlMmJmYjczMC1lY2FhLTExZTYtOGY4OC0zNDM2M2JjN2M0YzAiOnsiY3JlYXRlIjoxMjAwMDAwMDAwMDAwLCJkZWxldGUiOjEyMDAwMDAwMDAwMDAsInVwZGF0ZSI6MTIwMDAwMDAwMDAwMH19",
          "dependencies": [
            "aws_vpc.my_vpc"
          ]
        }
      ]
    },
    {
      "mode": "managed",
      "type": "aws_key_pair",
      "name": "ssh_key",
      "provider": "provider[\"registry.terraform.io/hashicorp/aws\"]",
      "instances": [
        {
          "schema_version": 1,
          "attributes": {
            "arn": "arn:aws:ec2:eu-central-1:730335597556:key-pair/EC2-django",
            "fingerprint": "a0:33:fe:6e:f6:57:12:45:6f:89:e5:d2:b3:8c:3c:98",
            "id": "EC2-django",
            "key_name": "EC2-django",
            "key_name_prefix": "",
            "key_pair_id": "key-07d8d059354db21c0",
            "key_type": "rsa",
            "public_key": "ssh-rsa AAAAB3NzaC1yc2EAAAADAQABAAACAQC7nV1friKIeqR3Qz9n7bZFsvmTJpXLaqpTcFDq/o8qclgEBZdE5WL0EqU/upNb5fnDTI3NtYUsozHlCn5+Yj6kwwDKsXHxtyGD9iUCTcCwXZlf4VWF63aruozsUFk0V/6hDXf/SrGjKI8qlq19I98ysBv3MKMmmlFBq+AJZzzS3V/PFDqO+3PUgLdfvGzdTILSU06k72AtynKbZbRtiNhs4uo8LqcA9Kl/GMvSl8bs3fMEkwIcTR4bQ3T5NO5ZRu5FJPT60h63hl07DOMnlX9ezKJYFxPaC8lNPv0tAhM5HjxKKrq0RyXWOviTP+pFX7Z0a7EWQifXPo1BmR/DRPFxq8Iq4d0DLUOZUwrGv59IGaDB8odwKgnAmdR7pS9Ffg23vWb9ngAbdkoUqP68eh+//7wEkZ0Msn0TbigIDdxS4QGzecl501v8AF1BCf3q5q+eyz88J8zkr84NQk7HGg0D1VZDTkV41LgsB1eJuUUER4Bem2iEzY2ni1bY34bXEr7HU+8w/BBVBFbYTP967JxYiFeHgzbRU0NZK/1KIemt8NUlVphhnhPdrOhZUVFMRvWalrpbvnZemYWb1xYEo3+08g53Jyw25dPLkPZ7dpajF1eu/H6GF3M88eZJyjvEedd0JhW24IXPpdPQ5JcWO23Hsg1LLQP2gxJJpc5IF7PJNQ==",
            "tags": null,
            "tags_all": {}
          },
          "sensitive_attributes": [],
          "private": "eyJzY2hlbWFfdmVyc2lvbiI6IjEifQ==",
          "dependencies": [
            "tls_private_key.ec2_key"
          ]
        }
      ]
    },
    {
      "mode": "managed",
      "type": "aws_route_table",
      "name": "private_route_table",
      "provider": "provider[\"registry.terraform.io/hashicorp/aws\"]",
      "instances": [
        {
          "schema_version": 0,
          "attributes": {
            "arn": "arn:aws:ec2:eu-central-1:730335597556:route-table/rtb-0c718c732d52a1466",
            "id": "rtb-0c718c732d52a1466",
            "owner_id": "730335597556",
            "propagating_vgws": [],
            "route": [],
            "tags": {
              "Name": "Private Route Table"
            },
            "tags_all": {
              "Name": "Private Route Table"
            },
            "timeouts": null,
            "vpc_id": "vpc-0716d7831270938d3"
          },
          "sensitive_attributes": [],
          "private": "eyJlMmJmYjczMC1lY2FhLTExZTYtOGY4OC0zNDM2M2JjN2M0YzAiOnsiY3JlYXRlIjozMDAwMDAwMDAwMDAsImRlbGV0ZSI6MzAwMDAwMDAwMDAwLCJ1cGRhdGUiOjEyMDAwMDAwMDAwMH19",
          "dependencies": [
            "aws_vpc.my_vpc"
          ]
        }
      ]
    },
    {
      "mode": "managed",
      "type": "aws_route_table",
      "name": "public_route_table",
      "provider": "provider[\"registry.terraform.io/hashicorp/aws\"]",
      "instances": [
        {
          "schema_version": 0,
          "attributes": {
            "arn": "arn:aws:ec2:eu-central-1:730335597556:route-table/rtb-0ff2c439d2fa330ca",
            "id": "rtb-0ff2c439d2fa330ca",
            "owner_id": "730335597556",
            "propagating_vgws": [],
            "route": [
              {
                "carrier_gateway_id": "",
                "cidr_block": "0.0.0.0/0",
                "core_network_arn": "",
                "destination_prefix_list_id": "",
                "egress_only_gateway_id": "",
                "gateway_id": "igw-0da632f0e1df7fc16",
                "ipv6_cidr_block": "",
                "local_gateway_id": "",
                "nat_gateway_id": "",
                "network_interface_id": "",
                "transit_gateway_id": "",
                "vpc_endpoint_id": "",
                "vpc_peering_connection_id": ""
              }
            ],
            "tags": {
              "Name": "Public Route Table"
            },
            "tags_all": {
              "Name": "Public Route Table"
            },
            "timeouts": null,
            "vpc_id": "vpc-0716d7831270938d3"
          },
          "sensitive_attributes": [],
          "private": "eyJlMmJmYjczMC1lY2FhLTExZTYtOGY4OC0zNDM2M2JjN2M0YzAiOnsiY3JlYXRlIjozMDAwMDAwMDAwMDAsImRlbGV0ZSI6MzAwMDAwMDAwMDAwLCJ1cGRhdGUiOjEyMDAwMDAwMDAwMH19",
          "dependencies": [
            "aws_internet_gateway.gw1",
            "aws_vpc.my_vpc"
          ]
        }
      ]
    },
    {
      "mode": "managed",
      "type": "aws_route_table_association",
      "name": "private_association",
      "provider": "provider[\"registry.terraform.io/hashicorp/aws\"]",
      "instances": [
        {
          "schema_version": 0,
          "attributes": {
            "gateway_id": "",
            "id": "rtbassoc-02bfa6f9cf579f8cb",
            "route_table_id": "rtb-0c718c732d52a1466",
            "subnet_id": "subnet-0d179dc552bff99a2",
            "timeouts": null
          },
          "sensitive_attributes": [],
          "private": "eyJlMmJmYjczMC1lY2FhLTExZTYtOGY4OC0zNDM2M2JjN2M0YzAiOnsiY3JlYXRlIjozMDAwMDAwMDAwMDAsImRlbGV0ZSI6MzAwMDAwMDAwMDAwLCJ1cGRhdGUiOjEyMDAwMDAwMDAwMH19",
          "dependencies": [
            "aws_route_table.private_route_table",
            "aws_subnet.private_subnet",
            "aws_vpc.my_vpc"
          ]
        }
      ]
    },
    {
      "mode": "managed",
      "type": "aws_route_table_association",
      "name": "public_association",
      "provider": "provider[\"registry.terraform.io/hashicorp/aws\"]",
      "instances": [
        {
          "schema_version": 0,
          "attributes": {
            "gateway_id": "",
            "id": "rtbassoc-0788e2353c8284271",
            "route_table_id": "rtb-0ff2c439d2fa330ca",
            "subnet_id": "subnet-06fd7879a24889d51",
            "timeouts": null
          },
          "sensitive_attributes": [],
          "private": "eyJlMmJmYjczMC1lY2FhLTExZTYtOGY4OC0zNDM2M2JjN2M0YzAiOnsiY3JlYXRlIjozMDAwMDAwMDAwMDAsImRlbGV0ZSI6MzAwMDAwMDAwMDAwLCJ1cGRhdGUiOjEyMDAwMDAwMDAwMH19",
          "dependencies": [
            "aws_internet_gateway.gw1",
            "aws_route_table.public_route_table",
            "aws_subnet.public_subnet",
            "aws_vpc.my_vpc"
          ]
        }
      ]
    },
    {
      "mode": "managed",
      "type": "aws_security_group",
      "name": "allow_ssh",
      "provider": "provider[\"registry.terraform.io/hashicorp/aws\"]",
      "instances": [
        {
          "schema_version": 1,
          "attributes": {
            "arn": "arn:aws:ec2:eu-central-1:730335597556:security-group/sg-0c10be94edbfe443d",
            "description": "Allow inbound SSH traffic",
            "egress": [
              {
                "cidr_blocks": [
                  "0.0.0.0/0"
                ],
                "description": "",
                "from_port": 0,
                "ipv6_cidr_blocks": [],
                "prefix_list_ids": [],
                "protocol": "-1",
                "security_groups": [],
                "self": false,
                "to_port": 0
              }
            ],
            "id": "sg-0c10be94edbfe443d",
            "ingress": [
              {
                "cidr_blocks": [
                  "0.0.0.0/0"
                ],
                "description": "",
                "from_port": 22,
                "ipv6_cidr_blocks": [],
                "prefix_list_ids": [],
                "protocol": "tcp",
                "security_groups": [],
                "self": false,
                "to_port": 22
              }
            ],
            "name": "allow_ssh",
            "name_prefix": "",
            "owner_id": "730335597556",
            "revoke_rules_on_delete": false,
            "tags": null,
            "tags_all": {},
            "timeouts": null,
            "vpc_id": "vpc-0716d7831270938d3"
          },
          "sensitive_attributes": [],
          "private": "eyJlMmJmYjczMC1lY2FhLTExZTYtOGY4OC0zNDM2M2JjN2M0YzAiOnsiY3JlYXRlIjo2MDAwMDAwMDAwMDAsImRlbGV0ZSI6OTAwMDAwMDAwMDAwfSwic2NoZW1hX3ZlcnNpb24iOiIxIn0=",
          "dependencies": [
            "aws_vpc.my_vpc"
          ]
        }
      ]
    },
    {
      "mode": "managed",
      "type": "aws_subnet",
      "name": "private_subnet",
      "provider": "provider[\"registry.terraform.io/hashicorp/aws\"]",
      "instances": [
        {
          "schema_version": 1,
          "attributes": {
            "arn": "arn:aws:ec2:eu-central-1:730335597556:subnet/subnet-0d179dc552bff99a2",
            "assign_ipv6_address_on_creation": false,
            "availability_zone": "eu-central-1b",
            "availability_zone_id": "euc1-az3",
            "cidr_block": "192.168.2.0/24",
            "customer_owned_ipv4_pool": "",
            "enable_dns64": false,
            "enable_lni_at_device_index": 0,
            "enable_resource_name_dns_a_record_on_launch": false,
            "enable_resource_name_dns_aaaa_record_on_launch": false,
            "id": "subnet-0d179dc552bff99a2",
            "ipv6_cidr_block": "",
            "ipv6_cidr_block_association_id": "",
            "ipv6_native": false,
            "map_customer_owned_ip_on_launch": false,
            "map_public_ip_on_launch": false,
            "outpost_arn": "",
            "owner_id": "730335597556",
            "private_dns_hostname_type_on_launch": "ip-name",
            "tags": null,
            "tags_all": {},
            "timeouts": null,
            "vpc_id": "vpc-0716d7831270938d3"
          },
          "sensitive_attributes": [],
          "private": "eyJlMmJmYjczMC1lY2FhLTExZTYtOGY4OC0zNDM2M2JjN2M0YzAiOnsiY3JlYXRlIjo2MDAwMDAwMDAwMDAsImRlbGV0ZSI6MTIwMDAwMDAwMDAwMH0sInNjaGVtYV92ZXJzaW9uIjoiMSJ9",
          "dependencies": [
            "aws_vpc.my_vpc"
          ]
        }
      ]
    },
    {
      "mode": "managed",
      "type": "aws_subnet",
      "name": "public_subnet",
      "provider": "provider[\"registry.terraform.io/hashicorp/aws\"]",
      "instances": [
        {
          "schema_version": 1,
          "attributes": {
            "arn": "arn:aws:ec2:eu-central-1:730335597556:subnet/subnet-06fd7879a24889d51",
            "assign_ipv6_address_on_creation": false,
            "availability_zone": "eu-central-1a",
            "availability_zone_id": "euc1-az2",
            "cidr_block": "192.168.1.0/24",
            "customer_owned_ipv4_pool": "",
            "enable_dns64": false,
            "enable_lni_at_device_index": 0,
            "enable_resource_name_dns_a_record_on_launch": false,
            "enable_resource_name_dns_aaaa_record_on_launch": false,
            "id": "subnet-06fd7879a24889d51",
            "ipv6_cidr_block": "",
            "ipv6_cidr_block_association_id": "",
            "ipv6_native": false,
            "map_customer_owned_ip_on_launch": false,
            "map_public_ip_on_launch": true,
            "outpost_arn": "",
            "owner_id": "730335597556",
            "private_dns_hostname_type_on_launch": "ip-name",
            "tags": null,
            "tags_all": {},
            "timeouts": null,
            "vpc_id": "vpc-0716d7831270938d3"
          },
          "sensitive_attributes": [],
          "private": "eyJlMmJmYjczMC1lY2FhLTExZTYtOGY4OC0zNDM2M2JjN2M0YzAiOnsiY3JlYXRlIjo2MDAwMDAwMDAwMDAsImRlbGV0ZSI6MTIwMDAwMDAwMDAwMH0sInNjaGVtYV92ZXJzaW9uIjoiMSJ9",
          "dependencies": [
            "aws_vpc.my_vpc"
          ]
        }
      ]
    },
    {
      "mode": "managed",
      "type": "aws_vpc",
      "name": "my_vpc",
      "provider": "provider[\"registry.terraform.io/hashicorp/aws\"]",
      "instances": [
        {
          "schema_version": 1,
          "attributes": {
            "arn": "arn:aws:ec2:eu-central-1:730335597556:vpc/vpc-0716d7831270938d3",
            "assign_generated_ipv6_cidr_block": false,
            "cidr_block": "192.168.0.0/16",
            "default_network_acl_id": "acl-0bc987bf15c65f9a9",
            "default_route_table_id": "rtb-026dae3f15313b8c7",
            "default_security_group_id": "sg-06b759c3b62d4f9cf",
            "dhcp_options_id": "dopt-020b775cc649f419b",
            "enable_dns_hostnames": false,
            "enable_dns_support": true,
            "enable_network_address_usage_metrics": false,
            "id": "vpc-0716d7831270938d3",
            "instance_tenancy": "default",
            "ipv4_ipam_pool_id": null,
            "ipv4_netmask_length": null,
            "ipv6_association_id": "",
            "ipv6_cidr_block": "",
            "ipv6_cidr_block_network_border_group": "",
            "ipv6_ipam_pool_id": "",
            "ipv6_netmask_length": 0,
            "main_route_table_id": "rtb-026dae3f15313b8c7",
            "owner_id": "730335597556",
            "tags": {
              "Name": "vpc_production"
            },
            "tags_all": {
              "Name": "vpc_production"
            }
          },
          "sensitive_attributes": [],
          "private": "eyJzY2hlbWFfdmVyc2lvbiI6IjEifQ=="
        }
      ]
    },
    {
      "mode": "managed",
      "type": "local_file",
      "name": "inventory",
      "provider": "provider[\"registry.terraform.io/hashicorp/local\"]",
      "instances": [
        {
          "schema_version": 0,
          "attributes": {
            "content": "[all]\nmyvm ansible_host=3.67.71.215\n\n[all:vars]\nansible_user=ec2-user\nregion=eu-central-1\n",
            "content_base64": null,
            "content_base64sha256": "pejKOzSXw9LGk84W4TO95J62pdqJf0NHWkPIB6EWkfQ=",
            "content_base64sha512": "oOsWhBOI5zBeYzy26GU4ou9gDOip6BLPOKX4h+GRHsG2anT/XEoa6Sf85BsBqjMtdeZh1LdMHWF+Sfk1j6B+jg==",
            "content_md5": "b636188c276286765e8862c44bdd5ae7",
            "content_sha1": "c27a3a113b5ea9155a1cde35a8c33f8110248869",
            "content_sha256": "a5e8ca3b3497c3d2c693ce16e133bde49eb6a5da897f43475a43c807a11691f4",
            "content_sha512": "a0eb16841388e7305e633cb6e86538a2ef600ce8a9e812cf38a5f887e1911ec1b66a74ff5c4a1ae927fce41b01aa332d75e661d4b74c1d617e49f9358fa07e8e",
            "directory_permission": "0777",
            "file_permission": "0640",
            "filename": "../ansible/inventory/ansible-inventory",
            "id": "c27a3a113b5ea9155a1cde35a8c33f8110248869",
            "sensitive_content": null,
            "source": null
          },
          "sensitive_attributes": [
            [
              {
                "type": "get_attr",
                "value": "sensitive_content"
              }
            ]
          ],
          "dependencies": [
            "aws_instance.django",
            "aws_key_pair.ssh_key",
            "aws_security_group.allow_ssh",
            "aws_subnet.public_subnet",
            "aws_vpc.my_vpc",
            "tls_private_key.ec2_key"
          ]
        }
      ]
    },
    {
      "mode": "managed",
      "type": "local_sensitive_file",
      "name": "pem_files",
      "provider": "provider[\"registry.terraform.io/hashicorp/local\"]",
      "instances": [
        {
          "schema_version": 0,
          "attributes": {
            "content": "-----BEGIN RSA PRIVATE KEY-----\nMIIJJwIBAAKCAgEAu51dX64iiHqkd0M/Z+22RbL5kyaVy2qqU3BQ6v6PKnJYBAWX\nROVi9BKlP7qTW+X5w0yNzbWFLKMx5Qp+fmI+pMMAyrFx8bchg/YlAk3AsF2ZX+FV\nhet2q7qM7FBZNFf+oQ13/0qxoyiPKpatfSPfMrAb9zCjJppRQavgCWc80t1fzxQ6\njvtz1IC3X7xs3UyC0lNOpO9gLcpym2W0bYjYbOLqPC6nAPSpfxjL0pfG7N3zBJMC\nHE0eG0N0+TTuWUbuRST0+tIet4ZdOwzjJ5V/XsyiWBcT2gvJTT79LQITOR48Siq6\ntEcl1jr4kz/qRV+2dGuxFkIn1z6NQZkfw0TxcavCKuHdAy1DmVMKxr+fSBmgwfKH\ncCoJwJnUe6UvRX4Nt71m/Z4AG3ZKFKj+vHofv/+8BJGdDLJ9E24oCA3cUuEBs3nJ\nedNb/ABdQQn96uavnss/PCfM5K/ODUJOxxoNA9VWQ05FeNS4LAdXiblFBEeAXpto\nhM2Np4tW2N+G1xK+x1PvMPwQVQRW2Ez/euycWIhXh4M20VNDWSv9SiHprfDVJVaY\nYZ4T3azoWVFRTEb1mpa6W752XpmFm9cWBKN/tPIOdycsNuXTy5D2e3aWoxdXrvx+\nhhdzPPHmSco7xHnXdCYVtuCFz6XT0OSXFjttx7INSy0D9oMSSaXOSBezyTUCAwEA\nAQKCAgAQxFqQ734UlmlWY0MqZZsxlXIqjXs7p7e7J0GEDuX6lCd7jIhdVubGC1iL\nXoBG6UGuC4xswvk46QjPgGWXo+4XSXorozocsRIkuf3Ku+opmOPZJsk+47FCXbS0\ndeXTAL435H1B6on/m+NXmgm9MlSDMiv9pnIeRBJY/SRTks9jxPcICbXGC4Dpj+tT\negJ8sJbMdzeDFAWTchFWA/vhAibdbFYktMKmGjd/rVah5oCXsKpEUWMR5m53X0r3\n7pwSjH1E3q2qMNcf7bktStSOOBUfAsjLeJyEkyMVbTixKgtPwnz+39y5udYO1Exc\n1Ix6ULh8pRc5dwYafXOgVi/5gpLVP5cULWxeRrrbICYH9RBAVIvIsdZGxfNsJlcq\ngdKOpJ8M0Msl+SO6abGYCD7GKlGmElHSiVYSUU+0u6QAxIA8t8iJbQKsoKOkft2a\nH8NvsKciWebjTDPApDOmYQ6/ElZn26nkGuP+KPqSHGJQ5jBL9qhokklZtvhgdzrP\nnhTqc1b6I7QLka+LsQETVDKDgAmb/UkdqS+konc2N6pnlJWbCCdT0kPflp2Bn8mA\nf19a7gpHDpXDsTQkDNoQV7+UITAjWce4lBeHcENpyJ9JeNs7BJLXvv6rdy6i2aUm\nXWFYp4Ax2DUaF++Dcke0CJbGM790ZAL0VVNH3cyS76NvWiPgoQKCAQEAzlaAz7HH\ndS7m+fxZvveOs+tu//JZvgHbTBKSlyplG5+HrWVy73uYQ+M1Os3nok1qUPB4bZPn\nlIyj3AGTGxjiIINHbXPxSNIN8PZBp13gq+Nl7qRso4Y9+cstF68yvSFeL3QMdHld\nDMm9oBJPM+0NNkYiaLzcVbVn4nwgpB4MGSNyRYkDYc46dRTBswJ5f7biVcA7Myfg\nG+0Oki1L7o75RvpaKHMf4NNu6jUn6yKOQ7czZcNHGs3CYaI1/oXzRT3vSO+W2c6q\nzuDbEzAdaew07cBs/HgyrfQXDJaacUDWdFVGuP8fftNDykCxLpf+FAj9UzZ3OOam\n7P9sj1LSPvgIWQKCAQEA6MU7pEMcdpmTk7TGeDBAgj6wXnS3ejo+TesiUDDTqFVi\n0JY0QfWEqh5qj64JueO2rE7w7OSTgfFlPZYGx/kEcRCHsREO4xSF9+IJgnbNmi1X\nix8x0Bua9JbCafOJppeLKF04Qky9daPnkKTDQykaYro0Cazs8fZB3LlgeGcnA4KH\nVbkf7wD2NsJFOffGFsk5lCS9oqdnqT9yHlpRulFTP38YNlUUhgAKLLsirMcvEaiR\nBrT7PwFqIPrniXQ7HrF3mdz98dXabJSG+kwGA7fxE9+2W+GtlsYsOJ6UAbUJ3tVL\nss4ydRPTEVRYTO4OpXa0c8KpznRpzsm1FdqoWS6sPQKCAQBbx5BuUfaVgjJNWdkV\nn4oDL6LlCAixAqRn9w7rXHkyy0gPccOpEIHPGJ5RtMrmn6a9r+jxXMuygMhWEQE9\nGVlj+uDnp53YtU5sMy1K4/AOpQxvFQYZypmApcY99bkM9W2uj+EGYgFosce+Dsba\nIwQwcwvVKMSc/x7hWDMwrQjWmbS3h1VQyOmpsHzkQiKHE3Mjj2kFvSPraAuGK83N\npBzvXGaD/YldeM6qMNC7v1gmeLPM/QqAuqtOwFdiCnUGBKGOALxJz6qccNohc9Jx\njhaQ9nnD5zcrtxoViFvUKnH5twDJQvngcNqDeTkWr5bdlI4R2HU5gycW3hqMuds5\nFRypAoIBAA10OPpJlr+UKN+Et2QDBfeBQBh1jpVWAHvod1dDOzijls6Pn/2f/0cF\n8wrS+GTyMIDNH0fR/mSoWz2wCjxMvGD8n5swbTfa29N0ETClRUUAEetMpkhtEAvL\nGvmcxfwHDlgK61GJtfmyu5O0skSTf57tPEzC3f8uSKhFXroW3D5rsP7XcG0UFScd\nG3s6QwzWHKnfZcac/nTd4e63MbofMTyeT/vz9ve30N69AkgSSzouEBPfKhZ+MnAt\nkGx1d2VSxKL0DwmHXtSf0R1uf3p/i0OmzpeI98ubMLslD1D58dQbaACxwmDaAH0j\n7uaja91MeymlusLgH62AIyNcPBbLh9ECggEAWaCs3NRI7Y45OUlKXVu1tSNFJ/jJ\nYaj8jJ5BLVs5AK5XhMfyXXOMJINbC7MPzgFkPU/jFX/WI9ObvS3AKDXi9ezyYe8w\nmoEivRFcflndL2mg4CZI0xA/YE4wzYk03nbWQLsLDSiY+AUIDyf57o+UYDZ8OBmQ\nXd4yktVWXMy9L7nCL3YZmOn/A3iEDT+tVKMnJuBWuzCumqef4Wi+s8leUXzRXYc0\nqIFLBK/wHziVKntkTQDlLC3uqfXJB1BB7TqInO4pi046JAUNUKHkvabCxfdXvEy3\n5Ypnr7N4eElnrHjrTV6CyCZMOyW+xsv/Jba9UHqeAZRRCwtdvWwnnAia3Q==\n-----END RSA PRIVATE KEY-----\n",
            "content_base64": null,
            "content_base64sha256": "o80oAIA5lxT8Do/kapxLeRWlY/eEerH5gEaEBr5asBc=",
            "content_base64sha512": "ERPH8Frj/P1s71bUawvP0tnbq2gsteihqHY/mQMb02ayLku38YKhHN0SFjhvzhEX1lKWX5ZjnLK/Bl7t0QDJrg==",
            "content_md5": "012f9d862b94148a948040dcd3d3d21c",
            "content_sha1": "72a600a5ae65088e1306f4f13af1378f3455a637",
            "content_sha256": "a3cd280080399714fc0e8fe46a9c4b7915a563f7847ab1f980468406be5ab017",
            "content_sha512": "1113c7f05ae3fcfd6cef56d46b0bcfd2d9dbab682cb5e8a1a8763f99031bd366b22e4bb7f182a11cdd1216386fce1117d652965f96639cb2bf065eedd100c9ae",
            "directory_permission": "0700",
            "file_permission": "0600",
            "filename": "../ansible/EC2-django.pem",
            "id": "72a600a5ae65088e1306f4f13af1378f3455a637",
            "source": null
          },
          "sensitive_attributes": [
            [
              {
                "type": "get_attr",
                "value": "content"
              }
            ],
            [
              {
                "type": "get_attr",
                "value": "content_base64"
              }
            ]
          ],
          "dependencies": [
            "tls_private_key.ec2_key"
          ]
        }
      ]
    },
    {
      "mode": "managed",
      "type": "null_resource",
      "name": "run_ansible",
      "provider": "provider[\"registry.terraform.io/hashicorp/null\"]",
      "instances": [
        {
          "status": "tainted",
          "schema_version": 0,
          "attributes": {
            "id": "5322307797581094930",
            "triggers": null
          },
          "sensitive_attributes": [],
          "dependencies": [
            "aws_instance.django",
            "aws_key_pair.ssh_key",
            "aws_security_group.allow_ssh",
            "aws_subnet.public_subnet",
            "aws_vpc.my_vpc",
            "tls_private_key.ec2_key"
          ]
        }
      ]
    },
    {
      "mode": "managed",
      "type": "tls_private_key",
      "name": "ec2_key",
      "provider": "provider[\"registry.terraform.io/hashicorp/tls\"]",
      "instances": [
        {
          "schema_version": 1,
          "attributes": {
            "algorithm": "RSA",
            "ecdsa_curve": "P224",
            "id": "8ac4c24a00b08becfe2a758a1f91d6766a4c81ed",
            "private_key_openssh": "-----BEGIN OPENSSH PRIVATE KEY-----\nb3BlbnNzaC1rZXktdjEAAAAABG5vbmUAAAAEbm9uZQAAAAAAAAABAAACFwAAAAdz\nc2gtcnNhAAAAAwEAAQAAAgEAu51dX64iiHqkd0M/Z+22RbL5kyaVy2qqU3BQ6v6P\nKnJYBAWXROVi9BKlP7qTW+X5w0yNzbWFLKMx5Qp+fmI+pMMAyrFx8bchg/YlAk3A\nsF2ZX+FVhet2q7qM7FBZNFf+oQ13/0qxoyiPKpatfSPfMrAb9zCjJppRQavgCWc8\n0t1fzxQ6jvtz1IC3X7xs3UyC0lNOpO9gLcpym2W0bYjYbOLqPC6nAPSpfxjL0pfG\n7N3zBJMCHE0eG0N0+TTuWUbuRST0+tIet4ZdOwzjJ5V/XsyiWBcT2gvJTT79LQIT\nOR48Siq6tEcl1jr4kz/qRV+2dGuxFkIn1z6NQZkfw0TxcavCKuHdAy1DmVMKxr+f\nSBmgwfKHcCoJwJnUe6UvRX4Nt71m/Z4AG3ZKFKj+vHofv/+8BJGdDLJ9E24oCA3c\nUuEBs3nJedNb/ABdQQn96uavnss/PCfM5K/ODUJOxxoNA9VWQ05FeNS4LAdXiblF\nBEeAXptohM2Np4tW2N+G1xK+x1PvMPwQVQRW2Ez/euycWIhXh4M20VNDWSv9SiHp\nrfDVJVaYYZ4T3azoWVFRTEb1mpa6W752XpmFm9cWBKN/tPIOdycsNuXTy5D2e3aW\noxdXrvx+hhdzPPHmSco7xHnXdCYVtuCFz6XT0OSXFjttx7INSy0D9oMSSaXOSBez\nyTUAAAc4J7xsaye8bGsAAAAHc3NoLXJzYQAAAgEAu51dX64iiHqkd0M/Z+22RbL5\nkyaVy2qqU3BQ6v6PKnJYBAWXROVi9BKlP7qTW+X5w0yNzbWFLKMx5Qp+fmI+pMMA\nyrFx8bchg/YlAk3AsF2ZX+FVhet2q7qM7FBZNFf+oQ13/0qxoyiPKpatfSPfMrAb\n9zCjJppRQavgCWc80t1fzxQ6jvtz1IC3X7xs3UyC0lNOpO9gLcpym2W0bYjYbOLq\nPC6nAPSpfxjL0pfG7N3zBJMCHE0eG0N0+TTuWUbuRST0+tIet4ZdOwzjJ5V/Xsyi\nWBcT2gvJTT79LQITOR48Siq6tEcl1jr4kz/qRV+2dGuxFkIn1z6NQZkfw0TxcavC\nKuHdAy1DmVMKxr+fSBmgwfKHcCoJwJnUe6UvRX4Nt71m/Z4AG3ZKFKj+vHofv/+8\nBJGdDLJ9E24oCA3cUuEBs3nJedNb/ABdQQn96uavnss/PCfM5K/ODUJOxxoNA9VW\nQ05FeNS4LAdXiblFBEeAXptohM2Np4tW2N+G1xK+x1PvMPwQVQRW2Ez/euycWIhX\nh4M20VNDWSv9SiHprfDVJVaYYZ4T3azoWVFRTEb1mpa6W752XpmFm9cWBKN/tPIO\ndycsNuXTy5D2e3aWoxdXrvx+hhdzPPHmSco7xHnXdCYVtuCFz6XT0OSXFjttx7IN\nSy0D9oMSSaXOSBezyTUAAAADAQABAAACABDEWpDvfhSWaVZjQyplmzGVciqNezun\nt7snQYQO5fqUJ3uMiF1W5sYLWItegEbpQa4LjGzC+TjpCM+AZZej7hdJeiujOhyx\nEiS5/cq76imY49kmyT7jsUJdtLR15dMAvjfkfUHqif+b41eaCb0yVIMyK/2mch5E\nElj9JFOSz2PE9wgJtcYLgOmP61N6Anywlsx3N4MUBZNyEVYD++ECJt1sViS0wqYa\nN3+tVqHmgJewqkRRYxHmbndfSvfunBKMfUTeraow1x/tuS1K1I44FR8CyMt4nIST\nIxVtOLEqC0/CfP7f3Lm51g7UTFzUjHpQuHylFzl3Bhp9c6BWL/mCktU/lxQtbF5G\nutsgJgf1EEBUi8ix1kbF82wmVyqB0o6knwzQyyX5I7ppsZgIPsYqUaYSUdKJVhJR\nT7S7pADEgDy3yIltAqygo6R+3Zofw2+wpyJZ5uNMM8CkM6ZhDr8SVmfbqeQa4/4o\n+pIcYlDmMEv2qGiSSVm2+GB3Os+eFOpzVvojtAuRr4uxARNUMoOACZv9SR2pL6Si\ndzY3qmeUlZsIJ1PSQ9+WnYGfyYB/X1ruCkcOlcOxNCQM2hBXv5QhMCNZx7iUF4dw\nQ2nIn0l42zsEkte+/qt3LqLZpSZdYVingDHYNRoX74NyR7QIlsYzv3RkAvRVU0fd\nzJLvo29aI+ChAAABAFmgrNzUSO2OOTlJSl1btbUjRSf4yWGo/IyeQS1bOQCuV4TH\n8l1zjCSDWwuzD84BZD1P4xV/1iPTm70twCg14vXs8mHvMJqBIr0RXH5Z3S9poOAm\nSNMQP2BOMM2JNN521kC7Cw0omPgFCA8n+e6PlGA2fDgZkF3eMpLVVlzMvS+5wi92\nGZjp/wN4hA0/rVSjJybgVrswrpqnn+FovrPJXlF80V2HNKiBSwSv8B84lSp7ZE0A\n5Swt7qn1yQdQQe06iJzuKYtOOiQFDVCh5L2mwsX3V7xMt+WKZ6+zeHhJZ6x4601e\ngsgmTDslvsbL/yW2vVB6ngGUUQsLXb1sJ5wImt0AAAEBAM5WgM+xx3Uu5vn8Wb73\njrPrbv/yWb4B20wSkpcqZRufh61lcu97mEPjNTrN56JNalDweG2T55SMo9wBkxsY\n4iCDR21z8UjSDfD2Qadd4KvjZe6kbKOGPfnLLRevMr0hXi90DHR5XQzJvaASTzPt\nDTZGImi83FW1Z+J8IKQeDBkjckWJA2HOOnUUwbMCeX+24lXAOzMn4BvtDpItS+6O\n+Ub6WihzH+DTbuo1J+sijkO3M2XDRxrNwmGiNf6F80U970jvltnOqs7g2xMwHWns\nNO3AbPx4Mq30FwyWmnFA1nRVRrj/H37TQ8pAsS6X/hQI/VM2dzjmpuz/bI9S0j74\nCFkAAAEBAOjFO6RDHHaZk5O0xngwQII+sF50t3o6Pk3rIlAw06hVYtCWNEH1hKoe\nao+uCbnjtqxO8Ozkk4HxZT2WBsf5BHEQh7ERDuMUhffiCYJ2zZotV4sfMdAbmvSW\nwmnziaaXiyhdOEJMvXWj55Ckw0MpGmK6NAms7PH2Qdy5YHhnJwOCh1W5H+8A9jbC\nRTn3xhbJOZQkvaKnZ6k/ch5aUbpRUz9/GDZVFIYACiy7IqzHLxGokQa0+z8BaiD6\n54l0Ox6xd5nc/fHV2myUhvpMBgO38RPftlvhrZbGLDielAG1Cd7VS7LOMnUT0xFU\nWEzuDqV2tHPCqc50ac7JtRXaqFkurD0AAAAAAQID\n-----END OPENSSH PRIVATE KEY-----\n",
            "private_key_pem": "-----BEGIN RSA PRIVATE KEY-----\nMIIJJwIBAAKCAgEAu51dX64iiHqkd0M/Z+22RbL5kyaVy2qqU3BQ6v6PKnJYBAWX\nROVi9BKlP7qTW+X5w0yNzbWFLKMx5Qp+fmI+pMMAyrFx8bchg/YlAk3AsF2ZX+FV\nhet2q7qM7FBZNFf+oQ13/0qxoyiPKpatfSPfMrAb9zCjJppRQavgCWc80t1fzxQ6\njvtz1IC3X7xs3UyC0lNOpO9gLcpym2W0bYjYbOLqPC6nAPSpfxjL0pfG7N3zBJMC\nHE0eG0N0+TTuWUbuRST0+tIet4ZdOwzjJ5V/XsyiWBcT2gvJTT79LQITOR48Siq6\ntEcl1jr4kz/qRV+2dGuxFkIn1z6NQZkfw0TxcavCKuHdAy1DmVMKxr+fSBmgwfKH\ncCoJwJnUe6UvRX4Nt71m/Z4AG3ZKFKj+vHofv/+8BJGdDLJ9E24oCA3cUuEBs3nJ\nedNb/ABdQQn96uavnss/PCfM5K/ODUJOxxoNA9VWQ05FeNS4LAdXiblFBEeAXpto\nhM2Np4tW2N+G1xK+x1PvMPwQVQRW2Ez/euycWIhXh4M20VNDWSv9SiHprfDVJVaY\nYZ4T3azoWVFRTEb1mpa6W752XpmFm9cWBKN/tPIOdycsNuXTy5D2e3aWoxdXrvx+\nhhdzPPHmSco7xHnXdCYVtuCFz6XT0OSXFjttx7INSy0D9oMSSaXOSBezyTUCAwEA\nAQKCAgAQxFqQ734UlmlWY0MqZZsxlXIqjXs7p7e7J0GEDuX6lCd7jIhdVubGC1iL\nXoBG6UGuC4xswvk46QjPgGWXo+4XSXorozocsRIkuf3Ku+opmOPZJsk+47FCXbS0\ndeXTAL435H1B6on/m+NXmgm9MlSDMiv9pnIeRBJY/SRTks9jxPcICbXGC4Dpj+tT\negJ8sJbMdzeDFAWTchFWA/vhAibdbFYktMKmGjd/rVah5oCXsKpEUWMR5m53X0r3\n7pwSjH1E3q2qMNcf7bktStSOOBUfAsjLeJyEkyMVbTixKgtPwnz+39y5udYO1Exc\n1Ix6ULh8pRc5dwYafXOgVi/5gpLVP5cULWxeRrrbICYH9RBAVIvIsdZGxfNsJlcq\ngdKOpJ8M0Msl+SO6abGYCD7GKlGmElHSiVYSUU+0u6QAxIA8t8iJbQKsoKOkft2a\nH8NvsKciWebjTDPApDOmYQ6/ElZn26nkGuP+KPqSHGJQ5jBL9qhokklZtvhgdzrP\nnhTqc1b6I7QLka+LsQETVDKDgAmb/UkdqS+konc2N6pnlJWbCCdT0kPflp2Bn8mA\nf19a7gpHDpXDsTQkDNoQV7+UITAjWce4lBeHcENpyJ9JeNs7BJLXvv6rdy6i2aUm\nXWFYp4Ax2DUaF++Dcke0CJbGM790ZAL0VVNH3cyS76NvWiPgoQKCAQEAzlaAz7HH\ndS7m+fxZvveOs+tu//JZvgHbTBKSlyplG5+HrWVy73uYQ+M1Os3nok1qUPB4bZPn\nlIyj3AGTGxjiIINHbXPxSNIN8PZBp13gq+Nl7qRso4Y9+cstF68yvSFeL3QMdHld\nDMm9oBJPM+0NNkYiaLzcVbVn4nwgpB4MGSNyRYkDYc46dRTBswJ5f7biVcA7Myfg\nG+0Oki1L7o75RvpaKHMf4NNu6jUn6yKOQ7czZcNHGs3CYaI1/oXzRT3vSO+W2c6q\nzuDbEzAdaew07cBs/HgyrfQXDJaacUDWdFVGuP8fftNDykCxLpf+FAj9UzZ3OOam\n7P9sj1LSPvgIWQKCAQEA6MU7pEMcdpmTk7TGeDBAgj6wXnS3ejo+TesiUDDTqFVi\n0JY0QfWEqh5qj64JueO2rE7w7OSTgfFlPZYGx/kEcRCHsREO4xSF9+IJgnbNmi1X\nix8x0Bua9JbCafOJppeLKF04Qky9daPnkKTDQykaYro0Cazs8fZB3LlgeGcnA4KH\nVbkf7wD2NsJFOffGFsk5lCS9oqdnqT9yHlpRulFTP38YNlUUhgAKLLsirMcvEaiR\nBrT7PwFqIPrniXQ7HrF3mdz98dXabJSG+kwGA7fxE9+2W+GtlsYsOJ6UAbUJ3tVL\nss4ydRPTEVRYTO4OpXa0c8KpznRpzsm1FdqoWS6sPQKCAQBbx5BuUfaVgjJNWdkV\nn4oDL6LlCAixAqRn9w7rXHkyy0gPccOpEIHPGJ5RtMrmn6a9r+jxXMuygMhWEQE9\nGVlj+uDnp53YtU5sMy1K4/AOpQxvFQYZypmApcY99bkM9W2uj+EGYgFosce+Dsba\nIwQwcwvVKMSc/x7hWDMwrQjWmbS3h1VQyOmpsHzkQiKHE3Mjj2kFvSPraAuGK83N\npBzvXGaD/YldeM6qMNC7v1gmeLPM/QqAuqtOwFdiCnUGBKGOALxJz6qccNohc9Jx\njhaQ9nnD5zcrtxoViFvUKnH5twDJQvngcNqDeTkWr5bdlI4R2HU5gycW3hqMuds5\nFRypAoIBAA10OPpJlr+UKN+Et2QDBfeBQBh1jpVWAHvod1dDOzijls6Pn/2f/0cF\n8wrS+GTyMIDNH0fR/mSoWz2wCjxMvGD8n5swbTfa29N0ETClRUUAEetMpkhtEAvL\nGvmcxfwHDlgK61GJtfmyu5O0skSTf57tPEzC3f8uSKhFXroW3D5rsP7XcG0UFScd\nG3s6QwzWHKnfZcac/nTd4e63MbofMTyeT/vz9ve30N69AkgSSzouEBPfKhZ+MnAt\nkGx1d2VSxKL0DwmHXtSf0R1uf3p/i0OmzpeI98ubMLslD1D58dQbaACxwmDaAH0j\n7uaja91MeymlusLgH62AIyNcPBbLh9ECggEAWaCs3NRI7Y45OUlKXVu1tSNFJ/jJ\nYaj8jJ5BLVs5AK5XhMfyXXOMJINbC7MPzgFkPU/jFX/WI9ObvS3AKDXi9ezyYe8w\nmoEivRFcflndL2mg4CZI0xA/YE4wzYk03nbWQLsLDSiY+AUIDyf57o+UYDZ8OBmQ\nXd4yktVWXMy9L7nCL3YZmOn/A3iEDT+tVKMnJuBWuzCumqef4Wi+s8leUXzRXYc0\nqIFLBK/wHziVKntkTQDlLC3uqfXJB1BB7TqInO4pi046JAUNUKHkvabCxfdXvEy3\n5Ypnr7N4eElnrHjrTV6CyCZMOyW+xsv/Jba9UHqeAZRRCwtdvWwnnAia3Q==\n-----END RSA PRIVATE KEY-----\n",
            "private_key_pem_pkcs8": "-----BEGIN PRIVATE KEY-----\nMIIJQQIBADANBgkqhkiG9w0BAQEFAASCCSswggknAgEAAoICAQC7nV1friKIeqR3\nQz9n7bZFsvmTJpXLaqpTcFDq/o8qclgEBZdE5WL0EqU/upNb5fnDTI3NtYUsozHl\nCn5+Yj6kwwDKsXHxtyGD9iUCTcCwXZlf4VWF63aruozsUFk0V/6hDXf/SrGjKI8q\nlq19I98ysBv3MKMmmlFBq+AJZzzS3V/PFDqO+3PUgLdfvGzdTILSU06k72AtynKb\nZbRtiNhs4uo8LqcA9Kl/GMvSl8bs3fMEkwIcTR4bQ3T5NO5ZRu5FJPT60h63hl07\nDOMnlX9ezKJYFxPaC8lNPv0tAhM5HjxKKrq0RyXWOviTP+pFX7Z0a7EWQifXPo1B\nmR/DRPFxq8Iq4d0DLUOZUwrGv59IGaDB8odwKgnAmdR7pS9Ffg23vWb9ngAbdkoU\nqP68eh+//7wEkZ0Msn0TbigIDdxS4QGzecl501v8AF1BCf3q5q+eyz88J8zkr84N\nQk7HGg0D1VZDTkV41LgsB1eJuUUER4Bem2iEzY2ni1bY34bXEr7HU+8w/BBVBFbY\nTP967JxYiFeHgzbRU0NZK/1KIemt8NUlVphhnhPdrOhZUVFMRvWalrpbvnZemYWb\n1xYEo3+08g53Jyw25dPLkPZ7dpajF1eu/H6GF3M88eZJyjvEedd0JhW24IXPpdPQ\n5JcWO23Hsg1LLQP2gxJJpc5IF7PJNQIDAQABAoICABDEWpDvfhSWaVZjQyplmzGV\nciqNezunt7snQYQO5fqUJ3uMiF1W5sYLWItegEbpQa4LjGzC+TjpCM+AZZej7hdJ\neiujOhyxEiS5/cq76imY49kmyT7jsUJdtLR15dMAvjfkfUHqif+b41eaCb0yVIMy\nK/2mch5EElj9JFOSz2PE9wgJtcYLgOmP61N6Anywlsx3N4MUBZNyEVYD++ECJt1s\nViS0wqYaN3+tVqHmgJewqkRRYxHmbndfSvfunBKMfUTeraow1x/tuS1K1I44FR8C\nyMt4nISTIxVtOLEqC0/CfP7f3Lm51g7UTFzUjHpQuHylFzl3Bhp9c6BWL/mCktU/\nlxQtbF5GutsgJgf1EEBUi8ix1kbF82wmVyqB0o6knwzQyyX5I7ppsZgIPsYqUaYS\nUdKJVhJRT7S7pADEgDy3yIltAqygo6R+3Zofw2+wpyJZ5uNMM8CkM6ZhDr8SVmfb\nqeQa4/4o+pIcYlDmMEv2qGiSSVm2+GB3Os+eFOpzVvojtAuRr4uxARNUMoOACZv9\nSR2pL6SidzY3qmeUlZsIJ1PSQ9+WnYGfyYB/X1ruCkcOlcOxNCQM2hBXv5QhMCNZ\nx7iUF4dwQ2nIn0l42zsEkte+/qt3LqLZpSZdYVingDHYNRoX74NyR7QIlsYzv3Rk\nAvRVU0fdzJLvo29aI+ChAoIBAQDOVoDPscd1Lub5/Fm+946z627/8lm+AdtMEpKX\nKmUbn4etZXLve5hD4zU6zeeiTWpQ8Hhtk+eUjKPcAZMbGOIgg0dtc/FI0g3w9kGn\nXeCr42XupGyjhj35yy0XrzK9IV4vdAx0eV0Myb2gEk8z7Q02RiJovNxVtWfifCCk\nHgwZI3JFiQNhzjp1FMGzAnl/tuJVwDszJ+Ab7Q6SLUvujvlG+loocx/g027qNSfr\nIo5DtzNlw0cazcJhojX+hfNFPe9I75bZzqrO4NsTMB1p7DTtwGz8eDKt9BcMlppx\nQNZ0VUa4/x9+00PKQLEul/4UCP1TNnc45qbs/2yPUtI++AhZAoIBAQDoxTukQxx2\nmZOTtMZ4MECCPrBedLd6Oj5N6yJQMNOoVWLQljRB9YSqHmqPrgm547asTvDs5JOB\n8WU9lgbH+QRxEIexEQ7jFIX34gmCds2aLVeLHzHQG5r0lsJp84mml4soXThCTL11\no+eQpMNDKRpiujQJrOzx9kHcuWB4ZycDgodVuR/vAPY2wkU598YWyTmUJL2ip2ep\nP3IeWlG6UVM/fxg2VRSGAAosuyKsxy8RqJEGtPs/AWog+ueJdDsesXeZ3P3x1dps\nlIb6TAYDt/ET37Zb4a2Wxiw4npQBtQne1UuyzjJ1E9MRVFhM7g6ldrRzwqnOdGnO\nybUV2qhZLqw9AoIBAFvHkG5R9pWCMk1Z2RWfigMvouUICLECpGf3DutceTLLSA9x\nw6kQgc8YnlG0yuafpr2v6PFcy7KAyFYRAT0ZWWP64Oenndi1TmwzLUrj8A6lDG8V\nBhnKmYClxj31uQz1ba6P4QZiAWixx74OxtojBDBzC9UoxJz/HuFYMzCtCNaZtLeH\nVVDI6amwfORCIocTcyOPaQW9I+toC4Yrzc2kHO9cZoP9iV14zqow0Lu/WCZ4s8z9\nCoC6q07AV2IKdQYEoY4AvEnPqpxw2iFz0nGOFpD2ecPnNyu3GhWIW9Qqcfm3AMlC\n+eBw2oN5ORavlt2UjhHYdTmDJxbeGoy52zkVHKkCggEADXQ4+kmWv5Qo34S3ZAMF\n94FAGHWOlVYAe+h3V0M7OKOWzo+f/Z//RwXzCtL4ZPIwgM0fR9H+ZKhbPbAKPEy8\nYPyfmzBtN9rb03QRMKVFRQAR60ymSG0QC8sa+ZzF/AcOWArrUYm1+bK7k7SyRJN/\nnu08TMLd/y5IqEVeuhbcPmuw/tdwbRQVJx0bezpDDNYcqd9lxpz+dN3h7rcxuh8x\nPJ5P+/P297fQ3r0CSBJLOi4QE98qFn4ycC2QbHV3ZVLEovQPCYde1J/RHW5/en+L\nQ6bOl4j3y5swuyUPUPnx1BtoALHCYNoAfSPu5qNr3Ux7KaW6wuAfrYAjI1w8FsuH\n0QKCAQBZoKzc1Ejtjjk5SUpdW7W1I0Un+MlhqPyMnkEtWzkArleEx/Jdc4wkg1sL\nsw/OAWQ9T+MVf9Yj05u9LcAoNeL17PJh7zCagSK9EVx+Wd0vaaDgJkjTED9gTjDN\niTTedtZAuwsNKJj4BQgPJ/nuj5RgNnw4GZBd3jKS1VZczL0vucIvdhmY6f8DeIQN\nP61Uoycm4Fa7MK6ap5/haL6zyV5RfNFdhzSogUsEr/AfOJUqe2RNAOUsLe6p9ckH\nUEHtOoic7imLTjokBQ1QoeS9psLF91e8TLflimevs3h4SWeseOtNXoLIJkw7Jb7G\ny/8ltr1Qep4BlFELC129bCecCJrd\n-----END PRIVATE KEY-----\n",
            "public_key_fingerprint_md5": "ad:ff:ee:7e:37:5a:b4:2e:9a:e2:25:27:c7:4c:b4:14",
            "public_key_fingerprint_sha256": "SHA256:xXvij31LZg0DMDaMbDKG+Z7OcsOwj/tov2TJj/lDWRY",
            "public_key_openssh": "ssh-rsa AAAAB3NzaC1yc2EAAAADAQABAAACAQC7nV1friKIeqR3Qz9n7bZFsvmTJpXLaqpTcFDq/o8qclgEBZdE5WL0EqU/upNb5fnDTI3NtYUsozHlCn5+Yj6kwwDKsXHxtyGD9iUCTcCwXZlf4VWF63aruozsUFk0V/6hDXf/SrGjKI8qlq19I98ysBv3MKMmmlFBq+AJZzzS3V/PFDqO+3PUgLdfvGzdTILSU06k72AtynKbZbRtiNhs4uo8LqcA9Kl/GMvSl8bs3fMEkwIcTR4bQ3T5NO5ZRu5FJPT60h63hl07DOMnlX9ezKJYFxPaC8lNPv0tAhM5HjxKKrq0RyXWOviTP+pFX7Z0a7EWQifXPo1BmR/DRPFxq8Iq4d0DLUOZUwrGv59IGaDB8odwKgnAmdR7pS9Ffg23vWb9ngAbdkoUqP68eh+//7wEkZ0Msn0TbigIDdxS4QGzecl501v8AF1BCf3q5q+eyz88J8zkr84NQk7HGg0D1VZDTkV41LgsB1eJuUUER4Bem2iEzY2ni1bY34bXEr7HU+8w/BBVBFbYTP967JxYiFeHgzbRU0NZK/1KIemt8NUlVphhnhPdrOhZUVFMRvWalrpbvnZemYWb1xYEo3+08g53Jyw25dPLkPZ7dpajF1eu/H6GF3M88eZJyjvEedd0JhW24IXPpdPQ5JcWO23Hsg1LLQP2gxJJpc5IF7PJNQ==\n",
            "public_key_pem": "-----BEGIN PUBLIC KEY-----\nMIICIjANBgkqhkiG9w0BAQEFAAOCAg8AMIICCgKCAgEAu51dX64iiHqkd0M/Z+22\nRbL5kyaVy2qqU3BQ6v6PKnJYBAWXROVi9BKlP7qTW+X5w0yNzbWFLKMx5Qp+fmI+\npMMAyrFx8bchg/YlAk3AsF2ZX+FVhet2q7qM7FBZNFf+oQ13/0qxoyiPKpatfSPf\nMrAb9zCjJppRQavgCWc80t1fzxQ6jvtz1IC3X7xs3UyC0lNOpO9gLcpym2W0bYjY\nbOLqPC6nAPSpfxjL0pfG7N3zBJMCHE0eG0N0+TTuWUbuRST0+tIet4ZdOwzjJ5V/\nXsyiWBcT2gvJTT79LQITOR48Siq6tEcl1jr4kz/qRV+2dGuxFkIn1z6NQZkfw0Tx\ncavCKuHdAy1DmVMKxr+fSBmgwfKHcCoJwJnUe6UvRX4Nt71m/Z4AG3ZKFKj+vHof\nv/+8BJGdDLJ9E24oCA3cUuEBs3nJedNb/ABdQQn96uavnss/PCfM5K/ODUJOxxoN\nA9VWQ05FeNS4LAdXiblFBEeAXptohM2Np4tW2N+G1xK+x1PvMPwQVQRW2Ez/euyc\nWIhXh4M20VNDWSv9SiHprfDVJVaYYZ4T3azoWVFRTEb1mpa6W752XpmFm9cWBKN/\ntPIOdycsNuXTy5D2e3aWoxdXrvx+hhdzPPHmSco7xHnXdCYVtuCFz6XT0OSXFjtt\nx7INSy0D9oMSSaXOSBezyTUCAwEAAQ==\n-----END PUBLIC KEY-----\n",
            "rsa_bits": 4096
          },
          "sensitive_attributes": [
            [
              {
                "type": "get_attr",
                "value": "private_key_pem"
              }
            ],
            [
              {
                "type": "get_attr",
                "value": "private_key_pem_pkcs8"
              }
            ],
            [
              {
                "type": "get_attr",
                "value": "private_key_openssh"
              }
            ]
          ]
        }
      ]
    }
  ],
  "check_results": null
}
