{
  "version": 4,
  "terraform_version": "1.8.0",
  "serial": 3630,
  "lineage": "3c48e02a-f525-aac9-9675-203f95819f8c",
  "outputs": {
    "public_dns": {
      "value": "",
      "type": "string"
    },
    "public_ip": {
      "value": "54.93.243.102",
      "type": "string"
    },
    "region": {
      "value": "eu-central-1",
      "type": "string"
    }
  },
  "resources": [
    {
      "mode": "managed",
      "type": "aws_instance",
      "name": "django",
      "provider": "provider[\"registry.terraform.io/hashicorp/aws\"]",
      "instances": [
        {
          "schema_version": 1,
          "attributes": {
            "ami": "ami-0f7204385566b32d0",
            "arn": "arn:aws:ec2:eu-central-1:730335597556:instance/i-05a477b8f45d25913",
            "associate_public_ip_address": true,
            "availability_zone": "eu-central-1a",
            "capacity_reservation_specification": [
              {
                "capacity_reservation_preference": "open",
                "capacity_reservation_target": []
              }
            ],
            "cpu_core_count": 1,
            "cpu_options": [
              {
                "amd_sev_snp": "",
                "core_count": 1,
                "threads_per_core": 1
              }
            ],
            "cpu_threads_per_core": 1,
            "credit_specification": [
              {
                "cpu_credits": "standard"
              }
            ],
            "disable_api_stop": false,
            "disable_api_termination": false,
            "ebs_block_device": [],
            "ebs_optimized": false,
            "enclave_options": [
              {
                "enabled": false
              }
            ],
            "ephemeral_block_device": [],
            "get_password_data": false,
            "hibernation": false,
            "host_id": "",
            "host_resource_group_arn": null,
            "iam_instance_profile": "",
            "id": "i-05a477b8f45d25913",
            "instance_initiated_shutdown_behavior": "stop",
            "instance_lifecycle": "",
            "instance_market_options": [],
            "instance_state": "running",
            "instance_type": "t2.micro",
            "ipv6_address_count": 0,
            "ipv6_addresses": [],
            "key_name": "EC2-django",
            "launch_template": [],
            "maintenance_options": [
              {
                "auto_recovery": "default"
              }
            ],
            "metadata_options": [
              {
                "http_endpoint": "enabled",
                "http_protocol_ipv6": "disabled",
                "http_put_response_hop_limit": 2,
                "http_tokens": "required",
                "instance_metadata_tags": "disabled"
              }
            ],
            "monitoring": false,
            "network_interface": [],
            "outpost_arn": "",
            "password_data": "",
            "placement_group": "",
            "placement_partition_number": 0,
            "primary_network_interface_id": "eni-0313d89e538aa4198",
            "private_dns": "ip-192-168-1-130.eu-central-1.compute.internal",
            "private_dns_name_options": [
              {
                "enable_resource_name_dns_a_record": false,
                "enable_resource_name_dns_aaaa_record": false,
                "hostname_type": "ip-name"
              }
            ],
            "private_ip": "192.168.1.130",
            "public_dns": "",
            "public_ip": "54.93.243.102",
            "root_block_device": [
              {
                "delete_on_termination": true,
                "device_name": "/dev/xvda",
                "encrypted": false,
                "iops": 3000,
                "kms_key_id": "",
                "tags": {},
                "tags_all": {},
                "throughput": 125,
                "volume_id": "vol-03f2eec392a271477",
                "volume_size": 8,
                "volume_type": "gp3"
              }
            ],
            "secondary_private_ips": [],
            "security_groups": [],
            "source_dest_check": true,
            "spot_instance_request_id": "",
            "subnet_id": "subnet-02ada774d346b2e56",
            "tags": {
              "Name": "web-production"
            },
            "tags_all": {
              "Name": "web-production"
            },
            "tenancy": "default",
            "timeouts": null,
            "user_data": null,
            "user_data_base64": null,
            "user_data_replace_on_change": false,
            "volume_tags": null,
            "vpc_security_group_ids": [
              "sg-0106c0b2fd9b58dfd"
            ]
          },
          "sensitive_attributes": [],
          "private": "eyJlMmJmYjczMC1lY2FhLTExZTYtOGY4OC0zNDM2M2JjN2M0YzAiOnsiY3JlYXRlIjo2MDAwMDAwMDAwMDAsImRlbGV0ZSI6MTIwMDAwMDAwMDAwMCwicmVhZCI6OTAwMDAwMDAwMDAwLCJ1cGRhdGUiOjYwMDAwMDAwMDAwMH0sInNjaGVtYV92ZXJzaW9uIjoiMSJ9",
          "dependencies": [
            "aws_key_pair.ssh_key",
            "aws_security_group.allow_ssh",
            "aws_subnet.public_subnet",
            "aws_vpc.my_vpc",
            "tls_private_key.ec2_key"
          ]
        }
      ]
    },
    {
      "mode": "managed",
      "type": "aws_internet_gateway",
      "name": "gw1",
      "provider": "provider[\"registry.terraform.io/hashicorp/aws\"]",
      "instances": [
        {
          "schema_version": 0,
          "attributes": {
            "arn": "arn:aws:ec2:eu-central-1:730335597556:internet-gateway/igw-0c705c3fa6444ddd5",
            "id": "igw-0c705c3fa6444ddd5",
            "owner_id": "730335597556",
            "tags": {
              "Name": "IGW_production"
            },
            "tags_all": {
              "Name": "IGW_production"
            },
            "timeouts": null,
            "vpc_id": "vpc-0423c74c8c3bb8f02"
          },
          "sensitive_attributes": [],
          "private": "eyJlMmJmYjczMC1lY2FhLTExZTYtOGY4OC0zNDM2M2JjN2M0YzAiOnsiY3JlYXRlIjoxMjAwMDAwMDAwMDAwLCJkZWxldGUiOjEyMDAwMDAwMDAwMDAsInVwZGF0ZSI6MTIwMDAwMDAwMDAwMH19",
          "dependencies": [
            "aws_vpc.my_vpc"
          ]
        }
      ]
    },
    {
      "mode": "managed",
      "type": "aws_key_pair",
      "name": "ssh_key",
      "provider": "provider[\"registry.terraform.io/hashicorp/aws\"]",
      "instances": [
        {
          "schema_version": 1,
          "attributes": {
            "arn": "arn:aws:ec2:eu-central-1:730335597556:key-pair/EC2-django",
            "fingerprint": "20:2f:4b:79:2c:07:59:38:57:1c:ec:f6:93:4f:d0:9c",
            "id": "EC2-django",
            "key_name": "EC2-django",
            "key_name_prefix": "",
            "key_pair_id": "key-091d882429a6696d4",
            "key_type": "rsa",
            "public_key": "ssh-rsa AAAAB3NzaC1yc2EAAAADAQABAAACAQDgwu2KW5F8OHcxuR/ABy8XTpyso8m54XfxGNj2Cz4RVaWphB1QC7LrzSteHKIKtnTsPeBFaVdu3SSKP9jFcio5xdjGGqs2S7kTJuqDgalxPZ25sLQU/Tu9mZ09zXpVAG4zZXbW/vTCWiwB4QHO79Kie0wbm7VeN6MePUdrlIvtGrWidrcklQnAS17NynU2LZWEReZMPe2HskPCaotNje8dFtYVJa82lxdNrBZjXlZU+1yIyP0uj8G8lAUPfvU+aoiVER0hOdjWq8oLeQi68QCCtFDXYp89iCKNfI/JHEQ/i3obn2vkeGyYkz14F2tDA55Bt7jaGbE5+JkE1JkvrdTbXOy31ZvIwosqKIoae31BJMqK0UQSb6ucq3EGhGdo2Ozxl6Of6G5FR4tef1Usyb2xtJviwY/NpnqEXUqvV9bLYN+hjvkaplW8wkXKwcVcZl9WibUd9oiad5u4oZ3lHJfvBhMg1Av/rS4ce4060UtMxhsfldnPRlTsGMQRz0oZ4XU6IeRPkRgfbBuRvY0h0xny9RJ9HTM9uMyFju5h1z+Vck/iMsdxbFyrQdfHCyAveyuB1p5y7IFIxRauNc6D4CVrCq1JC7Rv1JJe9Fdo6dvFnVvFULyKmaH5dgNvGr8X2eoEoC2gDt1XyCgz/wBQlfhxIGn/ZLuHBgSAjt1PC5UXQQ==",
            "tags": null,
            "tags_all": {}
          },
          "sensitive_attributes": [],
          "private": "eyJzY2hlbWFfdmVyc2lvbiI6IjEifQ==",
          "dependencies": [
            "tls_private_key.ec2_key"
          ]
        }
      ]
    },
    {
      "mode": "managed",
      "type": "aws_route_table",
      "name": "private_route_table",
      "provider": "provider[\"registry.terraform.io/hashicorp/aws\"]",
      "instances": [
        {
          "schema_version": 0,
          "attributes": {
            "arn": "arn:aws:ec2:eu-central-1:730335597556:route-table/rtb-096dce7700ffba0e7",
            "id": "rtb-096dce7700ffba0e7",
            "owner_id": "730335597556",
            "propagating_vgws": [],
            "route": [],
            "tags": {
              "Name": "Private Route Table"
            },
            "tags_all": {
              "Name": "Private Route Table"
            },
            "timeouts": null,
            "vpc_id": "vpc-0423c74c8c3bb8f02"
          },
          "sensitive_attributes": [],
          "private": "eyJlMmJmYjczMC1lY2FhLTExZTYtOGY4OC0zNDM2M2JjN2M0YzAiOnsiY3JlYXRlIjozMDAwMDAwMDAwMDAsImRlbGV0ZSI6MzAwMDAwMDAwMDAwLCJ1cGRhdGUiOjEyMDAwMDAwMDAwMH19",
          "dependencies": [
            "aws_vpc.my_vpc"
          ]
        }
      ]
    },
    {
      "mode": "managed",
      "type": "aws_route_table",
      "name": "public_route_table",
      "provider": "provider[\"registry.terraform.io/hashicorp/aws\"]",
      "instances": [
        {
          "schema_version": 0,
          "attributes": {
            "arn": "arn:aws:ec2:eu-central-1:730335597556:route-table/rtb-0f656f215de408396",
            "id": "rtb-0f656f215de408396",
            "owner_id": "730335597556",
            "propagating_vgws": [],
            "route": [
              {
                "carrier_gateway_id": "",
                "cidr_block": "0.0.0.0/0",
                "core_network_arn": "",
                "destination_prefix_list_id": "",
                "egress_only_gateway_id": "",
                "gateway_id": "igw-0c705c3fa6444ddd5",
                "ipv6_cidr_block": "",
                "local_gateway_id": "",
                "nat_gateway_id": "",
                "network_interface_id": "",
                "transit_gateway_id": "",
                "vpc_endpoint_id": "",
                "vpc_peering_connection_id": ""
              }
            ],
            "tags": {
              "Name": "Public Route Table"
            },
            "tags_all": {
              "Name": "Public Route Table"
            },
            "timeouts": null,
            "vpc_id": "vpc-0423c74c8c3bb8f02"
          },
          "sensitive_attributes": [],
          "private": "eyJlMmJmYjczMC1lY2FhLTExZTYtOGY4OC0zNDM2M2JjN2M0YzAiOnsiY3JlYXRlIjozMDAwMDAwMDAwMDAsImRlbGV0ZSI6MzAwMDAwMDAwMDAwLCJ1cGRhdGUiOjEyMDAwMDAwMDAwMH19",
          "dependencies": [
            "aws_internet_gateway.gw1",
            "aws_vpc.my_vpc"
          ]
        }
      ]
    },
    {
      "mode": "managed",
      "type": "aws_route_table_association",
      "name": "private_association",
      "provider": "provider[\"registry.terraform.io/hashicorp/aws\"]",
      "instances": [
        {
          "schema_version": 0,
          "attributes": {
            "gateway_id": "",
            "id": "rtbassoc-004be2a8ac7ff121d",
            "route_table_id": "rtb-096dce7700ffba0e7",
            "subnet_id": "subnet-021c187ddeaa681f4",
            "timeouts": null
          },
          "sensitive_attributes": [],
          "private": "eyJlMmJmYjczMC1lY2FhLTExZTYtOGY4OC0zNDM2M2JjN2M0YzAiOnsiY3JlYXRlIjozMDAwMDAwMDAwMDAsImRlbGV0ZSI6MzAwMDAwMDAwMDAwLCJ1cGRhdGUiOjEyMDAwMDAwMDAwMH19",
          "dependencies": [
            "aws_route_table.private_route_table",
            "aws_subnet.private_subnet",
            "aws_vpc.my_vpc"
          ]
        }
      ]
    },
    {
      "mode": "managed",
      "type": "aws_route_table_association",
      "name": "public_association",
      "provider": "provider[\"registry.terraform.io/hashicorp/aws\"]",
      "instances": [
        {
          "schema_version": 0,
          "attributes": {
            "gateway_id": "",
            "id": "rtbassoc-06f452ac7413d6126",
            "route_table_id": "rtb-0f656f215de408396",
            "subnet_id": "subnet-02ada774d346b2e56",
            "timeouts": null
          },
          "sensitive_attributes": [],
          "private": "eyJlMmJmYjczMC1lY2FhLTExZTYtOGY4OC0zNDM2M2JjN2M0YzAiOnsiY3JlYXRlIjozMDAwMDAwMDAwMDAsImRlbGV0ZSI6MzAwMDAwMDAwMDAwLCJ1cGRhdGUiOjEyMDAwMDAwMDAwMH19",
          "dependencies": [
            "aws_internet_gateway.gw1",
            "aws_route_table.public_route_table",
            "aws_subnet.public_subnet",
            "aws_vpc.my_vpc"
          ]
        }
      ]
    },
    {
      "mode": "managed",
      "type": "aws_security_group",
      "name": "allow_ssh",
      "provider": "provider[\"registry.terraform.io/hashicorp/aws\"]",
      "instances": [
        {
          "schema_version": 1,
          "attributes": {
            "arn": "arn:aws:ec2:eu-central-1:730335597556:security-group/sg-0106c0b2fd9b58dfd",
            "description": "Allow inbound SSH traffic",
            "egress": [
              {
                "cidr_blocks": [
                  "0.0.0.0/0"
                ],
                "description": "",
                "from_port": 0,
                "ipv6_cidr_blocks": [],
                "prefix_list_ids": [],
                "protocol": "-1",
                "security_groups": [],
                "self": false,
                "to_port": 0
              }
            ],
            "id": "sg-0106c0b2fd9b58dfd",
            "ingress": [
              {
                "cidr_blocks": [
                  "0.0.0.0/0"
                ],
                "description": "",
                "from_port": 22,
                "ipv6_cidr_blocks": [],
                "prefix_list_ids": [],
                "protocol": "tcp",
                "security_groups": [],
                "self": false,
                "to_port": 22
              }
            ],
            "name": "allow_ssh",
            "name_prefix": "",
            "owner_id": "730335597556",
            "revoke_rules_on_delete": false,
            "tags": null,
            "tags_all": {},
            "timeouts": null,
            "vpc_id": "vpc-0423c74c8c3bb8f02"
          },
          "sensitive_attributes": [],
          "private": "eyJlMmJmYjczMC1lY2FhLTExZTYtOGY4OC0zNDM2M2JjN2M0YzAiOnsiY3JlYXRlIjo2MDAwMDAwMDAwMDAsImRlbGV0ZSI6OTAwMDAwMDAwMDAwfSwic2NoZW1hX3ZlcnNpb24iOiIxIn0=",
          "dependencies": [
            "aws_vpc.my_vpc"
          ]
        }
      ]
    },
    {
      "mode": "managed",
      "type": "aws_subnet",
      "name": "private_subnet",
      "provider": "provider[\"registry.terraform.io/hashicorp/aws\"]",
      "instances": [
        {
          "schema_version": 1,
          "attributes": {
            "arn": "arn:aws:ec2:eu-central-1:730335597556:subnet/subnet-021c187ddeaa681f4",
            "assign_ipv6_address_on_creation": false,
            "availability_zone": "eu-central-1b",
            "availability_zone_id": "euc1-az3",
            "cidr_block": "192.168.2.0/24",
            "customer_owned_ipv4_pool": "",
            "enable_dns64": false,
            "enable_lni_at_device_index": 0,
            "enable_resource_name_dns_a_record_on_launch": false,
            "enable_resource_name_dns_aaaa_record_on_launch": false,
            "id": "subnet-021c187ddeaa681f4",
            "ipv6_cidr_block": "",
            "ipv6_cidr_block_association_id": "",
            "ipv6_native": false,
            "map_customer_owned_ip_on_launch": false,
            "map_public_ip_on_launch": false,
            "outpost_arn": "",
            "owner_id": "730335597556",
            "private_dns_hostname_type_on_launch": "ip-name",
            "tags": null,
            "tags_all": {},
            "timeouts": null,
            "vpc_id": "vpc-0423c74c8c3bb8f02"
          },
          "sensitive_attributes": [],
          "private": "eyJlMmJmYjczMC1lY2FhLTExZTYtOGY4OC0zNDM2M2JjN2M0YzAiOnsiY3JlYXRlIjo2MDAwMDAwMDAwMDAsImRlbGV0ZSI6MTIwMDAwMDAwMDAwMH0sInNjaGVtYV92ZXJzaW9uIjoiMSJ9",
          "dependencies": [
            "aws_vpc.my_vpc"
          ]
        }
      ]
    },
    {
      "mode": "managed",
      "type": "aws_subnet",
      "name": "public_subnet",
      "provider": "provider[\"registry.terraform.io/hashicorp/aws\"]",
      "instances": [
        {
          "schema_version": 1,
          "attributes": {
            "arn": "arn:aws:ec2:eu-central-1:730335597556:subnet/subnet-02ada774d346b2e56",
            "assign_ipv6_address_on_creation": false,
            "availability_zone": "eu-central-1a",
            "availability_zone_id": "euc1-az2",
            "cidr_block": "192.168.1.0/24",
            "customer_owned_ipv4_pool": "",
            "enable_dns64": false,
            "enable_lni_at_device_index": 0,
            "enable_resource_name_dns_a_record_on_launch": false,
            "enable_resource_name_dns_aaaa_record_on_launch": false,
            "id": "subnet-02ada774d346b2e56",
            "ipv6_cidr_block": "",
            "ipv6_cidr_block_association_id": "",
            "ipv6_native": false,
            "map_customer_owned_ip_on_launch": false,
            "map_public_ip_on_launch": true,
            "outpost_arn": "",
            "owner_id": "730335597556",
            "private_dns_hostname_type_on_launch": "ip-name",
            "tags": null,
            "tags_all": {},
            "timeouts": null,
            "vpc_id": "vpc-0423c74c8c3bb8f02"
          },
          "sensitive_attributes": [],
          "private": "eyJlMmJmYjczMC1lY2FhLTExZTYtOGY4OC0zNDM2M2JjN2M0YzAiOnsiY3JlYXRlIjo2MDAwMDAwMDAwMDAsImRlbGV0ZSI6MTIwMDAwMDAwMDAwMH0sInNjaGVtYV92ZXJzaW9uIjoiMSJ9",
          "dependencies": [
            "aws_vpc.my_vpc"
          ]
        }
      ]
    },
    {
      "mode": "managed",
      "type": "aws_vpc",
      "name": "my_vpc",
      "provider": "provider[\"registry.terraform.io/hashicorp/aws\"]",
      "instances": [
        {
          "schema_version": 1,
          "attributes": {
            "arn": "arn:aws:ec2:eu-central-1:730335597556:vpc/vpc-0423c74c8c3bb8f02",
            "assign_generated_ipv6_cidr_block": false,
            "cidr_block": "192.168.0.0/16",
            "default_network_acl_id": "acl-0b3c711310d00032a",
            "default_route_table_id": "rtb-0282eb33d1ec744ee",
            "default_security_group_id": "sg-0700edaae89e97a28",
            "dhcp_options_id": "dopt-020b775cc649f419b",
            "enable_dns_hostnames": false,
            "enable_dns_support": true,
            "enable_network_address_usage_metrics": false,
            "id": "vpc-0423c74c8c3bb8f02",
            "instance_tenancy": "default",
            "ipv4_ipam_pool_id": null,
            "ipv4_netmask_length": null,
            "ipv6_association_id": "",
            "ipv6_cidr_block": "",
            "ipv6_cidr_block_network_border_group": "",
            "ipv6_ipam_pool_id": "",
            "ipv6_netmask_length": 0,
            "main_route_table_id": "rtb-0282eb33d1ec744ee",
            "owner_id": "730335597556",
            "tags": {
              "Name": "vpc_production"
            },
            "tags_all": {
              "Name": "vpc_production"
            }
          },
          "sensitive_attributes": [],
          "private": "eyJzY2hlbWFfdmVyc2lvbiI6IjEifQ=="
        }
      ]
    },
    {
      "mode": "managed",
      "type": "local_file",
      "name": "inventory",
      "provider": "provider[\"registry.terraform.io/hashicorp/local\"]",
      "instances": [
        {
          "schema_version": 0,
          "attributes": {
            "content": "[all]\nmyvm ansible_host=54.93.243.102\n\n[all:vars]\nansible_user=ec2-user\nregion=eu-central-1\n",
            "content_base64": null,
            "content_base64sha256": "hmoqmLFDvK8K71EMvKbTQlkysva4jNdWwgaDAAmJOjY=",
            "content_base64sha512": "W63adAwy8X3Z9jHcqfotMPDgxp8k5ObzmjZhv0l+27XioFMNYCeR4TBNiGisLSKN91aAMGrJkWhmGMzhNxBhcg==",
            "content_md5": "be1f850096a572a99380cbef16f1fa3a",
            "content_sha1": "ab9440216344c5185d73a517aa8eb3cb4a87c69f",
            "content_sha256": "866a2a98b143bcaf0aef510cbca6d3425932b2f6b88cd756c206830009893a36",
            "content_sha512": "5badda740c32f17dd9f631dca9fa2d30f0e0c69f24e4e6f39a3661bf497edbb5e2a0530d602791e1304d8868ac2d228df75680306ac991686618cce137106172",
            "directory_permission": "0777",
            "file_permission": "0640",
            "filename": "../ansible/inventory/ansible-inventory",
            "id": "ab9440216344c5185d73a517aa8eb3cb4a87c69f",
            "sensitive_content": null,
            "source": null
          },
          "sensitive_attributes": [
            [
              {
                "type": "get_attr",
                "value": "sensitive_content"
              }
            ]
          ],
          "dependencies": [
            "aws_instance.django",
            "aws_key_pair.ssh_key",
            "aws_security_group.allow_ssh",
            "aws_subnet.public_subnet",
            "aws_vpc.my_vpc",
            "tls_private_key.ec2_key"
          ]
        }
      ]
    },
    {
      "mode": "managed",
      "type": "local_sensitive_file",
      "name": "pem_files",
      "provider": "provider[\"registry.terraform.io/hashicorp/local\"]",
      "instances": [
        {
          "schema_version": 0,
          "attributes": {
            "content": "-----BEGIN RSA PRIVATE KEY-----\nMIIJKQIBAAKCAgEA4MLtiluRfDh3MbkfwAcvF06crKPJueF38RjY9gs+EVWlqYQd\nUAuy680rXhyiCrZ07D3gRWlXbt0kij/YxXIqOcXYxhqrNku5Eybqg4GpcT2dubC0\nFP07vZmdPc16VQBuM2V21v70wlosAeEBzu/SontMG5u1XjejHj1Ha5SL7Rq1ona3\nJJUJwEtezcp1Ni2VhEXmTD3th7JDwmqLTY3vHRbWFSWvNpcXTawWY15WVPtciMj9\nLo/BvJQFD371PmqIlREdITnY1qvKC3kIuvEAgrRQ12KfPYgijXyPyRxEP4t6G59r\n5HhsmJM9eBdrQwOeQbe42hmxOfiZBNSZL63U21zst9WbyMKLKiiKGnt9QSTKitFE\nEm+rnKtxBoRnaNjs8Zejn+huRUeLXn9VLMm9sbSb4sGPzaZ6hF1Kr1fWy2DfoY75\nGqZVvMJFysHFXGZfVom1HfaImnebuKGd5RyX7wYTINQL/60uHHuNOtFLTMYbH5XZ\nz0ZU7BjEEc9KGeF1OiHkT5EYH2wbkb2NIdMZ8vUSfR0zPbjMhY7uYdc/lXJP4jLH\ncWxcq0HXxwsgL3srgdaecuyBSMUWrjXOg+AlawqtSQu0b9SSXvRXaOnbxZ1bxVC8\nipmh+XYDbxq/F9nqBKAtoA7dV8goM/8AUJX4cSBp/2S7hwYEgI7dTwuVF0ECAwEA\nAQKCAgEAo3ZA6eIEofIzBc+cPr06y1mZ6pjICk7nO0oV6INupY7Dh9CUvPV1L7cs\ndiqe0um1iWbK59BgDTn57C3ZCmgoO5IfQJx+rmNN+5bO8ctoHvpv7m+L2MP/IbpJ\nuHvrH0zL2MdPMbeE7KBF5yvsc8LJTvAa/u00b4xJLqHkgmIrjcpiFQD/2zQlPlvS\nXBqFOlzWo7ducT6MtKa6TvfLziCOqXpFQmYA0tP517xzH9upL+8LclOyhp14ihyg\nvY9Y7wbtxHQI2nRGtoGD1Oo2pjbGZ0iajrqkE00hzAKuU9Yh8JEQwmwkPKo0WJal\nGuT1VmyYOTVT1BLhaMbbCr9PlXR4G6C0Jaf4yLG0jntHHFxfl3bIKDMj7B4mTi4f\nEyx3Mk7dplq1pgeor7H5w/AOtWF2hYXIpLUKezhHfjkT1hKJVQ0Tr/vXbKVT4wtS\nyGdodkRehwMDjTTEkod1Eu+UbI64xstLKq1voA7ttp5hu4VL/HpZS10Ururd7R8j\nIepiKHW4/OCD8D7E/SsR1tuZaXLxcFw0wquWZtCbDgjST1ovFxe14N4bnzCkCg1Y\nyl2AUGkjxN5VW8lCqNj/XDiYBQq48n2EMyISoDiwCJVJuzBeWtZSjsFMpMQbYE4O\n+92tpS9eEdlv06eP+KfAImVlH19vThzevuIhXsnDUBA6W8xRgu0CggEBAOsqbB5S\n3rTnKYVa/WIF5yYEyYzaKGXc5Pp53zk2Z0jSr+JfOT1F7TJLupTOdrztlZkTg2so\nfTYeLXhqob+5KbvlpggtXBlHzA7GR83dq9lz75MOO+gKp/Qixe2YtmlRrJtchj2E\nW/nxN5sqbsks/KE1h85doMFcKZFee6yMVC1mkmoMbRNuEF/bblmqwRMzL9DqxHgw\nV3Hl3EBCo07w1YaWMUcF2mpwGxXbK/zUv0iBs1chRgMIrK9v6qFW35TsxWPGbfMh\nKUVla0us9FcbfUQbdOJcdm/1j8fREY7ZY2Vfgr5+vaiaT9oJXzpnYgyBZN9iupq+\nQIMxHp65oi/2i2sCggEBAPSsiSY4qc1f8Ivzex3yJ+tBkt1+P2JAC3YMklXv2Ih9\n9Ul1qQgSoeYofzd8AnlD+rgxwv+4JEIMOOYp9/Un+Q+zVN2ZuKDI6Nu6Zq8WKsI6\nbf8j9nLgwb0s+lkaSNXCl0do3nFJEGxWAZAPYp6V36l19RJ9zySStcs3Mk0mkUm5\nbJoLthGMoDSQx4sBaVuEaVbczn9axIJZMgXB0t1ULwb6ahfSry5hA69MgGG1bO9s\nGUMqYrMdISjMTnARBkuWKUGRZ4lblOptoODtAsFES95Pskl1PuVpgkcJ+F+73B7N\nPcunIiryMLQHQx+5nwbEj0/XrV6HkGkWToNxfEHOnwMCggEAJ3McZBHezlYg/v/+\nlZ0L47LV5M0MDdp6hxI+wihAN1UwsDbtMTwzyEYv7JqeDJ+GgwFlAGrwZk21rwek\nTrdPKvghXCnP02XZ83iLvxs6ouXyAKdYoVp4Rlo2/d6qawyKeh2RX2x+yXUPsPXz\nU8g6MQj72UCXoRhG2N4SvSVlUaBtW2DuQ14pXQtAfcZJUWE62j8n6kmhwbeftR/4\nqVt5VnSHm7R9qXFY+dekj2tZE16+qRUp24RvA5cwsxQRubfmfRBijXC4ra2PzEgd\nTSeNYgmBGCAOtkVpc0m9Okt5gx38ntxAELKiRp9f3DpPlm12cIrtZtwXkmqBCnt1\nm7ouNQKCAQEA2ht3wved/nL4pnkslfxIs4Fn30RsUjQPQ3Nfe3XsC3hlEM/vF0As\nzFPrW9WTCvCbblkFoBlRUQM+MYbV/9dbQTC2hThECigu07itUoSrJysY5Oj1B2Dt\ns6qFnKo+pTbqzgBg0pG0Ly7YA8iDPCUUFScOiSZXYh3aKsYQdA/eUd8WPZgU/D3k\njhdFmddvSOKXWJRLC+Io7J2AZvtp8lzZ8xmFO6lW+jwHIdxLUU5+RkuRlXsSMuLT\nrV+6yFGU0AqSyl1I83wNGpERaZA99XThQNLAdpUqtSzBsnvjyctYJKkG3iUl4yy0\nV7dlkcFRTqInsp/rbynfhJ4a7Tdb8fmzawKCAQA9CvsfkRZAb8dY3cZdjcJvd/CA\nYAqubVI75/nEi3Eq93MxF7q1RYeO0CbXSVkSiX56MtQjyr4i3FCyTKgd5hOMOq2r\nio8sbT/Dtktz2gL8v6cooL/hD+hKHjG1keZ0AVQaTdExPooQl68MkWfkMypv3ie9\nkE+OTU8A3WYqQayT8mm3rgkEzIC/CcfYOHNXfk+DTfe5PJsYjUfSzmNwK7JX6uZo\nmdzZvi9e/UYHxx8MoYxnipANs1Qw0PjQpLVHu6lP0QLxnq5Gi0cbq9JW5ewqivKf\nuGSEDOUp617Gt02ildZskV+wAKsK/kJ59CZIgHQBfrNTsNRwjxtm0S1UL/IS\n-----END RSA PRIVATE KEY-----\n",
            "content_base64": null,
            "content_base64sha256": "lLv4UQna2d8FRoqpAIlF8n2P1VT9wWG+x9x5gSUw88k=",
            "content_base64sha512": "Ib4NuEF2kR/rXIF+4qDier49Hxahfic3AQBjTPQfW6bFYZSQqHR2NOtSCkiyuE5doSVT9m0qljafFuyTa0CkIQ==",
            "content_md5": "744abebc5b5ea89c8ca19c6601fc2c53",
            "content_sha1": "c3183edf05fd107cc35c9b0ea270dea2f4ed2820",
            "content_sha256": "94bbf85109dad9df05468aa9008945f27d8fd554fdc161bec7dc79812530f3c9",
            "content_sha512": "21be0db84176911feb5c817ee2a0e27abe3d1f16a17e27370100634cf41f5ba6c5619490a8747634eb520a48b2b84e5da12553f66d2a96369f16ec936b40a421",
            "directory_permission": "0700",
            "file_permission": "0600",
            "filename": "../ansible/EC2-django.pem",
            "id": "c3183edf05fd107cc35c9b0ea270dea2f4ed2820",
            "source": null
          },
          "sensitive_attributes": [
            [
              {
                "type": "get_attr",
                "value": "content_base64"
              }
            ],
            [
              {
                "type": "get_attr",
                "value": "content"
              }
            ]
          ],
          "dependencies": [
            "tls_private_key.ec2_key"
          ]
        }
      ]
    },
    {
      "mode": "managed",
      "type": "null_resource",
      "name": "run_ansible",
      "provider": "provider[\"registry.terraform.io/hashicorp/null\"]",
      "instances": [
        {
          "status": "tainted",
          "schema_version": 0,
          "attributes": {
            "id": "8991396923341224085",
            "triggers": null
          },
          "sensitive_attributes": [],
          "dependencies": [
            "aws_instance.django",
            "aws_key_pair.ssh_key",
            "aws_security_group.allow_ssh",
            "aws_subnet.public_subnet",
            "aws_vpc.my_vpc",
            "tls_private_key.ec2_key"
          ]
        }
      ]
    },
    {
      "mode": "managed",
      "type": "tls_private_key",
      "name": "ec2_key",
      "provider": "provider[\"registry.terraform.io/hashicorp/tls\"]",
      "instances": [
        {
          "schema_version": 1,
          "attributes": {
            "algorithm": "RSA",
            "ecdsa_curve": "P224",
            "id": "d8eab2638a22347943c08baaff4bf9d9e3252649",
            "private_key_openssh": "-----BEGIN OPENSSH PRIVATE KEY-----\nb3BlbnNzaC1rZXktdjEAAAAABG5vbmUAAAAEbm9uZQAAAAAAAAABAAACFwAAAAdz\nc2gtcnNhAAAAAwEAAQAAAgEA4MLtiluRfDh3MbkfwAcvF06crKPJueF38RjY9gs+\nEVWlqYQdUAuy680rXhyiCrZ07D3gRWlXbt0kij/YxXIqOcXYxhqrNku5Eybqg4Gp\ncT2dubC0FP07vZmdPc16VQBuM2V21v70wlosAeEBzu/SontMG5u1XjejHj1Ha5SL\n7Rq1ona3JJUJwEtezcp1Ni2VhEXmTD3th7JDwmqLTY3vHRbWFSWvNpcXTawWY15W\nVPtciMj9Lo/BvJQFD371PmqIlREdITnY1qvKC3kIuvEAgrRQ12KfPYgijXyPyRxE\nP4t6G59r5HhsmJM9eBdrQwOeQbe42hmxOfiZBNSZL63U21zst9WbyMKLKiiKGnt9\nQSTKitFEEm+rnKtxBoRnaNjs8Zejn+huRUeLXn9VLMm9sbSb4sGPzaZ6hF1Kr1fW\ny2DfoY75GqZVvMJFysHFXGZfVom1HfaImnebuKGd5RyX7wYTINQL/60uHHuNOtFL\nTMYbH5XZz0ZU7BjEEc9KGeF1OiHkT5EYH2wbkb2NIdMZ8vUSfR0zPbjMhY7uYdc/\nlXJP4jLHcWxcq0HXxwsgL3srgdaecuyBSMUWrjXOg+AlawqtSQu0b9SSXvRXaOnb\nxZ1bxVC8ipmh+XYDbxq/F9nqBKAtoA7dV8goM/8AUJX4cSBp/2S7hwYEgI7dTwuV\nF0EAAAc4+cEnyvnBJ8oAAAAHc3NoLXJzYQAAAgEA4MLtiluRfDh3MbkfwAcvF06c\nrKPJueF38RjY9gs+EVWlqYQdUAuy680rXhyiCrZ07D3gRWlXbt0kij/YxXIqOcXY\nxhqrNku5Eybqg4GpcT2dubC0FP07vZmdPc16VQBuM2V21v70wlosAeEBzu/SontM\nG5u1XjejHj1Ha5SL7Rq1ona3JJUJwEtezcp1Ni2VhEXmTD3th7JDwmqLTY3vHRbW\nFSWvNpcXTawWY15WVPtciMj9Lo/BvJQFD371PmqIlREdITnY1qvKC3kIuvEAgrRQ\n12KfPYgijXyPyRxEP4t6G59r5HhsmJM9eBdrQwOeQbe42hmxOfiZBNSZL63U21zs\nt9WbyMKLKiiKGnt9QSTKitFEEm+rnKtxBoRnaNjs8Zejn+huRUeLXn9VLMm9sbSb\n4sGPzaZ6hF1Kr1fWy2DfoY75GqZVvMJFysHFXGZfVom1HfaImnebuKGd5RyX7wYT\nINQL/60uHHuNOtFLTMYbH5XZz0ZU7BjEEc9KGeF1OiHkT5EYH2wbkb2NIdMZ8vUS\nfR0zPbjMhY7uYdc/lXJP4jLHcWxcq0HXxwsgL3srgdaecuyBSMUWrjXOg+Alawqt\nSQu0b9SSXvRXaOnbxZ1bxVC8ipmh+XYDbxq/F9nqBKAtoA7dV8goM/8AUJX4cSBp\n/2S7hwYEgI7dTwuVF0EAAAADAQABAAACAQCjdkDp4gSh8jMFz5w+vTrLWZnqmMgK\nTuc7ShXog26ljsOH0JS89XUvtyx2Kp7S6bWJZsrn0GANOfnsLdkKaCg7kh9AnH6u\nY037ls7xy2ge+m/ub4vYw/8hukm4e+sfTMvYx08xt4TsoEXnK+xzwslO8Br+7TRv\njEkuoeSCYiuNymIVAP/bNCU+W9JcGoU6XNajt25xPoy0prpO98vOII6pekVCZgDS\n0/nXvHMf26kv7wtyU7KGnXiKHKC9j1jvBu3EdAjadEa2gYPU6jamNsZnSJqOuqQT\nTSHMAq5T1iHwkRDCbCQ8qjRYlqUa5PVWbJg5NVPUEuFoxtsKv0+VdHgboLQlp/jI\nsbSOe0ccXF+XdsgoMyPsHiZOLh8TLHcyTt2mWrWmB6ivsfnD8A61YXaFhciktQp7\nOEd+ORPWEolVDROv+9dspVPjC1LIZ2h2RF6HAwONNMSSh3US75RsjrjGy0sqrW+g\nDu22nmG7hUv8ellLXRSu6t3tHyMh6mIodbj84IPwPsT9KxHW25lpcvFwXDTCq5Zm\n0JsOCNJPWi8XF7Xg3hufMKQKDVjKXYBQaSPE3lVbyUKo2P9cOJgFCrjyfYQzIhKg\nOLAIlUm7MF5a1lKOwUykxBtgTg773a2lL14R2W/Tp4/4p8AiZWUfX29OHN6+4iFe\nycNQEDpbzFGC7QAAAQA9CvsfkRZAb8dY3cZdjcJvd/CAYAqubVI75/nEi3Eq93Mx\nF7q1RYeO0CbXSVkSiX56MtQjyr4i3FCyTKgd5hOMOq2rio8sbT/Dtktz2gL8v6co\noL/hD+hKHjG1keZ0AVQaTdExPooQl68MkWfkMypv3ie9kE+OTU8A3WYqQayT8mm3\nrgkEzIC/CcfYOHNXfk+DTfe5PJsYjUfSzmNwK7JX6uZomdzZvi9e/UYHxx8MoYxn\nipANs1Qw0PjQpLVHu6lP0QLxnq5Gi0cbq9JW5ewqivKfuGSEDOUp617Gt02ildZs\nkV+wAKsK/kJ59CZIgHQBfrNTsNRwjxtm0S1UL/ISAAABAQDrKmweUt605ymFWv1i\nBecmBMmM2ihl3OT6ed85NmdI0q/iXzk9Re0yS7qUzna87ZWZE4NrKH02Hi14aqG/\nuSm75aYILVwZR8wOxkfN3avZc++TDjvoCqf0IsXtmLZpUaybXIY9hFv58TebKm7J\nLPyhNYfOXaDBXCmRXnusjFQtZpJqDG0TbhBf225ZqsETMy/Q6sR4MFdx5dxAQqNO\n8NWGljFHBdpqcBsV2yv81L9IgbNXIUYDCKyvb+qhVt+U7MVjxm3zISlFZWtLrPRX\nG31EG3TiXHZv9Y/H0RGO2WNlX4K+fr2omk/aCV86Z2IMgWTfYrqavkCDMR6euaIv\n9otrAAABAQD0rIkmOKnNX/CL83sd8ifrQZLdfj9iQAt2DJJV79iIffVJdakIEqHm\nKH83fAJ5Q/q4McL/uCRCDDjmKff1J/kPs1TdmbigyOjbumavFirCOm3/I/Zy4MG9\nLPpZGkjVwpdHaN5xSRBsVgGQD2Keld+pdfUSfc8kkrXLNzJNJpFJuWyaC7YRjKA0\nkMeLAWlbhGlW3M5/WsSCWTIFwdLdVC8G+moX0q8uYQOvTIBhtWzvbBlDKmKzHSEo\nzE5wEQZLlilBkWeJW5TqbaDg7QLBREveT7JJdT7laYJHCfhfu9wezT3LpyIq8jC0\nB0MfuZ8GxI9P161eh5BpFk6DcXxBzp8DAAAAAAEC\n-----END OPENSSH PRIVATE KEY-----\n",
            "private_key_pem": "-----BEGIN RSA PRIVATE KEY-----\nMIIJKQIBAAKCAgEA4MLtiluRfDh3MbkfwAcvF06crKPJueF38RjY9gs+EVWlqYQd\nUAuy680rXhyiCrZ07D3gRWlXbt0kij/YxXIqOcXYxhqrNku5Eybqg4GpcT2dubC0\nFP07vZmdPc16VQBuM2V21v70wlosAeEBzu/SontMG5u1XjejHj1Ha5SL7Rq1ona3\nJJUJwEtezcp1Ni2VhEXmTD3th7JDwmqLTY3vHRbWFSWvNpcXTawWY15WVPtciMj9\nLo/BvJQFD371PmqIlREdITnY1qvKC3kIuvEAgrRQ12KfPYgijXyPyRxEP4t6G59r\n5HhsmJM9eBdrQwOeQbe42hmxOfiZBNSZL63U21zst9WbyMKLKiiKGnt9QSTKitFE\nEm+rnKtxBoRnaNjs8Zejn+huRUeLXn9VLMm9sbSb4sGPzaZ6hF1Kr1fWy2DfoY75\nGqZVvMJFysHFXGZfVom1HfaImnebuKGd5RyX7wYTINQL/60uHHuNOtFLTMYbH5XZ\nz0ZU7BjEEc9KGeF1OiHkT5EYH2wbkb2NIdMZ8vUSfR0zPbjMhY7uYdc/lXJP4jLH\ncWxcq0HXxwsgL3srgdaecuyBSMUWrjXOg+AlawqtSQu0b9SSXvRXaOnbxZ1bxVC8\nipmh+XYDbxq/F9nqBKAtoA7dV8goM/8AUJX4cSBp/2S7hwYEgI7dTwuVF0ECAwEA\nAQKCAgEAo3ZA6eIEofIzBc+cPr06y1mZ6pjICk7nO0oV6INupY7Dh9CUvPV1L7cs\ndiqe0um1iWbK59BgDTn57C3ZCmgoO5IfQJx+rmNN+5bO8ctoHvpv7m+L2MP/IbpJ\nuHvrH0zL2MdPMbeE7KBF5yvsc8LJTvAa/u00b4xJLqHkgmIrjcpiFQD/2zQlPlvS\nXBqFOlzWo7ducT6MtKa6TvfLziCOqXpFQmYA0tP517xzH9upL+8LclOyhp14ihyg\nvY9Y7wbtxHQI2nRGtoGD1Oo2pjbGZ0iajrqkE00hzAKuU9Yh8JEQwmwkPKo0WJal\nGuT1VmyYOTVT1BLhaMbbCr9PlXR4G6C0Jaf4yLG0jntHHFxfl3bIKDMj7B4mTi4f\nEyx3Mk7dplq1pgeor7H5w/AOtWF2hYXIpLUKezhHfjkT1hKJVQ0Tr/vXbKVT4wtS\nyGdodkRehwMDjTTEkod1Eu+UbI64xstLKq1voA7ttp5hu4VL/HpZS10Ururd7R8j\nIepiKHW4/OCD8D7E/SsR1tuZaXLxcFw0wquWZtCbDgjST1ovFxe14N4bnzCkCg1Y\nyl2AUGkjxN5VW8lCqNj/XDiYBQq48n2EMyISoDiwCJVJuzBeWtZSjsFMpMQbYE4O\n+92tpS9eEdlv06eP+KfAImVlH19vThzevuIhXsnDUBA6W8xRgu0CggEBAOsqbB5S\n3rTnKYVa/WIF5yYEyYzaKGXc5Pp53zk2Z0jSr+JfOT1F7TJLupTOdrztlZkTg2so\nfTYeLXhqob+5KbvlpggtXBlHzA7GR83dq9lz75MOO+gKp/Qixe2YtmlRrJtchj2E\nW/nxN5sqbsks/KE1h85doMFcKZFee6yMVC1mkmoMbRNuEF/bblmqwRMzL9DqxHgw\nV3Hl3EBCo07w1YaWMUcF2mpwGxXbK/zUv0iBs1chRgMIrK9v6qFW35TsxWPGbfMh\nKUVla0us9FcbfUQbdOJcdm/1j8fREY7ZY2Vfgr5+vaiaT9oJXzpnYgyBZN9iupq+\nQIMxHp65oi/2i2sCggEBAPSsiSY4qc1f8Ivzex3yJ+tBkt1+P2JAC3YMklXv2Ih9\n9Ul1qQgSoeYofzd8AnlD+rgxwv+4JEIMOOYp9/Un+Q+zVN2ZuKDI6Nu6Zq8WKsI6\nbf8j9nLgwb0s+lkaSNXCl0do3nFJEGxWAZAPYp6V36l19RJ9zySStcs3Mk0mkUm5\nbJoLthGMoDSQx4sBaVuEaVbczn9axIJZMgXB0t1ULwb6ahfSry5hA69MgGG1bO9s\nGUMqYrMdISjMTnARBkuWKUGRZ4lblOptoODtAsFES95Pskl1PuVpgkcJ+F+73B7N\nPcunIiryMLQHQx+5nwbEj0/XrV6HkGkWToNxfEHOnwMCggEAJ3McZBHezlYg/v/+\nlZ0L47LV5M0MDdp6hxI+wihAN1UwsDbtMTwzyEYv7JqeDJ+GgwFlAGrwZk21rwek\nTrdPKvghXCnP02XZ83iLvxs6ouXyAKdYoVp4Rlo2/d6qawyKeh2RX2x+yXUPsPXz\nU8g6MQj72UCXoRhG2N4SvSVlUaBtW2DuQ14pXQtAfcZJUWE62j8n6kmhwbeftR/4\nqVt5VnSHm7R9qXFY+dekj2tZE16+qRUp24RvA5cwsxQRubfmfRBijXC4ra2PzEgd\nTSeNYgmBGCAOtkVpc0m9Okt5gx38ntxAELKiRp9f3DpPlm12cIrtZtwXkmqBCnt1\nm7ouNQKCAQEA2ht3wved/nL4pnkslfxIs4Fn30RsUjQPQ3Nfe3XsC3hlEM/vF0As\nzFPrW9WTCvCbblkFoBlRUQM+MYbV/9dbQTC2hThECigu07itUoSrJysY5Oj1B2Dt\ns6qFnKo+pTbqzgBg0pG0Ly7YA8iDPCUUFScOiSZXYh3aKsYQdA/eUd8WPZgU/D3k\njhdFmddvSOKXWJRLC+Io7J2AZvtp8lzZ8xmFO6lW+jwHIdxLUU5+RkuRlXsSMuLT\nrV+6yFGU0AqSyl1I83wNGpERaZA99XThQNLAdpUqtSzBsnvjyctYJKkG3iUl4yy0\nV7dlkcFRTqInsp/rbynfhJ4a7Tdb8fmzawKCAQA9CvsfkRZAb8dY3cZdjcJvd/CA\nYAqubVI75/nEi3Eq93MxF7q1RYeO0CbXSVkSiX56MtQjyr4i3FCyTKgd5hOMOq2r\nio8sbT/Dtktz2gL8v6cooL/hD+hKHjG1keZ0AVQaTdExPooQl68MkWfkMypv3ie9\nkE+OTU8A3WYqQayT8mm3rgkEzIC/CcfYOHNXfk+DTfe5PJsYjUfSzmNwK7JX6uZo\nmdzZvi9e/UYHxx8MoYxnipANs1Qw0PjQpLVHu6lP0QLxnq5Gi0cbq9JW5ewqivKf\nuGSEDOUp617Gt02ildZskV+wAKsK/kJ59CZIgHQBfrNTsNRwjxtm0S1UL/IS\n-----END RSA PRIVATE KEY-----\n",
            "private_key_pem_pkcs8": "-----BEGIN PRIVATE KEY-----\nMIIJQwIBADANBgkqhkiG9w0BAQEFAASCCS0wggkpAgEAAoICAQDgwu2KW5F8OHcx\nuR/ABy8XTpyso8m54XfxGNj2Cz4RVaWphB1QC7LrzSteHKIKtnTsPeBFaVdu3SSK\nP9jFcio5xdjGGqs2S7kTJuqDgalxPZ25sLQU/Tu9mZ09zXpVAG4zZXbW/vTCWiwB\n4QHO79Kie0wbm7VeN6MePUdrlIvtGrWidrcklQnAS17NynU2LZWEReZMPe2HskPC\naotNje8dFtYVJa82lxdNrBZjXlZU+1yIyP0uj8G8lAUPfvU+aoiVER0hOdjWq8oL\neQi68QCCtFDXYp89iCKNfI/JHEQ/i3obn2vkeGyYkz14F2tDA55Bt7jaGbE5+JkE\n1JkvrdTbXOy31ZvIwosqKIoae31BJMqK0UQSb6ucq3EGhGdo2Ozxl6Of6G5FR4te\nf1Usyb2xtJviwY/NpnqEXUqvV9bLYN+hjvkaplW8wkXKwcVcZl9WibUd9oiad5u4\noZ3lHJfvBhMg1Av/rS4ce4060UtMxhsfldnPRlTsGMQRz0oZ4XU6IeRPkRgfbBuR\nvY0h0xny9RJ9HTM9uMyFju5h1z+Vck/iMsdxbFyrQdfHCyAveyuB1p5y7IFIxRau\nNc6D4CVrCq1JC7Rv1JJe9Fdo6dvFnVvFULyKmaH5dgNvGr8X2eoEoC2gDt1XyCgz\n/wBQlfhxIGn/ZLuHBgSAjt1PC5UXQQIDAQABAoICAQCjdkDp4gSh8jMFz5w+vTrL\nWZnqmMgKTuc7ShXog26ljsOH0JS89XUvtyx2Kp7S6bWJZsrn0GANOfnsLdkKaCg7\nkh9AnH6uY037ls7xy2ge+m/ub4vYw/8hukm4e+sfTMvYx08xt4TsoEXnK+xzwslO\n8Br+7TRvjEkuoeSCYiuNymIVAP/bNCU+W9JcGoU6XNajt25xPoy0prpO98vOII6p\nekVCZgDS0/nXvHMf26kv7wtyU7KGnXiKHKC9j1jvBu3EdAjadEa2gYPU6jamNsZn\nSJqOuqQTTSHMAq5T1iHwkRDCbCQ8qjRYlqUa5PVWbJg5NVPUEuFoxtsKv0+VdHgb\noLQlp/jIsbSOe0ccXF+XdsgoMyPsHiZOLh8TLHcyTt2mWrWmB6ivsfnD8A61YXaF\nhciktQp7OEd+ORPWEolVDROv+9dspVPjC1LIZ2h2RF6HAwONNMSSh3US75RsjrjG\ny0sqrW+gDu22nmG7hUv8ellLXRSu6t3tHyMh6mIodbj84IPwPsT9KxHW25lpcvFw\nXDTCq5Zm0JsOCNJPWi8XF7Xg3hufMKQKDVjKXYBQaSPE3lVbyUKo2P9cOJgFCrjy\nfYQzIhKgOLAIlUm7MF5a1lKOwUykxBtgTg773a2lL14R2W/Tp4/4p8AiZWUfX29O\nHN6+4iFeycNQEDpbzFGC7QKCAQEA6ypsHlLetOcphVr9YgXnJgTJjNooZdzk+nnf\nOTZnSNKv4l85PUXtMku6lM52vO2VmRODayh9Nh4teGqhv7kpu+WmCC1cGUfMDsZH\nzd2r2XPvkw476Aqn9CLF7Zi2aVGsm1yGPYRb+fE3mypuySz8oTWHzl2gwVwpkV57\nrIxULWaSagxtE24QX9tuWarBEzMv0OrEeDBXceXcQEKjTvDVhpYxRwXaanAbFdsr\n/NS/SIGzVyFGAwisr2/qoVbflOzFY8Zt8yEpRWVrS6z0Vxt9RBt04lx2b/WPx9ER\njtljZV+Cvn69qJpP2glfOmdiDIFk32K6mr5AgzEenrmiL/aLawKCAQEA9KyJJjip\nzV/wi/N7HfIn60GS3X4/YkALdgySVe/YiH31SXWpCBKh5ih/N3wCeUP6uDHC/7gk\nQgw45in39Sf5D7NU3Zm4oMjo27pmrxYqwjpt/yP2cuDBvSz6WRpI1cKXR2jecUkQ\nbFYBkA9inpXfqXX1En3PJJK1yzcyTSaRSblsmgu2EYygNJDHiwFpW4RpVtzOf1rE\nglkyBcHS3VQvBvpqF9KvLmEDr0yAYbVs72wZQypisx0hKMxOcBEGS5YpQZFniVuU\n6m2g4O0CwURL3k+ySXU+5WmCRwn4X7vcHs09y6ciKvIwtAdDH7mfBsSPT9etXoeQ\naRZOg3F8Qc6fAwKCAQAncxxkEd7OViD+//6VnQvjstXkzQwN2nqHEj7CKEA3VTCw\nNu0xPDPIRi/smp4Mn4aDAWUAavBmTbWvB6ROt08q+CFcKc/TZdnzeIu/Gzqi5fIA\np1ihWnhGWjb93qprDIp6HZFfbH7JdQ+w9fNTyDoxCPvZQJehGEbY3hK9JWVRoG1b\nYO5DXildC0B9xklRYTraPyfqSaHBt5+1H/ipW3lWdIebtH2pcVj516SPa1kTXr6p\nFSnbhG8DlzCzFBG5t+Z9EGKNcLitrY/MSB1NJ41iCYEYIA62RWlzSb06S3mDHfye\n3EAQsqJGn1/cOk+WbXZwiu1m3BeSaoEKe3Wbui41AoIBAQDaG3fC953+cvimeSyV\n/EizgWffRGxSNA9Dc197dewLeGUQz+8XQCzMU+tb1ZMK8JtuWQWgGVFRAz4xhtX/\n11tBMLaFOEQKKC7TuK1ShKsnKxjk6PUHYO2zqoWcqj6lNurOAGDSkbQvLtgDyIM8\nJRQVJw6JJldiHdoqxhB0D95R3xY9mBT8PeSOF0WZ129I4pdYlEsL4ijsnYBm+2ny\nXNnzGYU7qVb6PAch3EtRTn5GS5GVexIy4tOtX7rIUZTQCpLKXUjzfA0akRFpkD31\ndOFA0sB2lSq1LMGye+PJy1gkqQbeJSXjLLRXt2WRwVFOoieyn+tvKd+EnhrtN1vx\n+bNrAoIBAD0K+x+RFkBvx1jdxl2Nwm938IBgCq5tUjvn+cSLcSr3czEXurVFh47Q\nJtdJWRKJfnoy1CPKviLcULJMqB3mE4w6rauKjyxtP8O2S3PaAvy/pyigv+EP6Eoe\nMbWR5nQBVBpN0TE+ihCXrwyRZ+QzKm/eJ72QT45NTwDdZipBrJPyabeuCQTMgL8J\nx9g4c1d+T4NN97k8mxiNR9LOY3Arslfq5miZ3Nm+L179RgfHHwyhjGeKkA2zVDDQ\n+NCktUe7qU/RAvGerkaLRxur0lbl7CqK8p+4ZIQM5SnrXsa3TaKV1myRX7AAqwr+\nQnn0JkiAdAF+s1Ow1HCPG2bRLVQv8hI=\n-----END PRIVATE KEY-----\n",
            "public_key_fingerprint_md5": "71:2a:19:7f:7c:ec:cd:c2:21:90:35:2c:3d:d6:7b:3d",
            "public_key_fingerprint_sha256": "SHA256:PS7+mAJSCjROzLuW4K1YSPBdNiYaztuqOO8ZSaWOAuI",
            "public_key_openssh": "ssh-rsa AAAAB3NzaC1yc2EAAAADAQABAAACAQDgwu2KW5F8OHcxuR/ABy8XTpyso8m54XfxGNj2Cz4RVaWphB1QC7LrzSteHKIKtnTsPeBFaVdu3SSKP9jFcio5xdjGGqs2S7kTJuqDgalxPZ25sLQU/Tu9mZ09zXpVAG4zZXbW/vTCWiwB4QHO79Kie0wbm7VeN6MePUdrlIvtGrWidrcklQnAS17NynU2LZWEReZMPe2HskPCaotNje8dFtYVJa82lxdNrBZjXlZU+1yIyP0uj8G8lAUPfvU+aoiVER0hOdjWq8oLeQi68QCCtFDXYp89iCKNfI/JHEQ/i3obn2vkeGyYkz14F2tDA55Bt7jaGbE5+JkE1JkvrdTbXOy31ZvIwosqKIoae31BJMqK0UQSb6ucq3EGhGdo2Ozxl6Of6G5FR4tef1Usyb2xtJviwY/NpnqEXUqvV9bLYN+hjvkaplW8wkXKwcVcZl9WibUd9oiad5u4oZ3lHJfvBhMg1Av/rS4ce4060UtMxhsfldnPRlTsGMQRz0oZ4XU6IeRPkRgfbBuRvY0h0xny9RJ9HTM9uMyFju5h1z+Vck/iMsdxbFyrQdfHCyAveyuB1p5y7IFIxRauNc6D4CVrCq1JC7Rv1JJe9Fdo6dvFnVvFULyKmaH5dgNvGr8X2eoEoC2gDt1XyCgz/wBQlfhxIGn/ZLuHBgSAjt1PC5UXQQ==\n",
            "public_key_pem": "-----BEGIN PUBLIC KEY-----\nMIICIjANBgkqhkiG9w0BAQEFAAOCAg8AMIICCgKCAgEA4MLtiluRfDh3MbkfwAcv\nF06crKPJueF38RjY9gs+EVWlqYQdUAuy680rXhyiCrZ07D3gRWlXbt0kij/YxXIq\nOcXYxhqrNku5Eybqg4GpcT2dubC0FP07vZmdPc16VQBuM2V21v70wlosAeEBzu/S\nontMG5u1XjejHj1Ha5SL7Rq1ona3JJUJwEtezcp1Ni2VhEXmTD3th7JDwmqLTY3v\nHRbWFSWvNpcXTawWY15WVPtciMj9Lo/BvJQFD371PmqIlREdITnY1qvKC3kIuvEA\ngrRQ12KfPYgijXyPyRxEP4t6G59r5HhsmJM9eBdrQwOeQbe42hmxOfiZBNSZL63U\n21zst9WbyMKLKiiKGnt9QSTKitFEEm+rnKtxBoRnaNjs8Zejn+huRUeLXn9VLMm9\nsbSb4sGPzaZ6hF1Kr1fWy2DfoY75GqZVvMJFysHFXGZfVom1HfaImnebuKGd5RyX\n7wYTINQL/60uHHuNOtFLTMYbH5XZz0ZU7BjEEc9KGeF1OiHkT5EYH2wbkb2NIdMZ\n8vUSfR0zPbjMhY7uYdc/lXJP4jLHcWxcq0HXxwsgL3srgdaecuyBSMUWrjXOg+Al\nawqtSQu0b9SSXvRXaOnbxZ1bxVC8ipmh+XYDbxq/F9nqBKAtoA7dV8goM/8AUJX4\ncSBp/2S7hwYEgI7dTwuVF0ECAwEAAQ==\n-----END PUBLIC KEY-----\n",
            "rsa_bits": 4096
          },
          "sensitive_attributes": [
            [
              {
                "type": "get_attr",
                "value": "private_key_openssh"
              }
            ],
            [
              {
                "type": "get_attr",
                "value": "private_key_pem"
              }
            ],
            [
              {
                "type": "get_attr",
                "value": "private_key_pem_pkcs8"
              }
            ]
          ]
        }
      ]
    }
  ],
  "check_results": null
}
