{
  "version": 4,
  "terraform_version": "1.8.0",
  "serial": 3759,
  "lineage": "3c48e02a-f525-aac9-9675-203f95819f8c",
  "outputs": {
    "public_dns": {
      "value": "",
      "type": "string"
    },
    "public_ip": {
      "value": "18.159.59.141",
      "type": "string"
    },
    "region": {
      "value": "eu-central-1",
      "type": "string"
    }
  },
  "resources": [
    {
      "mode": "managed",
      "type": "aws_instance",
      "name": "django",
      "provider": "provider[\"registry.terraform.io/hashicorp/aws\"]",
      "instances": [
        {
          "schema_version": 1,
          "attributes": {
            "ami": "ami-0f7204385566b32d0",
            "arn": "arn:aws:ec2:eu-central-1:730335597556:instance/i-0f7d815eca7795a57",
            "associate_public_ip_address": true,
            "availability_zone": "eu-central-1a",
            "capacity_reservation_specification": [
              {
                "capacity_reservation_preference": "open",
                "capacity_reservation_target": []
              }
            ],
            "cpu_core_count": 1,
            "cpu_options": [
              {
                "amd_sev_snp": "",
                "core_count": 1,
                "threads_per_core": 1
              }
            ],
            "cpu_threads_per_core": 1,
            "credit_specification": [
              {
                "cpu_credits": "standard"
              }
            ],
            "disable_api_stop": false,
            "disable_api_termination": false,
            "ebs_block_device": [],
            "ebs_optimized": false,
            "enclave_options": [
              {
                "enabled": false
              }
            ],
            "ephemeral_block_device": [],
            "get_password_data": false,
            "hibernation": false,
            "host_id": "",
            "host_resource_group_arn": null,
            "iam_instance_profile": "",
            "id": "i-0f7d815eca7795a57",
            "instance_initiated_shutdown_behavior": "stop",
            "instance_lifecycle": "",
            "instance_market_options": [],
            "instance_state": "running",
            "instance_type": "t2.micro",
            "ipv6_address_count": 0,
            "ipv6_addresses": [],
            "key_name": "EC2-django",
            "launch_template": [],
            "maintenance_options": [
              {
                "auto_recovery": "default"
              }
            ],
            "metadata_options": [
              {
                "http_endpoint": "enabled",
                "http_protocol_ipv6": "disabled",
                "http_put_response_hop_limit": 2,
                "http_tokens": "required",
                "instance_metadata_tags": "disabled"
              }
            ],
            "monitoring": false,
            "network_interface": [],
            "outpost_arn": "",
            "password_data": "",
            "placement_group": "",
            "placement_partition_number": 0,
            "primary_network_interface_id": "eni-0b67be8aac4540ac7",
            "private_dns": "ip-192-168-1-66.eu-central-1.compute.internal",
            "private_dns_name_options": [
              {
                "enable_resource_name_dns_a_record": false,
                "enable_resource_name_dns_aaaa_record": false,
                "hostname_type": "ip-name"
              }
            ],
            "private_ip": "192.168.1.66",
            "public_dns": "",
            "public_ip": "18.159.59.141",
            "root_block_device": [
              {
                "delete_on_termination": true,
                "device_name": "/dev/xvda",
                "encrypted": false,
                "iops": 3000,
                "kms_key_id": "",
                "tags": {},
                "tags_all": {},
                "throughput": 125,
                "volume_id": "vol-075ea76c07635131a",
                "volume_size": 8,
                "volume_type": "gp3"
              }
            ],
            "secondary_private_ips": [],
            "security_groups": [],
            "source_dest_check": true,
            "spot_instance_request_id": "",
            "subnet_id": "subnet-0ed46b9c671d78c76",
            "tags": {
              "Name": "web-production"
            },
            "tags_all": {
              "Name": "web-production"
            },
            "tenancy": "default",
            "timeouts": null,
            "user_data": null,
            "user_data_base64": null,
            "user_data_replace_on_change": false,
            "volume_tags": null,
            "vpc_security_group_ids": [
              "sg-06446ce2d56346806"
            ]
          },
          "sensitive_attributes": [],
          "private": "eyJlMmJmYjczMC1lY2FhLTExZTYtOGY4OC0zNDM2M2JjN2M0YzAiOnsiY3JlYXRlIjo2MDAwMDAwMDAwMDAsImRlbGV0ZSI6MTIwMDAwMDAwMDAwMCwicmVhZCI6OTAwMDAwMDAwMDAwLCJ1cGRhdGUiOjYwMDAwMDAwMDAwMH0sInNjaGVtYV92ZXJzaW9uIjoiMSJ9",
          "dependencies": [
            "aws_key_pair.ssh_key",
            "aws_security_group.allow_ssh",
            "aws_subnet.public_subnet",
            "aws_vpc.my_vpc",
            "tls_private_key.ec2_key"
          ]
        }
      ]
    },
    {
      "mode": "managed",
      "type": "aws_internet_gateway",
      "name": "gw1",
      "provider": "provider[\"registry.terraform.io/hashicorp/aws\"]",
      "instances": [
        {
          "schema_version": 0,
          "attributes": {
            "arn": "arn:aws:ec2:eu-central-1:730335597556:internet-gateway/igw-09bc5846839d0716f",
            "id": "igw-09bc5846839d0716f",
            "owner_id": "730335597556",
            "tags": {
              "Name": "IGW_production"
            },
            "tags_all": {
              "Name": "IGW_production"
            },
            "timeouts": null,
            "vpc_id": "vpc-0d3ef357d7e11b2d9"
          },
          "sensitive_attributes": [],
          "private": "eyJlMmJmYjczMC1lY2FhLTExZTYtOGY4OC0zNDM2M2JjN2M0YzAiOnsiY3JlYXRlIjoxMjAwMDAwMDAwMDAwLCJkZWxldGUiOjEyMDAwMDAwMDAwMDAsInVwZGF0ZSI6MTIwMDAwMDAwMDAwMH19",
          "dependencies": [
            "aws_vpc.my_vpc"
          ]
        }
      ]
    },
    {
      "mode": "managed",
      "type": "aws_key_pair",
      "name": "ssh_key",
      "provider": "provider[\"registry.terraform.io/hashicorp/aws\"]",
      "instances": [
        {
          "schema_version": 1,
          "attributes": {
            "arn": "arn:aws:ec2:eu-central-1:730335597556:key-pair/EC2-django",
            "fingerprint": "42:94:a3:62:7a:ae:48:5e:01:74:66:7c:7d:f5:71:84",
            "id": "EC2-django",
            "key_name": "EC2-django",
            "key_name_prefix": "",
            "key_pair_id": "key-0ede8847b8967fbdb",
            "key_type": "rsa",
            "public_key": "ssh-rsa AAAAB3NzaC1yc2EAAAADAQABAAACAQCfVfLwqc4hd1WIVXDDK00FDwJ6xCHaR7foNLIGp3xDp5R/0eLSVJ2QkEPt6Qi9RBLMQ3U4tGaI2BwBSmA+YXU7hKvJRYLbzA3uJ8KY7JBm2JWCaYE6pRH7XDqcEEbbz2CAk9S3+VoJVGEQUf/SM8JW1Q+ZYUrwicrqBApSM1/UUQpFXw8WRljN2YxoEKzujXG/d9rcTpWbrTKPjZJRtMx7wrooKLcO4SJ+7SF9NPsl06Z99GSdd5bm+FWadq+eG8QZ6l970fgIbJSVcBNxvCUYKm9J4mISgvnDf2znXtqzHGyOaR2JcMy6PKlY6FWEq6DilN25SDZZ8JYbRXxy5UAvDB3sB34VV89OQ+BxoHyOc8xtrUNxethVceWIii/fA2vIqRiifcbIIw1a6BRQfzrMRKrXI9+e+J9VSsJd0ZmgRJDQfpk86gHt4nRL9qMLi1sV2AtQO0XN989gH+abkr5VUNCYZ8ReLzvVmpsz9wCnooD0PhcVeyTTJbWgACMewzX0Cqb5WgYdbSSIQX+pLnnxpSzxSMNOTD98pgmRouFXEVXqdVSab/c7vlqs8AFNgdj6Q06djfY6lkD9CULwqFRlwelyp3coP5ob/9bGk9VDxWrpp9UJrOb68mFseQCjit7seQHObpZyIot6Clr3NR919tuVOrMvhy9rtlImcZ9IeQ==",
            "tags": null,
            "tags_all": {}
          },
          "sensitive_attributes": [],
          "private": "eyJzY2hlbWFfdmVyc2lvbiI6IjEifQ==",
          "dependencies": [
            "tls_private_key.ec2_key"
          ]
        }
      ]
    },
    {
      "mode": "managed",
      "type": "aws_route_table",
      "name": "private_route_table",
      "provider": "provider[\"registry.terraform.io/hashicorp/aws\"]",
      "instances": [
        {
          "schema_version": 0,
          "attributes": {
            "arn": "arn:aws:ec2:eu-central-1:730335597556:route-table/rtb-0841f232cf84f8c02",
            "id": "rtb-0841f232cf84f8c02",
            "owner_id": "730335597556",
            "propagating_vgws": [],
            "route": [],
            "tags": {
              "Name": "Private Route Table"
            },
            "tags_all": {
              "Name": "Private Route Table"
            },
            "timeouts": null,
            "vpc_id": "vpc-0d3ef357d7e11b2d9"
          },
          "sensitive_attributes": [],
          "private": "eyJlMmJmYjczMC1lY2FhLTExZTYtOGY4OC0zNDM2M2JjN2M0YzAiOnsiY3JlYXRlIjozMDAwMDAwMDAwMDAsImRlbGV0ZSI6MzAwMDAwMDAwMDAwLCJ1cGRhdGUiOjEyMDAwMDAwMDAwMH19",
          "dependencies": [
            "aws_vpc.my_vpc"
          ]
        }
      ]
    },
    {
      "mode": "managed",
      "type": "aws_route_table",
      "name": "public_route_table",
      "provider": "provider[\"registry.terraform.io/hashicorp/aws\"]",
      "instances": [
        {
          "schema_version": 0,
          "attributes": {
            "arn": "arn:aws:ec2:eu-central-1:730335597556:route-table/rtb-017effed35b9c233a",
            "id": "rtb-017effed35b9c233a",
            "owner_id": "730335597556",
            "propagating_vgws": [],
            "route": [
              {
                "carrier_gateway_id": "",
                "cidr_block": "0.0.0.0/0",
                "core_network_arn": "",
                "destination_prefix_list_id": "",
                "egress_only_gateway_id": "",
                "gateway_id": "igw-09bc5846839d0716f",
                "ipv6_cidr_block": "",
                "local_gateway_id": "",
                "nat_gateway_id": "",
                "network_interface_id": "",
                "transit_gateway_id": "",
                "vpc_endpoint_id": "",
                "vpc_peering_connection_id": ""
              }
            ],
            "tags": {
              "Name": "Public Route Table"
            },
            "tags_all": {
              "Name": "Public Route Table"
            },
            "timeouts": null,
            "vpc_id": "vpc-0d3ef357d7e11b2d9"
          },
          "sensitive_attributes": [],
          "private": "eyJlMmJmYjczMC1lY2FhLTExZTYtOGY4OC0zNDM2M2JjN2M0YzAiOnsiY3JlYXRlIjozMDAwMDAwMDAwMDAsImRlbGV0ZSI6MzAwMDAwMDAwMDAwLCJ1cGRhdGUiOjEyMDAwMDAwMDAwMH19",
          "dependencies": [
            "aws_internet_gateway.gw1",
            "aws_vpc.my_vpc"
          ]
        }
      ]
    },
    {
      "mode": "managed",
      "type": "aws_route_table_association",
      "name": "private_association",
      "provider": "provider[\"registry.terraform.io/hashicorp/aws\"]",
      "instances": [
        {
          "schema_version": 0,
          "attributes": {
            "gateway_id": "",
            "id": "rtbassoc-0a3bffceb595587f2",
            "route_table_id": "rtb-0841f232cf84f8c02",
            "subnet_id": "subnet-0bc7ec1e0a3d8c71d",
            "timeouts": null
          },
          "sensitive_attributes": [],
          "private": "eyJlMmJmYjczMC1lY2FhLTExZTYtOGY4OC0zNDM2M2JjN2M0YzAiOnsiY3JlYXRlIjozMDAwMDAwMDAwMDAsImRlbGV0ZSI6MzAwMDAwMDAwMDAwLCJ1cGRhdGUiOjEyMDAwMDAwMDAwMH19",
          "dependencies": [
            "aws_route_table.private_route_table",
            "aws_subnet.private_subnet",
            "aws_vpc.my_vpc"
          ]
        }
      ]
    },
    {
      "mode": "managed",
      "type": "aws_route_table_association",
      "name": "public_association",
      "provider": "provider[\"registry.terraform.io/hashicorp/aws\"]",
      "instances": [
        {
          "schema_version": 0,
          "attributes": {
            "gateway_id": "",
            "id": "rtbassoc-0ae1c5fb342a806b9",
            "route_table_id": "rtb-017effed35b9c233a",
            "subnet_id": "subnet-0ed46b9c671d78c76",
            "timeouts": null
          },
          "sensitive_attributes": [],
          "private": "eyJlMmJmYjczMC1lY2FhLTExZTYtOGY4OC0zNDM2M2JjN2M0YzAiOnsiY3JlYXRlIjozMDAwMDAwMDAwMDAsImRlbGV0ZSI6MzAwMDAwMDAwMDAwLCJ1cGRhdGUiOjEyMDAwMDAwMDAwMH19",
          "dependencies": [
            "aws_internet_gateway.gw1",
            "aws_route_table.public_route_table",
            "aws_subnet.public_subnet",
            "aws_vpc.my_vpc"
          ]
        }
      ]
    },
    {
      "mode": "managed",
      "type": "aws_security_group",
      "name": "allow_ssh",
      "provider": "provider[\"registry.terraform.io/hashicorp/aws\"]",
      "instances": [
        {
          "schema_version": 1,
          "attributes": {
            "arn": "arn:aws:ec2:eu-central-1:730335597556:security-group/sg-06446ce2d56346806",
            "description": "Allow inbound SSH traffic",
            "egress": [
              {
                "cidr_blocks": [
                  "0.0.0.0/0"
                ],
                "description": "",
                "from_port": 0,
                "ipv6_cidr_blocks": [],
                "prefix_list_ids": [],
                "protocol": "-1",
                "security_groups": [],
                "self": false,
                "to_port": 0
              }
            ],
            "id": "sg-06446ce2d56346806",
            "ingress": [
              {
                "cidr_blocks": [
                  "0.0.0.0/0"
                ],
                "description": "",
                "from_port": 22,
                "ipv6_cidr_blocks": [],
                "prefix_list_ids": [],
                "protocol": "tcp",
                "security_groups": [],
                "self": false,
                "to_port": 22
              }
            ],
            "name": "allow_ssh",
            "name_prefix": "",
            "owner_id": "730335597556",
            "revoke_rules_on_delete": false,
            "tags": null,
            "tags_all": {},
            "timeouts": null,
            "vpc_id": "vpc-0d3ef357d7e11b2d9"
          },
          "sensitive_attributes": [],
          "private": "eyJlMmJmYjczMC1lY2FhLTExZTYtOGY4OC0zNDM2M2JjN2M0YzAiOnsiY3JlYXRlIjo2MDAwMDAwMDAwMDAsImRlbGV0ZSI6OTAwMDAwMDAwMDAwfSwic2NoZW1hX3ZlcnNpb24iOiIxIn0=",
          "dependencies": [
            "aws_vpc.my_vpc"
          ]
        }
      ]
    },
    {
      "mode": "managed",
      "type": "aws_subnet",
      "name": "private_subnet",
      "provider": "provider[\"registry.terraform.io/hashicorp/aws\"]",
      "instances": [
        {
          "schema_version": 1,
          "attributes": {
            "arn": "arn:aws:ec2:eu-central-1:730335597556:subnet/subnet-0bc7ec1e0a3d8c71d",
            "assign_ipv6_address_on_creation": false,
            "availability_zone": "eu-central-1b",
            "availability_zone_id": "euc1-az3",
            "cidr_block": "192.168.2.0/24",
            "customer_owned_ipv4_pool": "",
            "enable_dns64": false,
            "enable_lni_at_device_index": 0,
            "enable_resource_name_dns_a_record_on_launch": false,
            "enable_resource_name_dns_aaaa_record_on_launch": false,
            "id": "subnet-0bc7ec1e0a3d8c71d",
            "ipv6_cidr_block": "",
            "ipv6_cidr_block_association_id": "",
            "ipv6_native": false,
            "map_customer_owned_ip_on_launch": false,
            "map_public_ip_on_launch": false,
            "outpost_arn": "",
            "owner_id": "730335597556",
            "private_dns_hostname_type_on_launch": "ip-name",
            "tags": null,
            "tags_all": {},
            "timeouts": null,
            "vpc_id": "vpc-0d3ef357d7e11b2d9"
          },
          "sensitive_attributes": [],
          "private": "eyJlMmJmYjczMC1lY2FhLTExZTYtOGY4OC0zNDM2M2JjN2M0YzAiOnsiY3JlYXRlIjo2MDAwMDAwMDAwMDAsImRlbGV0ZSI6MTIwMDAwMDAwMDAwMH0sInNjaGVtYV92ZXJzaW9uIjoiMSJ9",
          "dependencies": [
            "aws_vpc.my_vpc"
          ]
        }
      ]
    },
    {
      "mode": "managed",
      "type": "aws_subnet",
      "name": "public_subnet",
      "provider": "provider[\"registry.terraform.io/hashicorp/aws\"]",
      "instances": [
        {
          "schema_version": 1,
          "attributes": {
            "arn": "arn:aws:ec2:eu-central-1:730335597556:subnet/subnet-0ed46b9c671d78c76",
            "assign_ipv6_address_on_creation": false,
            "availability_zone": "eu-central-1a",
            "availability_zone_id": "euc1-az2",
            "cidr_block": "192.168.1.0/24",
            "customer_owned_ipv4_pool": "",
            "enable_dns64": false,
            "enable_lni_at_device_index": 0,
            "enable_resource_name_dns_a_record_on_launch": false,
            "enable_resource_name_dns_aaaa_record_on_launch": false,
            "id": "subnet-0ed46b9c671d78c76",
            "ipv6_cidr_block": "",
            "ipv6_cidr_block_association_id": "",
            "ipv6_native": false,
            "map_customer_owned_ip_on_launch": false,
            "map_public_ip_on_launch": true,
            "outpost_arn": "",
            "owner_id": "730335597556",
            "private_dns_hostname_type_on_launch": "ip-name",
            "tags": null,
            "tags_all": {},
            "timeouts": null,
            "vpc_id": "vpc-0d3ef357d7e11b2d9"
          },
          "sensitive_attributes": [],
          "private": "eyJlMmJmYjczMC1lY2FhLTExZTYtOGY4OC0zNDM2M2JjN2M0YzAiOnsiY3JlYXRlIjo2MDAwMDAwMDAwMDAsImRlbGV0ZSI6MTIwMDAwMDAwMDAwMH0sInNjaGVtYV92ZXJzaW9uIjoiMSJ9",
          "dependencies": [
            "aws_vpc.my_vpc"
          ]
        }
      ]
    },
    {
      "mode": "managed",
      "type": "aws_vpc",
      "name": "my_vpc",
      "provider": "provider[\"registry.terraform.io/hashicorp/aws\"]",
      "instances": [
        {
          "schema_version": 1,
          "attributes": {
            "arn": "arn:aws:ec2:eu-central-1:730335597556:vpc/vpc-0d3ef357d7e11b2d9",
            "assign_generated_ipv6_cidr_block": false,
            "cidr_block": "192.168.0.0/16",
            "default_network_acl_id": "acl-0785599425b6465e1",
            "default_route_table_id": "rtb-0de339fe8fd4c81d6",
            "default_security_group_id": "sg-0ee537056432a1d5a",
            "dhcp_options_id": "dopt-020b775cc649f419b",
            "enable_dns_hostnames": false,
            "enable_dns_support": true,
            "enable_network_address_usage_metrics": false,
            "id": "vpc-0d3ef357d7e11b2d9",
            "instance_tenancy": "default",
            "ipv4_ipam_pool_id": null,
            "ipv4_netmask_length": null,
            "ipv6_association_id": "",
            "ipv6_cidr_block": "",
            "ipv6_cidr_block_network_border_group": "",
            "ipv6_ipam_pool_id": "",
            "ipv6_netmask_length": 0,
            "main_route_table_id": "rtb-0de339fe8fd4c81d6",
            "owner_id": "730335597556",
            "tags": {
              "Name": "vpc_production"
            },
            "tags_all": {
              "Name": "vpc_production"
            }
          },
          "sensitive_attributes": [],
          "private": "eyJzY2hlbWFfdmVyc2lvbiI6IjEifQ=="
        }
      ]
    },
    {
      "mode": "managed",
      "type": "local_file",
      "name": "inventory",
      "provider": "provider[\"registry.terraform.io/hashicorp/local\"]",
      "instances": [
        {
          "schema_version": 0,
          "attributes": {
            "content": "[all]\nmyvm ansible_host=18.159.59.141\n\n[all:vars]\nansible_user=ec2-user\nregion=eu-central-1\n",
            "content_base64": null,
            "content_base64sha256": "yXnF+npUkUczpvm+sIMOc0OHsvxQVHnTdqA14gTyO4o=",
            "content_base64sha512": "IqLBGGYXARrUz07N2vfb1iSqBkJJdHpRjCnQfD2/N7PfANOyrPqjnfiLohCRC/DeDBB/8qnpcuKWwVBIA95OEQ==",
            "content_md5": "b4f30b121548207321946b7293519891",
            "content_sha1": "d4f15619f5ea27048c7820377e27b58b6b4494c3",
            "content_sha256": "c979c5fa7a54914733a6f9beb0830e734387b2fc505479d376a035e204f23b8a",
            "content_sha512": "22a2c1186617011ad4cf4ecddaf7dbd624aa064249747a518c29d07c3dbf37b3df00d3b2acfaa39df88ba210910bf0de0c107ff2a9e972e296c1504803de4e11",
            "directory_permission": "0777",
            "file_permission": "0640",
            "filename": "../ansible/inventory/ansible-inventory",
            "id": "d4f15619f5ea27048c7820377e27b58b6b4494c3",
            "sensitive_content": null,
            "source": null
          },
          "sensitive_attributes": [
            [
              {
                "type": "get_attr",
                "value": "sensitive_content"
              }
            ]
          ],
          "dependencies": [
            "aws_instance.django",
            "aws_key_pair.ssh_key",
            "aws_security_group.allow_ssh",
            "aws_subnet.public_subnet",
            "aws_vpc.my_vpc",
            "tls_private_key.ec2_key"
          ]
        }
      ]
    },
    {
      "mode": "managed",
      "type": "local_sensitive_file",
      "name": "pem_files",
      "provider": "provider[\"registry.terraform.io/hashicorp/local\"]",
      "instances": [
        {
          "schema_version": 0,
          "attributes": {
            "content": "-----BEGIN RSA PRIVATE KEY-----\nMIIJJwIBAAKCAgEAn1Xy8KnOIXdViFVwwytNBQ8CesQh2ke36DSyBqd8Q6eUf9Hi\n0lSdkJBD7ekIvUQSzEN1OLRmiNgcAUpgPmF1O4SryUWC28wN7ifCmOyQZtiVgmmB\nOqUR+1w6nBBG289ggJPUt/laCVRhEFH/0jPCVtUPmWFK8InK6gQKUjNf1FEKRV8P\nFkZYzdmMaBCs7o1xv3fa3E6Vm60yj42SUbTMe8K6KCi3DuEifu0hfTT7JdOmffRk\nnXeW5vhVmnavnhvEGepfe9H4CGyUlXATcbwlGCpvSeJiEoL5w39s517asxxsjmkd\niXDMujypWOhVhKug4pTduUg2WfCWG0V8cuVALwwd7Ad+FVfPTkPgcaB8jnPMba1D\ncXrYVXHliIov3wNryKkYon3GyCMNWugUUH86zESq1yPfnvifVUrCXdGZoESQ0H6Z\nPOoB7eJ0S/ajC4tbFdgLUDtFzffPYB/mm5K+VVDQmGfEXi871ZqbM/cAp6KA9D4X\nFXsk0yW1oAAjHsM19Aqm+VoGHW0kiEF/qS558aUs8UjDTkw/fKYJkaLhVxFV6nVU\nmm/3O75arPABTYHY+kNOnY32OpZA/QlC8KhUZcHpcqd3KD+aG//WxpPVQ8Vq6afV\nCazm+vJhbHkAo4re7HkBzm6WciKLegpa9zUfdfbblTqzL4cva7ZSJnGfSHkCAwEA\nAQKCAgAcsEUFwA01SV9FJN0gxvMfLgysPhQ6UR9z18kWGaHuLIY4XXoRlNqp5M/W\nTlccfN1Fmf/JLfIoQYEJWnLpyHJrPQARRUrCeIMplk8baby2R9jjmkuCW6ZZM8n5\nv5SCj1w4ymVKmsLzWxX+8kS1fExJhiNA4puzo5u9duzE0Cs49z56LxtwT0o+BiWZ\ntybr7NvGNbZaZGvbk9u+rSbjP0JyJiWOhYYwT6j+YYPeH2P485rOoupaz+WDwMLp\nBOWp+iXc5K48hRm7qpE2Nu/JUq77IujWzMQLwTlnUdIx9oo6JawGGDcRQBYckj+L\nmomLUbuuEE+7xJzEpOTiFCjMJyrfBOgutQ5+5C9e2Y9fvgc2qSZsbSnD06Lx6tGa\nPU9jE/Xr11olljJB8sfd/3VfoFkTgFPWhHvjfG8QJ9VSzKuVYZ9VBA+ZpJFbDniK\nZd6KXE++jHC4LlHoW6a7EoDP+RGVfGRnk6ApL5m7SU6JhwAgYc1zun9muMArwlLB\n7MYzb2FwAd9d76V1HTH2vGDNWv26HmjgCJlp+fIDb7RYqX9LJVm679voFs+Cdfk/\nMX+H2+5s6IQZGQ+U3mcT3WOXzCr4fE7cnxmBpD0wAg4aBGGcEsUBGBnrqPZEhAQw\nFikNxqXx5eYhq8WFbUsiVeQiVr4cI3ddAbx3Rx5kkymHdclsAQKCAQEAwK0Vtgq1\nPT6PP1vp5f9EzKGPCi4UDACRRbmlqT4j6FV+SA+Ks/e0lxCsPyYBsygqdUuz2VVX\nR1G5c+XE9ZPcWiWwyg14NZuQhKQvdIi3MuGH1gcei44kk3gZxqFph/eGW2704TDr\nt8CtqZVXrOKfg98UHVFw/hCHdo3MBqmrMN2jp1x0wL3+BAcVQTN0iQ/XfLHUnqM5\nEQk+7N41xOLsAFVGerwqXn8Cm3viPacAoNC3LaU/E9WxA2oGKinP0FIhguKH4D5g\n+2n+XXZqUCIbPY2U38qqJPgl1Fx6mzU/tJIAk8hkfsBdzzi08QsN4ricUELjMbdy\njAE+Ff15yQ1jqQKCAQEA07PAruLjbhXM4dgoU8PTGqXNYHnVl6fqwFCSMnta4Z4E\nqteFeGm27i6mhGkIuocuMGfXQ+SIE3uAnUtxw+7PmtN2aUttfMu7RAxRTgPDA7tx\n+VqzLrewvAIVua9cLRuJZ7dKfTWe5zCi7dv4ohN1PyKJWXVCE8C3PKN70QhJRpFB\nN2TnM60H7Cwd0cs2pYVp59oVK2VG+E4TVms4ggIiw9Ycvd/yAVZZ/lemiWugdaLi\nm80WVohe6/atL3fHd0a4uFvw5aKiLG+L3GLgHZyV858c9UYrZpFWt240zzDWOBtx\n+S7WBeVTnRLoe5R2XPqpBRw+P0aFMNxaBhPhQwTAUQKCAQAQ0cs4ZfzmSMTGeiaT\n7lG6L0xGTjlvxsjntkoQ2RzXVkc80SaBiVkZatoudQnm8tWqAZ7ElR+WWTsANAma\ninrM38dsC/r3awoVmiOOX7TmWyu5ckunURQ+T1ior0SAGwp+htQXqGabVtWSHThX\nHj1gjKO733UmqJi6r6wk1MDd9isoG/kRLkSzY07mrzA4Gsrr1rZB1uvPYeg9UzSM\naGbDrK4HXs+wChRXMFxSl3aFk1K6SFeWSqw2KRY6rgW3IMROIapM2AUtTVZoIEMt\nlZydJfPeCVoK+iKLRDtrux1BjRFB1Vd4fSBzS3b4J8fhh84Vb5FXsLTuJdmen872\nzxVpAoIBACwHUGWO7nnwssGtsQVqzrbWENalwBRgaeRBXYZ+PTJ7KMFXPX0Dj3YN\n4bfcGGKixqpujkiieOKEZwVPsYNsYWTz4caYV1cDEBlg7m/pPF/EVjnj8SwgK/OO\nA3Kw09zVw0f8yNMtmbS/WsNZYmZi4ZmV1zbxuiJdjD5iSdf5fzPb9dJNfAA1VlZ5\n/mGpf94A1zvPEWQLFi2CH2dzuTbgttY/645Zyv0YNnM9S3d9GMweaj648pJgnk04\n6l/a63MVFEnTZVB8+HmBYXceYToHXPBkASPJyjD0vTI9C2Kj54mXu6Z1ZTGotjEO\nw6cgA1XnE8vqSc/jHMRCr75f2BOWI2ECggEAMamie/+m5EvXASIc0xpbY4szUtkT\nq0Wbxt/LLYhDtkeJcPv3CUZLENRPhow12sqEci0o/z+s8FIZaDcYe15xmNvkIb0T\nLFL584Xr+hNQn7pYVt+OUSf4NVy/fYyoKQ5ltY6z/cu5wUmK7uI1JLifbWM0/upU\n5gbsm9KY9NlBpAu3J7F3wjT0VS3uTzSAAHxAvZqNJ68iYDZG9/wMeyROF1gVp5nF\nmJpwFzfc2wAnnSoMzlJBZnsT5dc0hFWumaP0+m4b2MB7BA1ZgRnPRNvA4yplM5Gt\nV9FOjzKf4ZGPDGJKVkvTH9VwcPszqX2mQ9Hmg8ra9y7iHyNPVfNvhYr6/Q==\n-----END RSA PRIVATE KEY-----\n",
            "content_base64": null,
            "content_base64sha256": "HealKhye7jKDpO3mokMGaap5FSnklPVpDa0TnyerMY4=",
            "content_base64sha512": "PhvCS+yt4CeS3uaoPFxqCmzEhht2juMfiJ69lT2qWCylru2XBWjJj1aHsMKGZ9QhEh76+jr55MJrzjTiAjgB4w==",
            "content_md5": "a8e0996d501eabd43044f702aea6c14b",
            "content_sha1": "c1226a84b8f1314c1c7c1168c5e80e26d6cd5bc0",
            "content_sha256": "1de6a52a1c9eee3283a4ede6a2430669aa791529e494f5690dad139f27ab318e",
            "content_sha512": "3e1bc24becade02792dee6a83c5c6a0a6cc4861b768ee31f889ebd953daa582ca5aeed970568c98f5687b0c28667d421121efafa3af9e4c26bce34e2023801e3",
            "directory_permission": "0700",
            "file_permission": "0600",
            "filename": "../ansible/EC2-django.pem",
            "id": "c1226a84b8f1314c1c7c1168c5e80e26d6cd5bc0",
            "source": null
          },
          "sensitive_attributes": [
            [
              {
                "type": "get_attr",
                "value": "content"
              }
            ],
            [
              {
                "type": "get_attr",
                "value": "content_base64"
              }
            ]
          ],
          "dependencies": [
            "tls_private_key.ec2_key"
          ]
        }
      ]
    },
    {
      "mode": "managed",
      "type": "null_resource",
      "name": "run_ansible",
      "provider": "provider[\"registry.terraform.io/hashicorp/null\"]",
      "instances": [
        {
          "schema_version": 0,
          "attributes": {
            "id": "1845066820289848632",
            "triggers": null
          },
          "sensitive_attributes": [],
          "dependencies": [
            "aws_instance.django",
            "aws_key_pair.ssh_key",
            "aws_security_group.allow_ssh",
            "aws_subnet.public_subnet",
            "aws_vpc.my_vpc",
            "tls_private_key.ec2_key"
          ]
        }
      ]
    },
    {
      "mode": "managed",
      "type": "tls_private_key",
      "name": "ec2_key",
      "provider": "provider[\"registry.terraform.io/hashicorp/tls\"]",
      "instances": [
        {
          "schema_version": 1,
          "attributes": {
            "algorithm": "RSA",
            "ecdsa_curve": "P224",
            "id": "0670b6c0c698f17e22915b7a135894edf30e0d3b",
            "private_key_openssh": "-----BEGIN OPENSSH PRIVATE KEY-----\nb3BlbnNzaC1rZXktdjEAAAAABG5vbmUAAAAEbm9uZQAAAAAAAAABAAACFwAAAAdz\nc2gtcnNhAAAAAwEAAQAAAgEAn1Xy8KnOIXdViFVwwytNBQ8CesQh2ke36DSyBqd8\nQ6eUf9Hi0lSdkJBD7ekIvUQSzEN1OLRmiNgcAUpgPmF1O4SryUWC28wN7ifCmOyQ\nZtiVgmmBOqUR+1w6nBBG289ggJPUt/laCVRhEFH/0jPCVtUPmWFK8InK6gQKUjNf\n1FEKRV8PFkZYzdmMaBCs7o1xv3fa3E6Vm60yj42SUbTMe8K6KCi3DuEifu0hfTT7\nJdOmffRknXeW5vhVmnavnhvEGepfe9H4CGyUlXATcbwlGCpvSeJiEoL5w39s517a\nsxxsjmkdiXDMujypWOhVhKug4pTduUg2WfCWG0V8cuVALwwd7Ad+FVfPTkPgcaB8\njnPMba1DcXrYVXHliIov3wNryKkYon3GyCMNWugUUH86zESq1yPfnvifVUrCXdGZ\noESQ0H6ZPOoB7eJ0S/ajC4tbFdgLUDtFzffPYB/mm5K+VVDQmGfEXi871ZqbM/cA\np6KA9D4XFXsk0yW1oAAjHsM19Aqm+VoGHW0kiEF/qS558aUs8UjDTkw/fKYJkaLh\nVxFV6nVUmm/3O75arPABTYHY+kNOnY32OpZA/QlC8KhUZcHpcqd3KD+aG//WxpPV\nQ8Vq6afVCazm+vJhbHkAo4re7HkBzm6WciKLegpa9zUfdfbblTqzL4cva7ZSJnGf\nSHkAAAc4d92L+Xfdi/kAAAAHc3NoLXJzYQAAAgEAn1Xy8KnOIXdViFVwwytNBQ8C\nesQh2ke36DSyBqd8Q6eUf9Hi0lSdkJBD7ekIvUQSzEN1OLRmiNgcAUpgPmF1O4Sr\nyUWC28wN7ifCmOyQZtiVgmmBOqUR+1w6nBBG289ggJPUt/laCVRhEFH/0jPCVtUP\nmWFK8InK6gQKUjNf1FEKRV8PFkZYzdmMaBCs7o1xv3fa3E6Vm60yj42SUbTMe8K6\nKCi3DuEifu0hfTT7JdOmffRknXeW5vhVmnavnhvEGepfe9H4CGyUlXATcbwlGCpv\nSeJiEoL5w39s517asxxsjmkdiXDMujypWOhVhKug4pTduUg2WfCWG0V8cuVALwwd\n7Ad+FVfPTkPgcaB8jnPMba1DcXrYVXHliIov3wNryKkYon3GyCMNWugUUH86zESq\n1yPfnvifVUrCXdGZoESQ0H6ZPOoB7eJ0S/ajC4tbFdgLUDtFzffPYB/mm5K+VVDQ\nmGfEXi871ZqbM/cAp6KA9D4XFXsk0yW1oAAjHsM19Aqm+VoGHW0kiEF/qS558aUs\n8UjDTkw/fKYJkaLhVxFV6nVUmm/3O75arPABTYHY+kNOnY32OpZA/QlC8KhUZcHp\ncqd3KD+aG//WxpPVQ8Vq6afVCazm+vJhbHkAo4re7HkBzm6WciKLegpa9zUfdfbb\nlTqzL4cva7ZSJnGfSHkAAAADAQABAAACABywRQXADTVJX0Uk3SDG8x8uDKw+FDpR\nH3PXyRYZoe4shjhdehGU2qnkz9ZOVxx83UWZ/8kt8ihBgQlacunIcms9ABFFSsJ4\ngymWTxtpvLZH2OOaS4Jbplkzyfm/lIKPXDjKZUqawvNbFf7yRLV8TEmGI0Dim7Oj\nm7127MTQKzj3PnovG3BPSj4GJZm3Juvs28Y1tlpka9uT276tJuM/QnImJY6FhjBP\nqP5hg94fY/jzms6i6lrP5YPAwukE5an6JdzkrjyFGbuqkTY278lSrvsi6NbMxAvB\nOWdR0jH2ijolrAYYNxFAFhySP4uaiYtRu64QT7vEnMSk5OIUKMwnKt8E6C61Dn7k\nL17Zj1++BzapJmxtKcPTovHq0Zo9T2MT9evXWiWWMkHyx93/dV+gWROAU9aEe+N8\nbxAn1VLMq5Vhn1UED5mkkVsOeIpl3opcT76McLguUehbprsSgM/5EZV8ZGeToCkv\nmbtJTomHACBhzXO6f2a4wCvCUsHsxjNvYXAB313vpXUdMfa8YM1a/boeaOAImWn5\n8gNvtFipf0slWbrv2+gWz4J1+T8xf4fb7mzohBkZD5TeZxPdY5fMKvh8TtyfGYGk\nPTACDhoEYZwSxQEYGeuo9kSEBDAWKQ3GpfHl5iGrxYVtSyJV5CJWvhwjd10BvHdH\nHmSTKYd1yWwBAAABADGponv/puRL1wEiHNMaW2OLM1LZE6tFm8bfyy2IQ7ZHiXD7\n9wlGSxDUT4aMNdrKhHItKP8/rPBSGWg3GHtecZjb5CG9EyxS+fOF6/oTUJ+6WFbf\njlEn+DVcv32MqCkOZbWOs/3LucFJiu7iNSS4n21jNP7qVOYG7JvSmPTZQaQLtyex\nd8I09FUt7k80gAB8QL2ajSevImA2Rvf8DHskThdYFaeZxZiacBc33NsAJ50qDM5S\nQWZ7E+XXNIRVrpmj9PpuG9jAewQNWYEZz0TbwOMqZTORrVfRTo8yn+GRjwxiSlZL\n0x/VcHD7M6l9pkPR5oPK2vcu4h8jT1Xzb4WK+v0AAAEBAMCtFbYKtT0+jz9b6eX/\nRMyhjwouFAwAkUW5pak+I+hVfkgPirP3tJcQrD8mAbMoKnVLs9lVV0dRuXPlxPWT\n3FolsMoNeDWbkISkL3SItzLhh9YHHouOJJN4GcahaYf3hltu9OEw67fAramVV6zi\nn4PfFB1RcP4Qh3aNzAapqzDdo6dcdMC9/gQHFUEzdIkP13yx1J6jOREJPuzeNcTi\n7ABVRnq8Kl5/Apt74j2nAKDQty2lPxPVsQNqBiopz9BSIYLih+A+YPtp/l12alAi\nGz2NlN/KqiT4JdRceps1P7SSAJPIZH7AXc84tPELDeK4nFBC4zG3cowBPhX9eckN\nY6kAAAEBANOzwK7i424VzOHYKFPD0xqlzWB51Zen6sBQkjJ7WuGeBKrXhXhptu4u\npoRpCLqHLjBn10PkiBN7gJ1LccPuz5rTdmlLbXzLu0QMUU4DwwO7cflasy63sLwC\nFbmvXC0biWe3Sn01nucwou3b+KITdT8iiVl1QhPAtzyje9EISUaRQTdk5zOtB+ws\nHdHLNqWFaefaFStlRvhOE1ZrOIICIsPWHL3f8gFWWf5XpolroHWi4pvNFlaIXuv2\nrS93x3dGuLhb8OWioixvi9xi4B2clfOfHPVGK2aRVrduNM8w1jgbcfku1gXlU50S\n6HuUdlz6qQUcPj9GhTDcWgYT4UMEwFEAAAAAAQID\n-----END OPENSSH PRIVATE KEY-----\n",
            "private_key_pem": "-----BEGIN RSA PRIVATE KEY-----\nMIIJJwIBAAKCAgEAn1Xy8KnOIXdViFVwwytNBQ8CesQh2ke36DSyBqd8Q6eUf9Hi\n0lSdkJBD7ekIvUQSzEN1OLRmiNgcAUpgPmF1O4SryUWC28wN7ifCmOyQZtiVgmmB\nOqUR+1w6nBBG289ggJPUt/laCVRhEFH/0jPCVtUPmWFK8InK6gQKUjNf1FEKRV8P\nFkZYzdmMaBCs7o1xv3fa3E6Vm60yj42SUbTMe8K6KCi3DuEifu0hfTT7JdOmffRk\nnXeW5vhVmnavnhvEGepfe9H4CGyUlXATcbwlGCpvSeJiEoL5w39s517asxxsjmkd\niXDMujypWOhVhKug4pTduUg2WfCWG0V8cuVALwwd7Ad+FVfPTkPgcaB8jnPMba1D\ncXrYVXHliIov3wNryKkYon3GyCMNWugUUH86zESq1yPfnvifVUrCXdGZoESQ0H6Z\nPOoB7eJ0S/ajC4tbFdgLUDtFzffPYB/mm5K+VVDQmGfEXi871ZqbM/cAp6KA9D4X\nFXsk0yW1oAAjHsM19Aqm+VoGHW0kiEF/qS558aUs8UjDTkw/fKYJkaLhVxFV6nVU\nmm/3O75arPABTYHY+kNOnY32OpZA/QlC8KhUZcHpcqd3KD+aG//WxpPVQ8Vq6afV\nCazm+vJhbHkAo4re7HkBzm6WciKLegpa9zUfdfbblTqzL4cva7ZSJnGfSHkCAwEA\nAQKCAgAcsEUFwA01SV9FJN0gxvMfLgysPhQ6UR9z18kWGaHuLIY4XXoRlNqp5M/W\nTlccfN1Fmf/JLfIoQYEJWnLpyHJrPQARRUrCeIMplk8baby2R9jjmkuCW6ZZM8n5\nv5SCj1w4ymVKmsLzWxX+8kS1fExJhiNA4puzo5u9duzE0Cs49z56LxtwT0o+BiWZ\ntybr7NvGNbZaZGvbk9u+rSbjP0JyJiWOhYYwT6j+YYPeH2P485rOoupaz+WDwMLp\nBOWp+iXc5K48hRm7qpE2Nu/JUq77IujWzMQLwTlnUdIx9oo6JawGGDcRQBYckj+L\nmomLUbuuEE+7xJzEpOTiFCjMJyrfBOgutQ5+5C9e2Y9fvgc2qSZsbSnD06Lx6tGa\nPU9jE/Xr11olljJB8sfd/3VfoFkTgFPWhHvjfG8QJ9VSzKuVYZ9VBA+ZpJFbDniK\nZd6KXE++jHC4LlHoW6a7EoDP+RGVfGRnk6ApL5m7SU6JhwAgYc1zun9muMArwlLB\n7MYzb2FwAd9d76V1HTH2vGDNWv26HmjgCJlp+fIDb7RYqX9LJVm679voFs+Cdfk/\nMX+H2+5s6IQZGQ+U3mcT3WOXzCr4fE7cnxmBpD0wAg4aBGGcEsUBGBnrqPZEhAQw\nFikNxqXx5eYhq8WFbUsiVeQiVr4cI3ddAbx3Rx5kkymHdclsAQKCAQEAwK0Vtgq1\nPT6PP1vp5f9EzKGPCi4UDACRRbmlqT4j6FV+SA+Ks/e0lxCsPyYBsygqdUuz2VVX\nR1G5c+XE9ZPcWiWwyg14NZuQhKQvdIi3MuGH1gcei44kk3gZxqFph/eGW2704TDr\nt8CtqZVXrOKfg98UHVFw/hCHdo3MBqmrMN2jp1x0wL3+BAcVQTN0iQ/XfLHUnqM5\nEQk+7N41xOLsAFVGerwqXn8Cm3viPacAoNC3LaU/E9WxA2oGKinP0FIhguKH4D5g\n+2n+XXZqUCIbPY2U38qqJPgl1Fx6mzU/tJIAk8hkfsBdzzi08QsN4ricUELjMbdy\njAE+Ff15yQ1jqQKCAQEA07PAruLjbhXM4dgoU8PTGqXNYHnVl6fqwFCSMnta4Z4E\nqteFeGm27i6mhGkIuocuMGfXQ+SIE3uAnUtxw+7PmtN2aUttfMu7RAxRTgPDA7tx\n+VqzLrewvAIVua9cLRuJZ7dKfTWe5zCi7dv4ohN1PyKJWXVCE8C3PKN70QhJRpFB\nN2TnM60H7Cwd0cs2pYVp59oVK2VG+E4TVms4ggIiw9Ycvd/yAVZZ/lemiWugdaLi\nm80WVohe6/atL3fHd0a4uFvw5aKiLG+L3GLgHZyV858c9UYrZpFWt240zzDWOBtx\n+S7WBeVTnRLoe5R2XPqpBRw+P0aFMNxaBhPhQwTAUQKCAQAQ0cs4ZfzmSMTGeiaT\n7lG6L0xGTjlvxsjntkoQ2RzXVkc80SaBiVkZatoudQnm8tWqAZ7ElR+WWTsANAma\ninrM38dsC/r3awoVmiOOX7TmWyu5ckunURQ+T1ior0SAGwp+htQXqGabVtWSHThX\nHj1gjKO733UmqJi6r6wk1MDd9isoG/kRLkSzY07mrzA4Gsrr1rZB1uvPYeg9UzSM\naGbDrK4HXs+wChRXMFxSl3aFk1K6SFeWSqw2KRY6rgW3IMROIapM2AUtTVZoIEMt\nlZydJfPeCVoK+iKLRDtrux1BjRFB1Vd4fSBzS3b4J8fhh84Vb5FXsLTuJdmen872\nzxVpAoIBACwHUGWO7nnwssGtsQVqzrbWENalwBRgaeRBXYZ+PTJ7KMFXPX0Dj3YN\n4bfcGGKixqpujkiieOKEZwVPsYNsYWTz4caYV1cDEBlg7m/pPF/EVjnj8SwgK/OO\nA3Kw09zVw0f8yNMtmbS/WsNZYmZi4ZmV1zbxuiJdjD5iSdf5fzPb9dJNfAA1VlZ5\n/mGpf94A1zvPEWQLFi2CH2dzuTbgttY/645Zyv0YNnM9S3d9GMweaj648pJgnk04\n6l/a63MVFEnTZVB8+HmBYXceYToHXPBkASPJyjD0vTI9C2Kj54mXu6Z1ZTGotjEO\nw6cgA1XnE8vqSc/jHMRCr75f2BOWI2ECggEAMamie/+m5EvXASIc0xpbY4szUtkT\nq0Wbxt/LLYhDtkeJcPv3CUZLENRPhow12sqEci0o/z+s8FIZaDcYe15xmNvkIb0T\nLFL584Xr+hNQn7pYVt+OUSf4NVy/fYyoKQ5ltY6z/cu5wUmK7uI1JLifbWM0/upU\n5gbsm9KY9NlBpAu3J7F3wjT0VS3uTzSAAHxAvZqNJ68iYDZG9/wMeyROF1gVp5nF\nmJpwFzfc2wAnnSoMzlJBZnsT5dc0hFWumaP0+m4b2MB7BA1ZgRnPRNvA4yplM5Gt\nV9FOjzKf4ZGPDGJKVkvTH9VwcPszqX2mQ9Hmg8ra9y7iHyNPVfNvhYr6/Q==\n-----END RSA PRIVATE KEY-----\n",
            "private_key_pem_pkcs8": "-----BEGIN PRIVATE KEY-----\nMIIJQQIBADANBgkqhkiG9w0BAQEFAASCCSswggknAgEAAoICAQCfVfLwqc4hd1WI\nVXDDK00FDwJ6xCHaR7foNLIGp3xDp5R/0eLSVJ2QkEPt6Qi9RBLMQ3U4tGaI2BwB\nSmA+YXU7hKvJRYLbzA3uJ8KY7JBm2JWCaYE6pRH7XDqcEEbbz2CAk9S3+VoJVGEQ\nUf/SM8JW1Q+ZYUrwicrqBApSM1/UUQpFXw8WRljN2YxoEKzujXG/d9rcTpWbrTKP\njZJRtMx7wrooKLcO4SJ+7SF9NPsl06Z99GSdd5bm+FWadq+eG8QZ6l970fgIbJSV\ncBNxvCUYKm9J4mISgvnDf2znXtqzHGyOaR2JcMy6PKlY6FWEq6DilN25SDZZ8JYb\nRXxy5UAvDB3sB34VV89OQ+BxoHyOc8xtrUNxethVceWIii/fA2vIqRiifcbIIw1a\n6BRQfzrMRKrXI9+e+J9VSsJd0ZmgRJDQfpk86gHt4nRL9qMLi1sV2AtQO0XN989g\nH+abkr5VUNCYZ8ReLzvVmpsz9wCnooD0PhcVeyTTJbWgACMewzX0Cqb5WgYdbSSI\nQX+pLnnxpSzxSMNOTD98pgmRouFXEVXqdVSab/c7vlqs8AFNgdj6Q06djfY6lkD9\nCULwqFRlwelyp3coP5ob/9bGk9VDxWrpp9UJrOb68mFseQCjit7seQHObpZyIot6\nClr3NR919tuVOrMvhy9rtlImcZ9IeQIDAQABAoICABywRQXADTVJX0Uk3SDG8x8u\nDKw+FDpRH3PXyRYZoe4shjhdehGU2qnkz9ZOVxx83UWZ/8kt8ihBgQlacunIcms9\nABFFSsJ4gymWTxtpvLZH2OOaS4Jbplkzyfm/lIKPXDjKZUqawvNbFf7yRLV8TEmG\nI0Dim7Ojm7127MTQKzj3PnovG3BPSj4GJZm3Juvs28Y1tlpka9uT276tJuM/QnIm\nJY6FhjBPqP5hg94fY/jzms6i6lrP5YPAwukE5an6JdzkrjyFGbuqkTY278lSrvsi\n6NbMxAvBOWdR0jH2ijolrAYYNxFAFhySP4uaiYtRu64QT7vEnMSk5OIUKMwnKt8E\n6C61Dn7kL17Zj1++BzapJmxtKcPTovHq0Zo9T2MT9evXWiWWMkHyx93/dV+gWROA\nU9aEe+N8bxAn1VLMq5Vhn1UED5mkkVsOeIpl3opcT76McLguUehbprsSgM/5EZV8\nZGeToCkvmbtJTomHACBhzXO6f2a4wCvCUsHsxjNvYXAB313vpXUdMfa8YM1a/boe\naOAImWn58gNvtFipf0slWbrv2+gWz4J1+T8xf4fb7mzohBkZD5TeZxPdY5fMKvh8\nTtyfGYGkPTACDhoEYZwSxQEYGeuo9kSEBDAWKQ3GpfHl5iGrxYVtSyJV5CJWvhwj\nd10BvHdHHmSTKYd1yWwBAoIBAQDArRW2CrU9Po8/W+nl/0TMoY8KLhQMAJFFuaWp\nPiPoVX5ID4qz97SXEKw/JgGzKCp1S7PZVVdHUblz5cT1k9xaJbDKDXg1m5CEpC90\niLcy4YfWBx6LjiSTeBnGoWmH94ZbbvThMOu3wK2plVes4p+D3xQdUXD+EId2jcwG\nqasw3aOnXHTAvf4EBxVBM3SJD9d8sdSeozkRCT7s3jXE4uwAVUZ6vCpefwKbe+I9\npwCg0LctpT8T1bEDagYqKc/QUiGC4ofgPmD7af5ddmpQIhs9jZTfyqok+CXUXHqb\nNT+0kgCTyGR+wF3POLTxCw3iuJxQQuMxt3KMAT4V/XnJDWOpAoIBAQDTs8Cu4uNu\nFczh2ChTw9Mapc1gedWXp+rAUJIye1rhngSq14V4abbuLqaEaQi6hy4wZ9dD5IgT\ne4CdS3HD7s+a03ZpS218y7tEDFFOA8MDu3H5WrMut7C8AhW5r1wtG4lnt0p9NZ7n\nMKLt2/iiE3U/IolZdUITwLc8o3vRCElGkUE3ZOczrQfsLB3RyzalhWnn2hUrZUb4\nThNWaziCAiLD1hy93/IBVln+V6aJa6B1ouKbzRZWiF7r9q0vd8d3Rri4W/DloqIs\nb4vcYuAdnJXznxz1RitmkVa3bjTPMNY4G3H5LtYF5VOdEuh7lHZc+qkFHD4/RoUw\n3FoGE+FDBMBRAoIBABDRyzhl/OZIxMZ6JpPuUbovTEZOOW/GyOe2ShDZHNdWRzzR\nJoGJWRlq2i51Ceby1aoBnsSVH5ZZOwA0CZqKeszfx2wL+vdrChWaI45ftOZbK7ly\nS6dRFD5PWKivRIAbCn6G1BeoZptW1ZIdOFcePWCMo7vfdSaomLqvrCTUwN32Kygb\n+REuRLNjTuavMDgayuvWtkHW689h6D1TNIxoZsOsrgdez7AKFFcwXFKXdoWTUrpI\nV5ZKrDYpFjquBbcgxE4hqkzYBS1NVmggQy2VnJ0l894JWgr6IotEO2u7HUGNEUHV\nV3h9IHNLdvgnx+GHzhVvkVewtO4l2Z6fzvbPFWkCggEALAdQZY7uefCywa2xBWrO\nttYQ1qXAFGBp5EFdhn49MnsowVc9fQOPdg3ht9wYYqLGqm6OSKJ44oRnBU+xg2xh\nZPPhxphXVwMQGWDub+k8X8RWOePxLCAr844DcrDT3NXDR/zI0y2ZtL9aw1liZmLh\nmZXXNvG6Il2MPmJJ1/l/M9v10k18ADVWVnn+Yal/3gDXO88RZAsWLYIfZ3O5NuC2\n1j/rjlnK/Rg2cz1Ld30YzB5qPrjykmCeTTjqX9rrcxUUSdNlUHz4eYFhdx5hOgdc\n8GQBI8nKMPS9Mj0LYqPniZe7pnVlMai2MQ7DpyADVecTy+pJz+McxEKvvl/YE5Yj\nYQKCAQAxqaJ7/6bkS9cBIhzTGltjizNS2ROrRZvG38stiEO2R4lw+/cJRksQ1E+G\njDXayoRyLSj/P6zwUhloNxh7XnGY2+QhvRMsUvnzhev6E1CfulhW345RJ/g1XL99\njKgpDmW1jrP9y7nBSYru4jUkuJ9tYzT+6lTmBuyb0pj02UGkC7cnsXfCNPRVLe5P\nNIAAfEC9mo0nryJgNkb3/Ax7JE4XWBWnmcWYmnAXN9zbACedKgzOUkFmexPl1zSE\nVa6Zo/T6bhvYwHsEDVmBGc9E28DjKmUzka1X0U6PMp/hkY8MYkpWS9Mf1XBw+zOp\nfaZD0eaDytr3LuIfI09V82+Fivr9\n-----END PRIVATE KEY-----\n",
            "public_key_fingerprint_md5": "96:ad:41:50:c9:5d:31:91:5e:0a:f4:3a:dd:70:26:e3",
            "public_key_fingerprint_sha256": "SHA256:HbREpBunsq4xrDEHLdNl8wsAwKugj708+1QK5fUI0pU",
            "public_key_openssh": "ssh-rsa AAAAB3NzaC1yc2EAAAADAQABAAACAQCfVfLwqc4hd1WIVXDDK00FDwJ6xCHaR7foNLIGp3xDp5R/0eLSVJ2QkEPt6Qi9RBLMQ3U4tGaI2BwBSmA+YXU7hKvJRYLbzA3uJ8KY7JBm2JWCaYE6pRH7XDqcEEbbz2CAk9S3+VoJVGEQUf/SM8JW1Q+ZYUrwicrqBApSM1/UUQpFXw8WRljN2YxoEKzujXG/d9rcTpWbrTKPjZJRtMx7wrooKLcO4SJ+7SF9NPsl06Z99GSdd5bm+FWadq+eG8QZ6l970fgIbJSVcBNxvCUYKm9J4mISgvnDf2znXtqzHGyOaR2JcMy6PKlY6FWEq6DilN25SDZZ8JYbRXxy5UAvDB3sB34VV89OQ+BxoHyOc8xtrUNxethVceWIii/fA2vIqRiifcbIIw1a6BRQfzrMRKrXI9+e+J9VSsJd0ZmgRJDQfpk86gHt4nRL9qMLi1sV2AtQO0XN989gH+abkr5VUNCYZ8ReLzvVmpsz9wCnooD0PhcVeyTTJbWgACMewzX0Cqb5WgYdbSSIQX+pLnnxpSzxSMNOTD98pgmRouFXEVXqdVSab/c7vlqs8AFNgdj6Q06djfY6lkD9CULwqFRlwelyp3coP5ob/9bGk9VDxWrpp9UJrOb68mFseQCjit7seQHObpZyIot6Clr3NR919tuVOrMvhy9rtlImcZ9IeQ==\n",
            "public_key_pem": "-----BEGIN PUBLIC KEY-----\nMIICIjANBgkqhkiG9w0BAQEFAAOCAg8AMIICCgKCAgEAn1Xy8KnOIXdViFVwwytN\nBQ8CesQh2ke36DSyBqd8Q6eUf9Hi0lSdkJBD7ekIvUQSzEN1OLRmiNgcAUpgPmF1\nO4SryUWC28wN7ifCmOyQZtiVgmmBOqUR+1w6nBBG289ggJPUt/laCVRhEFH/0jPC\nVtUPmWFK8InK6gQKUjNf1FEKRV8PFkZYzdmMaBCs7o1xv3fa3E6Vm60yj42SUbTM\ne8K6KCi3DuEifu0hfTT7JdOmffRknXeW5vhVmnavnhvEGepfe9H4CGyUlXATcbwl\nGCpvSeJiEoL5w39s517asxxsjmkdiXDMujypWOhVhKug4pTduUg2WfCWG0V8cuVA\nLwwd7Ad+FVfPTkPgcaB8jnPMba1DcXrYVXHliIov3wNryKkYon3GyCMNWugUUH86\nzESq1yPfnvifVUrCXdGZoESQ0H6ZPOoB7eJ0S/ajC4tbFdgLUDtFzffPYB/mm5K+\nVVDQmGfEXi871ZqbM/cAp6KA9D4XFXsk0yW1oAAjHsM19Aqm+VoGHW0kiEF/qS55\n8aUs8UjDTkw/fKYJkaLhVxFV6nVUmm/3O75arPABTYHY+kNOnY32OpZA/QlC8KhU\nZcHpcqd3KD+aG//WxpPVQ8Vq6afVCazm+vJhbHkAo4re7HkBzm6WciKLegpa9zUf\ndfbblTqzL4cva7ZSJnGfSHkCAwEAAQ==\n-----END PUBLIC KEY-----\n",
            "rsa_bits": 4096
          },
          "sensitive_attributes": [
            [
              {
                "type": "get_attr",
                "value": "private_key_openssh"
              }
            ],
            [
              {
                "type": "get_attr",
                "value": "private_key_pem"
              }
            ],
            [
              {
                "type": "get_attr",
                "value": "private_key_pem_pkcs8"
              }
            ]
          ]
        }
      ]
    }
  ],
  "check_results": null
}
