{
  "version": 4,
  "terraform_version": "1.8.0",
  "serial": 3954,
  "lineage": "3c48e02a-f525-aac9-9675-203f95819f8c",
  "outputs": {
    "public_dns": {
      "value": "",
      "type": "string"
    },
    "public_ip": {
      "value": "18.199.83.40",
      "type": "string"
    },
    "region": {
      "value": "eu-central-1",
      "type": "string"
    }
  },
  "resources": [
    {
      "mode": "managed",
      "type": "aws_instance",
      "name": "django",
      "provider": "provider[\"registry.terraform.io/hashicorp/aws\"]",
      "instances": [
        {
          "schema_version": 1,
          "attributes": {
            "ami": "ami-0f7204385566b32d0",
            "arn": "arn:aws:ec2:eu-central-1:730335597556:instance/i-0358a253b5b4083af",
            "associate_public_ip_address": true,
            "availability_zone": "eu-central-1a",
            "capacity_reservation_specification": [
              {
                "capacity_reservation_preference": "open",
                "capacity_reservation_target": []
              }
            ],
            "cpu_core_count": 1,
            "cpu_options": [
              {
                "amd_sev_snp": "",
                "core_count": 1,
                "threads_per_core": 1
              }
            ],
            "cpu_threads_per_core": 1,
            "credit_specification": [
              {
                "cpu_credits": "standard"
              }
            ],
            "disable_api_stop": false,
            "disable_api_termination": false,
            "ebs_block_device": [],
            "ebs_optimized": false,
            "enclave_options": [
              {
                "enabled": false
              }
            ],
            "ephemeral_block_device": [],
            "get_password_data": false,
            "hibernation": false,
            "host_id": "",
            "host_resource_group_arn": null,
            "iam_instance_profile": "",
            "id": "i-0358a253b5b4083af",
            "instance_initiated_shutdown_behavior": "stop",
            "instance_lifecycle": "",
            "instance_market_options": [],
            "instance_state": "running",
            "instance_type": "t2.micro",
            "ipv6_address_count": 0,
            "ipv6_addresses": [],
            "key_name": "EC2-django",
            "launch_template": [],
            "maintenance_options": [
              {
                "auto_recovery": "default"
              }
            ],
            "metadata_options": [
              {
                "http_endpoint": "enabled",
                "http_protocol_ipv6": "disabled",
                "http_put_response_hop_limit": 2,
                "http_tokens": "required",
                "instance_metadata_tags": "disabled"
              }
            ],
            "monitoring": false,
            "network_interface": [],
            "outpost_arn": "",
            "password_data": "",
            "placement_group": "",
            "placement_partition_number": 0,
            "primary_network_interface_id": "eni-0afee21858d5673fc",
            "private_dns": "ip-192-168-1-212.eu-central-1.compute.internal",
            "private_dns_name_options": [
              {
                "enable_resource_name_dns_a_record": false,
                "enable_resource_name_dns_aaaa_record": false,
                "hostname_type": "ip-name"
              }
            ],
            "private_ip": "192.168.1.212",
            "public_dns": "",
            "public_ip": "18.199.83.40",
            "root_block_device": [
              {
                "delete_on_termination": true,
                "device_name": "/dev/xvda",
                "encrypted": false,
                "iops": 3000,
                "kms_key_id": "",
                "tags": {},
                "tags_all": {},
                "throughput": 125,
                "volume_id": "vol-03777e5919f47590b",
                "volume_size": 8,
                "volume_type": "gp3"
              }
            ],
            "secondary_private_ips": [],
            "security_groups": [],
            "source_dest_check": true,
            "spot_instance_request_id": "",
            "subnet_id": "subnet-060474fa8e4d35574",
            "tags": {
              "Name": "web-production"
            },
            "tags_all": {
              "Name": "web-production"
            },
            "tenancy": "default",
            "timeouts": null,
            "user_data": null,
            "user_data_base64": null,
            "user_data_replace_on_change": false,
            "volume_tags": null,
            "vpc_security_group_ids": [
              "sg-028a57a76433d6b5e"
            ]
          },
          "sensitive_attributes": [],
          "private": "eyJlMmJmYjczMC1lY2FhLTExZTYtOGY4OC0zNDM2M2JjN2M0YzAiOnsiY3JlYXRlIjo2MDAwMDAwMDAwMDAsImRlbGV0ZSI6MTIwMDAwMDAwMDAwMCwicmVhZCI6OTAwMDAwMDAwMDAwLCJ1cGRhdGUiOjYwMDAwMDAwMDAwMH0sInNjaGVtYV92ZXJzaW9uIjoiMSJ9",
          "dependencies": [
            "aws_key_pair.ssh_key",
            "aws_security_group.allow_ssh",
            "aws_subnet.public_subnet",
            "aws_vpc.my_vpc",
            "tls_private_key.ec2_key"
          ]
        }
      ]
    },
    {
      "mode": "managed",
      "type": "aws_internet_gateway",
      "name": "gw1",
      "provider": "provider[\"registry.terraform.io/hashicorp/aws\"]",
      "instances": [
        {
          "schema_version": 0,
          "attributes": {
            "arn": "arn:aws:ec2:eu-central-1:730335597556:internet-gateway/igw-06d464ea16c09165d",
            "id": "igw-06d464ea16c09165d",
            "owner_id": "730335597556",
            "tags": {
              "Name": "IGW_production"
            },
            "tags_all": {
              "Name": "IGW_production"
            },
            "timeouts": null,
            "vpc_id": "vpc-0a3f3999ffe818504"
          },
          "sensitive_attributes": [],
          "private": "eyJlMmJmYjczMC1lY2FhLTExZTYtOGY4OC0zNDM2M2JjN2M0YzAiOnsiY3JlYXRlIjoxMjAwMDAwMDAwMDAwLCJkZWxldGUiOjEyMDAwMDAwMDAwMDAsInVwZGF0ZSI6MTIwMDAwMDAwMDAwMH19",
          "dependencies": [
            "aws_vpc.my_vpc"
          ]
        }
      ]
    },
    {
      "mode": "managed",
      "type": "aws_key_pair",
      "name": "ssh_key",
      "provider": "provider[\"registry.terraform.io/hashicorp/aws\"]",
      "instances": [
        {
          "schema_version": 1,
          "attributes": {
            "arn": "arn:aws:ec2:eu-central-1:730335597556:key-pair/EC2-django",
            "fingerprint": "9e:3f:7e:43:8e:93:53:ef:20:df:04:77:b7:ca:a6:42",
            "id": "EC2-django",
            "key_name": "EC2-django",
            "key_name_prefix": "",
            "key_pair_id": "key-05a2e7ce859ad669f",
            "key_type": "rsa",
            "public_key": "ssh-rsa AAAAB3NzaC1yc2EAAAADAQABAAACAQDg1UOW1lgYzLs/oVY+bvNRYKYkLpLf4LKIec5UKR+z3R8oX3LHgKO1YoFqNVPGxicSLXXRxN/qs9wjiNUASSmcvXyCw6G9/SiOYfc9CnsOsRWJ0O5+wLTRPqz4a5jUOD26dRlbjxxBWhUM7aBIwFM1LdYkVDTvi6//eXWmJ9S5RW9fyFnyaXw1C+SqAj2rbNCem4e6tTGiFzxiEXdKcfmmW4cZ/bu8/lBoMeDUnk+te3j6HS7dOBAIREaDGZt4pZE7w8WY+/o53nE0EvbWjZ3oahdkBBslBpbDAj/QhBI0+H//HjTSvLLRQrhbyoGH5DDJ4Sa2g1cQDv+Z1ovsr+g8XhV0GnMtwc3ul0kCE3yCQ5hq4eZieGVWVB6W6TH4tbuy3xO1RCsE+VatjHtfXxh9+QFm1GaGlysSqiIYJDfYSCGl1RzHBgDnbodjfHQmPNgwGz08qNzvtl2JYiaNF7C0XyK1jJ+B2mrZ5MebpHlYkppfNL2mR2qhnNx/8yxJsS5AGTLKFmDh9mryp0NeagO2FAPNWVhXLHbyGOV0vFbMhScoFY0rFXc+yUIc/EJj3E1zkywEPlkzXnUwUSqQXuFDtL3eD6YFqOLildB26WG05igwd6S9QbJi+VV4hSenzoJuZ8K+9dfk/lLFkazB6xqst1emLlRvJtR3Q2pvFRoK7Q==",
            "tags": null,
            "tags_all": {}
          },
          "sensitive_attributes": [],
          "private": "eyJzY2hlbWFfdmVyc2lvbiI6IjEifQ==",
          "dependencies": [
            "tls_private_key.ec2_key"
          ]
        }
      ]
    },
    {
      "mode": "managed",
      "type": "aws_route_table",
      "name": "private_route_table",
      "provider": "provider[\"registry.terraform.io/hashicorp/aws\"]",
      "instances": [
        {
          "schema_version": 0,
          "attributes": {
            "arn": "arn:aws:ec2:eu-central-1:730335597556:route-table/rtb-0f1dffac1d2c54c62",
            "id": "rtb-0f1dffac1d2c54c62",
            "owner_id": "730335597556",
            "propagating_vgws": [],
            "route": [],
            "tags": {
              "Name": "Private Route Table"
            },
            "tags_all": {
              "Name": "Private Route Table"
            },
            "timeouts": null,
            "vpc_id": "vpc-0a3f3999ffe818504"
          },
          "sensitive_attributes": [],
          "private": "eyJlMmJmYjczMC1lY2FhLTExZTYtOGY4OC0zNDM2M2JjN2M0YzAiOnsiY3JlYXRlIjozMDAwMDAwMDAwMDAsImRlbGV0ZSI6MzAwMDAwMDAwMDAwLCJ1cGRhdGUiOjEyMDAwMDAwMDAwMH19",
          "dependencies": [
            "aws_vpc.my_vpc"
          ]
        }
      ]
    },
    {
      "mode": "managed",
      "type": "aws_route_table",
      "name": "public_route_table",
      "provider": "provider[\"registry.terraform.io/hashicorp/aws\"]",
      "instances": [
        {
          "schema_version": 0,
          "attributes": {
            "arn": "arn:aws:ec2:eu-central-1:730335597556:route-table/rtb-05363724e61d0ff31",
            "id": "rtb-05363724e61d0ff31",
            "owner_id": "730335597556",
            "propagating_vgws": [],
            "route": [
              {
                "carrier_gateway_id": "",
                "cidr_block": "0.0.0.0/0",
                "core_network_arn": "",
                "destination_prefix_list_id": "",
                "egress_only_gateway_id": "",
                "gateway_id": "igw-06d464ea16c09165d",
                "ipv6_cidr_block": "",
                "local_gateway_id": "",
                "nat_gateway_id": "",
                "network_interface_id": "",
                "transit_gateway_id": "",
                "vpc_endpoint_id": "",
                "vpc_peering_connection_id": ""
              }
            ],
            "tags": {
              "Name": "Public Route Table"
            },
            "tags_all": {
              "Name": "Public Route Table"
            },
            "timeouts": null,
            "vpc_id": "vpc-0a3f3999ffe818504"
          },
          "sensitive_attributes": [],
          "private": "eyJlMmJmYjczMC1lY2FhLTExZTYtOGY4OC0zNDM2M2JjN2M0YzAiOnsiY3JlYXRlIjozMDAwMDAwMDAwMDAsImRlbGV0ZSI6MzAwMDAwMDAwMDAwLCJ1cGRhdGUiOjEyMDAwMDAwMDAwMH19",
          "dependencies": [
            "aws_internet_gateway.gw1",
            "aws_vpc.my_vpc"
          ]
        }
      ]
    },
    {
      "mode": "managed",
      "type": "aws_route_table_association",
      "name": "private_association",
      "provider": "provider[\"registry.terraform.io/hashicorp/aws\"]",
      "instances": [
        {
          "schema_version": 0,
          "attributes": {
            "gateway_id": "",
            "id": "rtbassoc-05d68073ea6fa1217",
            "route_table_id": "rtb-0f1dffac1d2c54c62",
            "subnet_id": "subnet-04d6f16b73c9020a0",
            "timeouts": null
          },
          "sensitive_attributes": [],
          "private": "eyJlMmJmYjczMC1lY2FhLTExZTYtOGY4OC0zNDM2M2JjN2M0YzAiOnsiY3JlYXRlIjozMDAwMDAwMDAwMDAsImRlbGV0ZSI6MzAwMDAwMDAwMDAwLCJ1cGRhdGUiOjEyMDAwMDAwMDAwMH19",
          "dependencies": [
            "aws_route_table.private_route_table",
            "aws_subnet.private_subnet",
            "aws_vpc.my_vpc"
          ]
        }
      ]
    },
    {
      "mode": "managed",
      "type": "aws_route_table_association",
      "name": "public_association",
      "provider": "provider[\"registry.terraform.io/hashicorp/aws\"]",
      "instances": [
        {
          "schema_version": 0,
          "attributes": {
            "gateway_id": "",
            "id": "rtbassoc-01b269500ff5726f3",
            "route_table_id": "rtb-05363724e61d0ff31",
            "subnet_id": "subnet-060474fa8e4d35574",
            "timeouts": null
          },
          "sensitive_attributes": [],
          "private": "eyJlMmJmYjczMC1lY2FhLTExZTYtOGY4OC0zNDM2M2JjN2M0YzAiOnsiY3JlYXRlIjozMDAwMDAwMDAwMDAsImRlbGV0ZSI6MzAwMDAwMDAwMDAwLCJ1cGRhdGUiOjEyMDAwMDAwMDAwMH19",
          "dependencies": [
            "aws_internet_gateway.gw1",
            "aws_route_table.public_route_table",
            "aws_subnet.public_subnet",
            "aws_vpc.my_vpc"
          ]
        }
      ]
    },
    {
      "mode": "managed",
      "type": "aws_security_group",
      "name": "allow_ssh",
      "provider": "provider[\"registry.terraform.io/hashicorp/aws\"]",
      "instances": [
        {
          "schema_version": 1,
          "attributes": {
            "arn": "arn:aws:ec2:eu-central-1:730335597556:security-group/sg-028a57a76433d6b5e",
            "description": "Allow inbound SSH traffic",
            "egress": [
              {
                "cidr_blocks": [
                  "0.0.0.0/0"
                ],
                "description": "",
                "from_port": 0,
                "ipv6_cidr_blocks": [],
                "prefix_list_ids": [],
                "protocol": "-1",
                "security_groups": [],
                "self": false,
                "to_port": 0
              }
            ],
            "id": "sg-028a57a76433d6b5e",
            "ingress": [
              {
                "cidr_blocks": [
                  "0.0.0.0/0"
                ],
                "description": "",
                "from_port": 22,
                "ipv6_cidr_blocks": [],
                "prefix_list_ids": [],
                "protocol": "tcp",
                "security_groups": [],
                "self": false,
                "to_port": 22
              }
            ],
            "name": "allow_ssh",
            "name_prefix": "",
            "owner_id": "730335597556",
            "revoke_rules_on_delete": false,
            "tags": null,
            "tags_all": {},
            "timeouts": null,
            "vpc_id": "vpc-0a3f3999ffe818504"
          },
          "sensitive_attributes": [],
          "private": "eyJlMmJmYjczMC1lY2FhLTExZTYtOGY4OC0zNDM2M2JjN2M0YzAiOnsiY3JlYXRlIjo2MDAwMDAwMDAwMDAsImRlbGV0ZSI6OTAwMDAwMDAwMDAwfSwic2NoZW1hX3ZlcnNpb24iOiIxIn0=",
          "dependencies": [
            "aws_vpc.my_vpc"
          ]
        }
      ]
    },
    {
      "mode": "managed",
      "type": "aws_subnet",
      "name": "private_subnet",
      "provider": "provider[\"registry.terraform.io/hashicorp/aws\"]",
      "instances": [
        {
          "schema_version": 1,
          "attributes": {
            "arn": "arn:aws:ec2:eu-central-1:730335597556:subnet/subnet-04d6f16b73c9020a0",
            "assign_ipv6_address_on_creation": false,
            "availability_zone": "eu-central-1b",
            "availability_zone_id": "euc1-az3",
            "cidr_block": "192.168.2.0/24",
            "customer_owned_ipv4_pool": "",
            "enable_dns64": false,
            "enable_lni_at_device_index": 0,
            "enable_resource_name_dns_a_record_on_launch": false,
            "enable_resource_name_dns_aaaa_record_on_launch": false,
            "id": "subnet-04d6f16b73c9020a0",
            "ipv6_cidr_block": "",
            "ipv6_cidr_block_association_id": "",
            "ipv6_native": false,
            "map_customer_owned_ip_on_launch": false,
            "map_public_ip_on_launch": false,
            "outpost_arn": "",
            "owner_id": "730335597556",
            "private_dns_hostname_type_on_launch": "ip-name",
            "tags": null,
            "tags_all": {},
            "timeouts": null,
            "vpc_id": "vpc-0a3f3999ffe818504"
          },
          "sensitive_attributes": [],
          "private": "eyJlMmJmYjczMC1lY2FhLTExZTYtOGY4OC0zNDM2M2JjN2M0YzAiOnsiY3JlYXRlIjo2MDAwMDAwMDAwMDAsImRlbGV0ZSI6MTIwMDAwMDAwMDAwMH0sInNjaGVtYV92ZXJzaW9uIjoiMSJ9",
          "dependencies": [
            "aws_vpc.my_vpc"
          ]
        }
      ]
    },
    {
      "mode": "managed",
      "type": "aws_subnet",
      "name": "public_subnet",
      "provider": "provider[\"registry.terraform.io/hashicorp/aws\"]",
      "instances": [
        {
          "schema_version": 1,
          "attributes": {
            "arn": "arn:aws:ec2:eu-central-1:730335597556:subnet/subnet-060474fa8e4d35574",
            "assign_ipv6_address_on_creation": false,
            "availability_zone": "eu-central-1a",
            "availability_zone_id": "euc1-az2",
            "cidr_block": "192.168.1.0/24",
            "customer_owned_ipv4_pool": "",
            "enable_dns64": false,
            "enable_lni_at_device_index": 0,
            "enable_resource_name_dns_a_record_on_launch": false,
            "enable_resource_name_dns_aaaa_record_on_launch": false,
            "id": "subnet-060474fa8e4d35574",
            "ipv6_cidr_block": "",
            "ipv6_cidr_block_association_id": "",
            "ipv6_native": false,
            "map_customer_owned_ip_on_launch": false,
            "map_public_ip_on_launch": true,
            "outpost_arn": "",
            "owner_id": "730335597556",
            "private_dns_hostname_type_on_launch": "ip-name",
            "tags": null,
            "tags_all": {},
            "timeouts": null,
            "vpc_id": "vpc-0a3f3999ffe818504"
          },
          "sensitive_attributes": [],
          "private": "eyJlMmJmYjczMC1lY2FhLTExZTYtOGY4OC0zNDM2M2JjN2M0YzAiOnsiY3JlYXRlIjo2MDAwMDAwMDAwMDAsImRlbGV0ZSI6MTIwMDAwMDAwMDAwMH0sInNjaGVtYV92ZXJzaW9uIjoiMSJ9",
          "dependencies": [
            "aws_vpc.my_vpc"
          ]
        }
      ]
    },
    {
      "mode": "managed",
      "type": "aws_vpc",
      "name": "my_vpc",
      "provider": "provider[\"registry.terraform.io/hashicorp/aws\"]",
      "instances": [
        {
          "schema_version": 1,
          "attributes": {
            "arn": "arn:aws:ec2:eu-central-1:730335597556:vpc/vpc-0a3f3999ffe818504",
            "assign_generated_ipv6_cidr_block": false,
            "cidr_block": "192.168.0.0/16",
            "default_network_acl_id": "acl-0d0dabc09c1827820",
            "default_route_table_id": "rtb-081018fd242fb58bc",
            "default_security_group_id": "sg-0460f4fd461919c89",
            "dhcp_options_id": "dopt-020b775cc649f419b",
            "enable_dns_hostnames": false,
            "enable_dns_support": true,
            "enable_network_address_usage_metrics": false,
            "id": "vpc-0a3f3999ffe818504",
            "instance_tenancy": "default",
            "ipv4_ipam_pool_id": null,
            "ipv4_netmask_length": null,
            "ipv6_association_id": "",
            "ipv6_cidr_block": "",
            "ipv6_cidr_block_network_border_group": "",
            "ipv6_ipam_pool_id": "",
            "ipv6_netmask_length": 0,
            "main_route_table_id": "rtb-081018fd242fb58bc",
            "owner_id": "730335597556",
            "tags": {
              "Name": "vpc_production"
            },
            "tags_all": {
              "Name": "vpc_production"
            }
          },
          "sensitive_attributes": [],
          "private": "eyJzY2hlbWFfdmVyc2lvbiI6IjEifQ=="
        }
      ]
    },
    {
      "mode": "managed",
      "type": "local_file",
      "name": "inventory",
      "provider": "provider[\"registry.terraform.io/hashicorp/local\"]",
      "instances": [
        {
          "schema_version": 0,
          "attributes": {
            "content": "[all]\nmyvm ansible_host=18.199.83.40\n\n[all:vars]\nansible_user=ec2-user\nregion=eu-central-1\n",
            "content_base64": null,
            "content_base64sha256": "k6Ka9fcL4e9OdN0A+8aDqslho89GfAgyiadZlptwLAg=",
            "content_base64sha512": "u0j9quDhR6G0+NpQZdfJn+o42AIxM7uQV4araNOj1Bb3CMLFTPsPkq1O6IIswYXbd95r3ce6x8z2byMI+MnEwg==",
            "content_md5": "685bc096ccfb7581a64c3e2e25e2c373",
            "content_sha1": "58366a68533c33ce457da92798753bfaef26e57b",
            "content_sha256": "93a29af5f70be1ef4e74dd00fbc683aac961a3cf467c083289a759969b702c08",
            "content_sha512": "bb48fdaae0e147a1b4f8da5065d7c99fea38d8023133bb905786ab68d3a3d416f708c2c54cfb0f92ad4ee8822cc185db77de6bddc7bac7ccf66f2308f8c9c4c2",
            "directory_permission": "0777",
            "file_permission": "0640",
            "filename": "../ansible/inventory/ansible-inventory",
            "id": "58366a68533c33ce457da92798753bfaef26e57b",
            "sensitive_content": null,
            "source": null
          },
          "sensitive_attributes": [
            [
              {
                "type": "get_attr",
                "value": "sensitive_content"
              }
            ]
          ],
          "dependencies": [
            "aws_instance.django",
            "aws_key_pair.ssh_key",
            "aws_security_group.allow_ssh",
            "aws_subnet.public_subnet",
            "aws_vpc.my_vpc",
            "tls_private_key.ec2_key"
          ]
        }
      ]
    },
    {
      "mode": "managed",
      "type": "local_sensitive_file",
      "name": "pem_files",
      "provider": "provider[\"registry.terraform.io/hashicorp/local\"]",
      "instances": [
        {
          "schema_version": 0,
          "attributes": {
            "content": "-----BEGIN RSA PRIVATE KEY-----\nMIIJKAIBAAKCAgEA4NVDltZYGMy7P6FWPm7zUWCmJC6S3+CyiHnOVCkfs90fKF9y\nx4CjtWKBajVTxsYnEi110cTf6rPcI4jVAEkpnL18gsOhvf0ojmH3PQp7DrEVidDu\nfsC00T6s+GuY1Dg9unUZW48cQVoVDO2gSMBTNS3WJFQ074uv/3l1pifUuUVvX8hZ\n8ml8NQvkqgI9q2zQnpuHurUxohc8YhF3SnH5pluHGf27vP5QaDHg1J5PrXt4+h0u\n3TgQCERGgxmbeKWRO8PFmPv6Od5xNBL21o2d6GoXZAQbJQaWwwI/0IQSNPh//x40\n0ryy0UK4W8qBh+QwyeEmtoNXEA7/mdaL7K/oPF4VdBpzLcHN7pdJAhN8gkOYauHm\nYnhlVlQelukx+LW7st8TtUQrBPlWrYx7X18YffkBZtRmhpcrEqoiGCQ32EghpdUc\nxwYA526HY3x0JjzYMBs9PKjc77ZdiWImjRewtF8itYyfgdpq2eTHm6R5WJKaXzS9\npkdqoZzcf/MsSbEuQBkyyhZg4fZq8qdDXmoDthQDzVlYVyx28hjldLxWzIUnKBWN\nKxV3PslCHPxCY9xNc5MsBD5ZM151MFEqkF7hQ7S93g+mBaji4pXQdulhtOYoMHek\nvUGyYvlVeIUnp86CbmfCvvXX5P5SxZGswesarLdXpi5UbybUd0NqbxUaCu0CAwEA\nAQKCAgEA1TeKdJZrT4GApjRTvLuthmQYy0FbynKl/SU+lbO2O/WcYcY67JXDKvXy\n8w0FmQE79lIkZL3G+CZ/wzc1gKLhkqJkXQI39hwKBRVEyZ+R2fn4Cg2Yz53jHHjK\nwoAPnFqFt7jrRlgunI9YXT1Q/w1dG5aPeT5eQToAu0+tUdh+NQFzQKuZGXoN76SK\nwuuDHnoAUhn/GwJQwn40pnAX6AK0lZ5BPlXRX8bx7A45QImt2EC7Fr7sPaC4G47c\nK+Hx/fVOCRZ84rs7rvuT8aV2bzw4HzvVWOVH9NIN0XvlltJZDeEISaGUyLFpB2i1\nu18NfhjaZ+lctENUIoeGwJaldd3QZwA6Q1l0CLZhnh3DnotW2GYTS/AgL/swcjj5\npNJlLv6PAOysTAVwr/iqPeMM6QsBuH0is0vyOQdoF42ENcgZZ+qtWaJL02BFp02R\nHxjsK9PUBamVN/8v4u9qs4+Mw4Z5OlEeDUgveBxKW1GWThNJVQY0PrrnJq2FdQ8I\ngvR37IzloPXYh4HH7ftsmzj3ERqDDhinDhexGhAfqicnk6fT96eR5xjN4zzXq3hI\nYe2c8L98F3sJjlHOWDN5ofLKUEo8H1vg2A05hB3dw0PlDj5wNkOjd0JHPLTWSRZ6\nNFklfxhOiqm9Bmmzqu09ZzjyVl+ZwRrTJkjmJoOJuBZMxrvw24UCggEBAOj3RDqr\noUUgY7/OkBdVvGqC2iy5FLWp6mWn26uoj3DDc2euEVKDeRenEx4nZEDAx1izldRW\ntDNtdLlz3dPEVaHlV7BXMWo1xvrtGbDgRJjWt+wk51gbrdJRopMQbnQJLl1UyYAe\nf5IShegTpIffszk0LD7WhdNsqZlYrmzBi8WBugtcfp+ZOCY0kpmV2J3p3Wbt58Iy\nl0XCmGu/hTaN1uul8B/RDIiN/dIg13QtqPDXpoW/qCmQAteUNKqsgXVul8ovTkwA\nzL3eS+WHF9Ievf4h44ap8Be9fd6kS3nSgWyHH1BGMjjNve7RcaWWp6nqxplWtvrv\nelftoSAomyiF8d8CggEBAPcQJJj0sC9H0DdqP4G8vhvUbFfsGokE38GM/tVAe5I5\nx3syrWG1furqbsKXXg2antGnJtEj34wXBSB5bNMExV1NrpmH/o1T0UqtvVQyEH17\nOaBPdabsxR70LR6GLDPBKCiHmt7f6u7XYmZVCkmPvyTxUIBdEE/kgLRxuUbOx6vH\nfLoHprxSxnro22k4rsugam6pVVkillTQkpKm2ldNuq/+AU1OCwHDcbW1X58PuV16\nl25F76namb0/B8h/cBKftujrubUuZm5xgLDBPfWvi/LpiKwIqGW7SXK+JbxX2uk+\nL2cy3lMZQBAzLzIdguXp5MFredq28G1HyoJ8IMYDlLMCggEAJ/DcvcJXL+bRszzS\n720/lHNCvJAuwMaU7UDOJKwNi6O20XvCdIcd57Q5Tt4qDf//LXH8qh8DXh3R+Umo\nKnpqxArx8cXBLxhxOOwVj4GjwSBvAAmDsFNuhbSBTv1uMm6wiEfVFCYmcQDD/HoB\np1nu/Eu5mjxlTU4/9Y6CuRqlwALxxqjg/LPkMIiq6bILJWfHEbKQHXdXABrQzwhS\n6nt+8X/Nn2bT40WU0sXWqpB5enE+l4e4aQfLtPIv5WMV/vArDfr2TYmFkLfgA0Ya\nC2hB4qQkwh24kBlozxcT6ZrxnY29DKI8UgjUG3HFLkKaFEOwMPHxBSyxqQmQqlbL\n4zKzuQKCAQAYwp1oVt1xX5kWdKd4sRm8YEWbaiYepUZnd2HyrUu1E+VSC3ok2LOn\nh2ciSVk7s8tG56GURCwbNhNldcXaQBgnial96YsxTr0i5taaoYnViYv07QG1gPUg\nbQg4junPJgSIS07SF07MMPnDl7I4PRfC9AxFUQ5Zc2USsHMJDaAlLxDo8+tZ5FHP\n75ZNrUiXT7Ra8s2C6Vx3k4+c8uve5ANZr/MhdDjWLGgw9cRnhIPnQmn6uzeRpj7S\nIIb/KQZqV2dVYIp0BfpuByIGlNdI0BcOeSkhVJzL1UE/Jp9RiNx/k6Pci9SML3Ok\nK/0G4L5FnHM4jzTfHoZp7U/2U8pVDfbRAoIBAHIvn/HuAJylUGMFvq8L2RRtrcgQ\nsITlP9fv/1xh5KDONNCk9OdghEoJMbh7uzJkj37+FuXoNllb7eX2j16Sro/yGKSD\n1udy3yfDWWSLi0Xxfk36FIVNapZSJimlz/afxH3wH4kDwfNg1YSo1KpP+U0IY2XN\ncQk5QSQdkRCd/zMpjqj772nX1Hm1EWCxBMtL9bVrmfY9cZlxQ8YgSM3P2AXgiC/O\nWqdh8/DJCjQHkW5kbrzHNxGM+PMHrqFPCnpY5Iz9F3ukzlhqu9fwZk+xydQWbBvQ\nO8IIQp3tPC/JN6k94wx+wWuC7UYaYVB8OSI1QpvgGp4Au9ePzSzerQMkjOQ=\n-----END RSA PRIVATE KEY-----\n",
            "content_base64": null,
            "content_base64sha256": "Xf4Ib+Azmdq3S057HyDUYc0vEyH0uD6rh5XRBQ7hSoQ=",
            "content_base64sha512": "mp/RUWs4dBTq+n3TBvZ5sJ7JCfIz9ss/XVtddnj8ddrdIE9aRDaYhsBxVAEmJeV/TGIE1F37BcH+fyH4iQ3tQw==",
            "content_md5": "080ee82e73ad3385c3fd6d64bacc9b6b",
            "content_sha1": "95f487797227857063b9b6eb98f37ae332e83496",
            "content_sha256": "5dfe086fe03399dab74b4e7b1f20d461cd2f1321f4b83eab8795d1050ee14a84",
            "content_sha512": "9a9fd1516b387414eafa7dd306f679b09ec909f233f6cb3f5d5b5d7678fc75dadd204f5a44369886c07154012625e57f4c6204d45dfb05c1fe7f21f8890ded43",
            "directory_permission": "0700",
            "file_permission": "0600",
            "filename": "../ansible/EC2-django.pem",
            "id": "95f487797227857063b9b6eb98f37ae332e83496",
            "source": null
          },
          "sensitive_attributes": [
            [
              {
                "type": "get_attr",
                "value": "content_base64"
              }
            ],
            [
              {
                "type": "get_attr",
                "value": "content"
              }
            ]
          ],
          "dependencies": [
            "tls_private_key.ec2_key"
          ]
        }
      ]
    },
    {
      "mode": "managed",
      "type": "null_resource",
      "name": "run_ansible",
      "provider": "provider[\"registry.terraform.io/hashicorp/null\"]",
      "instances": [
        {
          "status": "tainted",
          "schema_version": 0,
          "attributes": {
            "id": "1281464862905010914",
            "triggers": null
          },
          "sensitive_attributes": [],
          "dependencies": [
            "aws_instance.django",
            "aws_key_pair.ssh_key",
            "aws_security_group.allow_ssh",
            "aws_subnet.public_subnet",
            "aws_vpc.my_vpc",
            "tls_private_key.ec2_key"
          ]
        }
      ]
    },
    {
      "mode": "managed",
      "type": "tls_private_key",
      "name": "ec2_key",
      "provider": "provider[\"registry.terraform.io/hashicorp/tls\"]",
      "instances": [
        {
          "schema_version": 1,
          "attributes": {
            "algorithm": "RSA",
            "ecdsa_curve": "P224",
            "id": "034938458f0120ccacc9a1291d608d71350e249b",
            "private_key_openssh": "-----BEGIN OPENSSH PRIVATE KEY-----\nb3BlbnNzaC1rZXktdjEAAAAABG5vbmUAAAAEbm9uZQAAAAAAAAABAAACFwAAAAdz\nc2gtcnNhAAAAAwEAAQAAAgEA4NVDltZYGMy7P6FWPm7zUWCmJC6S3+CyiHnOVCkf\ns90fKF9yx4CjtWKBajVTxsYnEi110cTf6rPcI4jVAEkpnL18gsOhvf0ojmH3PQp7\nDrEVidDufsC00T6s+GuY1Dg9unUZW48cQVoVDO2gSMBTNS3WJFQ074uv/3l1pifU\nuUVvX8hZ8ml8NQvkqgI9q2zQnpuHurUxohc8YhF3SnH5pluHGf27vP5QaDHg1J5P\nrXt4+h0u3TgQCERGgxmbeKWRO8PFmPv6Od5xNBL21o2d6GoXZAQbJQaWwwI/0IQS\nNPh//x400ryy0UK4W8qBh+QwyeEmtoNXEA7/mdaL7K/oPF4VdBpzLcHN7pdJAhN8\ngkOYauHmYnhlVlQelukx+LW7st8TtUQrBPlWrYx7X18YffkBZtRmhpcrEqoiGCQ3\n2EghpdUcxwYA526HY3x0JjzYMBs9PKjc77ZdiWImjRewtF8itYyfgdpq2eTHm6R5\nWJKaXzS9pkdqoZzcf/MsSbEuQBkyyhZg4fZq8qdDXmoDthQDzVlYVyx28hjldLxW\nzIUnKBWNKxV3PslCHPxCY9xNc5MsBD5ZM151MFEqkF7hQ7S93g+mBaji4pXQdulh\ntOYoMHekvUGyYvlVeIUnp86CbmfCvvXX5P5SxZGswesarLdXpi5UbybUd0NqbxUa\nCu0AAAc4TXYYA012GAMAAAAHc3NoLXJzYQAAAgEA4NVDltZYGMy7P6FWPm7zUWCm\nJC6S3+CyiHnOVCkfs90fKF9yx4CjtWKBajVTxsYnEi110cTf6rPcI4jVAEkpnL18\ngsOhvf0ojmH3PQp7DrEVidDufsC00T6s+GuY1Dg9unUZW48cQVoVDO2gSMBTNS3W\nJFQ074uv/3l1pifUuUVvX8hZ8ml8NQvkqgI9q2zQnpuHurUxohc8YhF3SnH5pluH\nGf27vP5QaDHg1J5PrXt4+h0u3TgQCERGgxmbeKWRO8PFmPv6Od5xNBL21o2d6GoX\nZAQbJQaWwwI/0IQSNPh//x400ryy0UK4W8qBh+QwyeEmtoNXEA7/mdaL7K/oPF4V\ndBpzLcHN7pdJAhN8gkOYauHmYnhlVlQelukx+LW7st8TtUQrBPlWrYx7X18YffkB\nZtRmhpcrEqoiGCQ32EghpdUcxwYA526HY3x0JjzYMBs9PKjc77ZdiWImjRewtF8i\ntYyfgdpq2eTHm6R5WJKaXzS9pkdqoZzcf/MsSbEuQBkyyhZg4fZq8qdDXmoDthQD\nzVlYVyx28hjldLxWzIUnKBWNKxV3PslCHPxCY9xNc5MsBD5ZM151MFEqkF7hQ7S9\n3g+mBaji4pXQdulhtOYoMHekvUGyYvlVeIUnp86CbmfCvvXX5P5SxZGswesarLdX\npi5UbybUd0NqbxUaCu0AAAADAQABAAACAQDVN4p0lmtPgYCmNFO8u62GZBjLQVvK\ncqX9JT6Vs7Y79ZxhxjrslcMq9fLzDQWZATv2UiRkvcb4Jn/DNzWAouGSomRdAjf2\nHAoFFUTJn5HZ+fgKDZjPneMceMrCgA+cWoW3uOtGWC6cj1hdPVD/DV0blo95Pl5B\nOgC7T61R2H41AXNAq5kZeg3vpIrC64MeegBSGf8bAlDCfjSmcBfoArSVnkE+VdFf\nxvHsDjlAia3YQLsWvuw9oLgbjtwr4fH99U4JFnziuzuu+5PxpXZvPDgfO9VY5Uf0\n0g3Re+WW0lkN4QhJoZTIsWkHaLW7Xw1+GNpn6Vy0Q1Qih4bAlqV13dBnADpDWXQI\ntmGeHcOei1bYZhNL8CAv+zByOPmk0mUu/o8A7KxMBXCv+Ko94wzpCwG4fSKzS/I5\nB2gXjYQ1yBln6q1ZokvTYEWnTZEfGOwr09QFqZU3/y/i72qzj4zDhnk6UR4NSC94\nHEpbUZZOE0lVBjQ+uucmrYV1DwiC9HfsjOWg9diHgcft+2ybOPcRGoMOGKcOF7Ea\nEB+qJyeTp9P3p5HnGM3jPNereEhh7Zzwv3wXewmOUc5YM3mh8spQSjwfW+DYDTmE\nHd3DQ+UOPnA2Q6N3Qkc8tNZJFno0WSV/GE6Kqb0GabOq7T1nOPJWX5nBGtMmSOYm\ng4m4FkzGu/DbhQAAAQByL5/x7gCcpVBjBb6vC9kUba3IELCE5T/X7/9cYeSgzjTQ\npPTnYIRKCTG4e7syZI9+/hbl6DZZW+3l9o9ekq6P8hikg9bnct8nw1lki4tF8X5N\n+hSFTWqWUiYppc/2n8R98B+JA8HzYNWEqNSqT/lNCGNlzXEJOUEkHZEQnf8zKY6o\n++9p19R5tRFgsQTLS/W1a5n2PXGZcUPGIEjNz9gF4IgvzlqnYfPwyQo0B5FuZG68\nxzcRjPjzB66hTwp6WOSM/Rd7pM5YarvX8GZPscnUFmwb0DvCCEKd7TwvyTepPeMM\nfsFrgu1GGmFQfDkiNUKb4BqeALvXj80s3q0DJIzkAAABAQDo90Q6q6FFIGO/zpAX\nVbxqgtosuRS1qeplp9urqI9ww3NnrhFSg3kXpxMeJ2RAwMdYs5XUVrQzbXS5c93T\nxFWh5VewVzFqNcb67Rmw4ESY1rfsJOdYG63SUaKTEG50CS5dVMmAHn+SEoXoE6SH\n37M5NCw+1oXTbKmZWK5swYvFgboLXH6fmTgmNJKZldid6d1m7efCMpdFwphrv4U2\njdbrpfAf0QyIjf3SINd0Lajw16aFv6gpkALXlDSqrIF1bpfKL05MAMy93kvlhxfS\nHr3+IeOGqfAXvX3epEt50oFshx9QRjI4zb3u0XGllqep6saZVrb673pX7aEgKJso\nhfHfAAABAQD3ECSY9LAvR9A3aj+BvL4b1GxX7BqJBN/BjP7VQHuSOcd7Mq1htX7q\n6m7Cl14Nmp7RpybRI9+MFwUgeWzTBMVdTa6Zh/6NU9FKrb1UMhB9ezmgT3Wm7MUe\n9C0ehiwzwSgoh5re3+ru12JmVQpJj78k8VCAXRBP5IC0cblGzserx3y6B6a8UsZ6\n6NtpOK7LoGpuqVVZIpZU0JKSptpXTbqv/gFNTgsBw3G1tV+fD7ldepduRe+p2pm9\nPwfIf3ASn7bo67m1LmZucYCwwT31r4vy6YisCKhlu0lyviW8V9rpPi9nMt5TGUAQ\nMy8yHYLl6eTBa3natvBtR8qCfCDGA5SzAAAAAAEC\n-----END OPENSSH PRIVATE KEY-----\n",
            "private_key_pem": "-----BEGIN RSA PRIVATE KEY-----\nMIIJKAIBAAKCAgEA4NVDltZYGMy7P6FWPm7zUWCmJC6S3+CyiHnOVCkfs90fKF9y\nx4CjtWKBajVTxsYnEi110cTf6rPcI4jVAEkpnL18gsOhvf0ojmH3PQp7DrEVidDu\nfsC00T6s+GuY1Dg9unUZW48cQVoVDO2gSMBTNS3WJFQ074uv/3l1pifUuUVvX8hZ\n8ml8NQvkqgI9q2zQnpuHurUxohc8YhF3SnH5pluHGf27vP5QaDHg1J5PrXt4+h0u\n3TgQCERGgxmbeKWRO8PFmPv6Od5xNBL21o2d6GoXZAQbJQaWwwI/0IQSNPh//x40\n0ryy0UK4W8qBh+QwyeEmtoNXEA7/mdaL7K/oPF4VdBpzLcHN7pdJAhN8gkOYauHm\nYnhlVlQelukx+LW7st8TtUQrBPlWrYx7X18YffkBZtRmhpcrEqoiGCQ32EghpdUc\nxwYA526HY3x0JjzYMBs9PKjc77ZdiWImjRewtF8itYyfgdpq2eTHm6R5WJKaXzS9\npkdqoZzcf/MsSbEuQBkyyhZg4fZq8qdDXmoDthQDzVlYVyx28hjldLxWzIUnKBWN\nKxV3PslCHPxCY9xNc5MsBD5ZM151MFEqkF7hQ7S93g+mBaji4pXQdulhtOYoMHek\nvUGyYvlVeIUnp86CbmfCvvXX5P5SxZGswesarLdXpi5UbybUd0NqbxUaCu0CAwEA\nAQKCAgEA1TeKdJZrT4GApjRTvLuthmQYy0FbynKl/SU+lbO2O/WcYcY67JXDKvXy\n8w0FmQE79lIkZL3G+CZ/wzc1gKLhkqJkXQI39hwKBRVEyZ+R2fn4Cg2Yz53jHHjK\nwoAPnFqFt7jrRlgunI9YXT1Q/w1dG5aPeT5eQToAu0+tUdh+NQFzQKuZGXoN76SK\nwuuDHnoAUhn/GwJQwn40pnAX6AK0lZ5BPlXRX8bx7A45QImt2EC7Fr7sPaC4G47c\nK+Hx/fVOCRZ84rs7rvuT8aV2bzw4HzvVWOVH9NIN0XvlltJZDeEISaGUyLFpB2i1\nu18NfhjaZ+lctENUIoeGwJaldd3QZwA6Q1l0CLZhnh3DnotW2GYTS/AgL/swcjj5\npNJlLv6PAOysTAVwr/iqPeMM6QsBuH0is0vyOQdoF42ENcgZZ+qtWaJL02BFp02R\nHxjsK9PUBamVN/8v4u9qs4+Mw4Z5OlEeDUgveBxKW1GWThNJVQY0PrrnJq2FdQ8I\ngvR37IzloPXYh4HH7ftsmzj3ERqDDhinDhexGhAfqicnk6fT96eR5xjN4zzXq3hI\nYe2c8L98F3sJjlHOWDN5ofLKUEo8H1vg2A05hB3dw0PlDj5wNkOjd0JHPLTWSRZ6\nNFklfxhOiqm9Bmmzqu09ZzjyVl+ZwRrTJkjmJoOJuBZMxrvw24UCggEBAOj3RDqr\noUUgY7/OkBdVvGqC2iy5FLWp6mWn26uoj3DDc2euEVKDeRenEx4nZEDAx1izldRW\ntDNtdLlz3dPEVaHlV7BXMWo1xvrtGbDgRJjWt+wk51gbrdJRopMQbnQJLl1UyYAe\nf5IShegTpIffszk0LD7WhdNsqZlYrmzBi8WBugtcfp+ZOCY0kpmV2J3p3Wbt58Iy\nl0XCmGu/hTaN1uul8B/RDIiN/dIg13QtqPDXpoW/qCmQAteUNKqsgXVul8ovTkwA\nzL3eS+WHF9Ievf4h44ap8Be9fd6kS3nSgWyHH1BGMjjNve7RcaWWp6nqxplWtvrv\nelftoSAomyiF8d8CggEBAPcQJJj0sC9H0DdqP4G8vhvUbFfsGokE38GM/tVAe5I5\nx3syrWG1furqbsKXXg2antGnJtEj34wXBSB5bNMExV1NrpmH/o1T0UqtvVQyEH17\nOaBPdabsxR70LR6GLDPBKCiHmt7f6u7XYmZVCkmPvyTxUIBdEE/kgLRxuUbOx6vH\nfLoHprxSxnro22k4rsugam6pVVkillTQkpKm2ldNuq/+AU1OCwHDcbW1X58PuV16\nl25F76namb0/B8h/cBKftujrubUuZm5xgLDBPfWvi/LpiKwIqGW7SXK+JbxX2uk+\nL2cy3lMZQBAzLzIdguXp5MFredq28G1HyoJ8IMYDlLMCggEAJ/DcvcJXL+bRszzS\n720/lHNCvJAuwMaU7UDOJKwNi6O20XvCdIcd57Q5Tt4qDf//LXH8qh8DXh3R+Umo\nKnpqxArx8cXBLxhxOOwVj4GjwSBvAAmDsFNuhbSBTv1uMm6wiEfVFCYmcQDD/HoB\np1nu/Eu5mjxlTU4/9Y6CuRqlwALxxqjg/LPkMIiq6bILJWfHEbKQHXdXABrQzwhS\n6nt+8X/Nn2bT40WU0sXWqpB5enE+l4e4aQfLtPIv5WMV/vArDfr2TYmFkLfgA0Ya\nC2hB4qQkwh24kBlozxcT6ZrxnY29DKI8UgjUG3HFLkKaFEOwMPHxBSyxqQmQqlbL\n4zKzuQKCAQAYwp1oVt1xX5kWdKd4sRm8YEWbaiYepUZnd2HyrUu1E+VSC3ok2LOn\nh2ciSVk7s8tG56GURCwbNhNldcXaQBgnial96YsxTr0i5taaoYnViYv07QG1gPUg\nbQg4junPJgSIS07SF07MMPnDl7I4PRfC9AxFUQ5Zc2USsHMJDaAlLxDo8+tZ5FHP\n75ZNrUiXT7Ra8s2C6Vx3k4+c8uve5ANZr/MhdDjWLGgw9cRnhIPnQmn6uzeRpj7S\nIIb/KQZqV2dVYIp0BfpuByIGlNdI0BcOeSkhVJzL1UE/Jp9RiNx/k6Pci9SML3Ok\nK/0G4L5FnHM4jzTfHoZp7U/2U8pVDfbRAoIBAHIvn/HuAJylUGMFvq8L2RRtrcgQ\nsITlP9fv/1xh5KDONNCk9OdghEoJMbh7uzJkj37+FuXoNllb7eX2j16Sro/yGKSD\n1udy3yfDWWSLi0Xxfk36FIVNapZSJimlz/afxH3wH4kDwfNg1YSo1KpP+U0IY2XN\ncQk5QSQdkRCd/zMpjqj772nX1Hm1EWCxBMtL9bVrmfY9cZlxQ8YgSM3P2AXgiC/O\nWqdh8/DJCjQHkW5kbrzHNxGM+PMHrqFPCnpY5Iz9F3ukzlhqu9fwZk+xydQWbBvQ\nO8IIQp3tPC/JN6k94wx+wWuC7UYaYVB8OSI1QpvgGp4Au9ePzSzerQMkjOQ=\n-----END RSA PRIVATE KEY-----\n",
            "private_key_pem_pkcs8": "-----BEGIN PRIVATE KEY-----\nMIIJQgIBADANBgkqhkiG9w0BAQEFAASCCSwwggkoAgEAAoICAQDg1UOW1lgYzLs/\noVY+bvNRYKYkLpLf4LKIec5UKR+z3R8oX3LHgKO1YoFqNVPGxicSLXXRxN/qs9wj\niNUASSmcvXyCw6G9/SiOYfc9CnsOsRWJ0O5+wLTRPqz4a5jUOD26dRlbjxxBWhUM\n7aBIwFM1LdYkVDTvi6//eXWmJ9S5RW9fyFnyaXw1C+SqAj2rbNCem4e6tTGiFzxi\nEXdKcfmmW4cZ/bu8/lBoMeDUnk+te3j6HS7dOBAIREaDGZt4pZE7w8WY+/o53nE0\nEvbWjZ3oahdkBBslBpbDAj/QhBI0+H//HjTSvLLRQrhbyoGH5DDJ4Sa2g1cQDv+Z\n1ovsr+g8XhV0GnMtwc3ul0kCE3yCQ5hq4eZieGVWVB6W6TH4tbuy3xO1RCsE+Vat\njHtfXxh9+QFm1GaGlysSqiIYJDfYSCGl1RzHBgDnbodjfHQmPNgwGz08qNzvtl2J\nYiaNF7C0XyK1jJ+B2mrZ5MebpHlYkppfNL2mR2qhnNx/8yxJsS5AGTLKFmDh9mry\np0NeagO2FAPNWVhXLHbyGOV0vFbMhScoFY0rFXc+yUIc/EJj3E1zkywEPlkzXnUw\nUSqQXuFDtL3eD6YFqOLildB26WG05igwd6S9QbJi+VV4hSenzoJuZ8K+9dfk/lLF\nkazB6xqst1emLlRvJtR3Q2pvFRoK7QIDAQABAoICAQDVN4p0lmtPgYCmNFO8u62G\nZBjLQVvKcqX9JT6Vs7Y79ZxhxjrslcMq9fLzDQWZATv2UiRkvcb4Jn/DNzWAouGS\nomRdAjf2HAoFFUTJn5HZ+fgKDZjPneMceMrCgA+cWoW3uOtGWC6cj1hdPVD/DV0b\nlo95Pl5BOgC7T61R2H41AXNAq5kZeg3vpIrC64MeegBSGf8bAlDCfjSmcBfoArSV\nnkE+VdFfxvHsDjlAia3YQLsWvuw9oLgbjtwr4fH99U4JFnziuzuu+5PxpXZvPDgf\nO9VY5Uf00g3Re+WW0lkN4QhJoZTIsWkHaLW7Xw1+GNpn6Vy0Q1Qih4bAlqV13dBn\nADpDWXQItmGeHcOei1bYZhNL8CAv+zByOPmk0mUu/o8A7KxMBXCv+Ko94wzpCwG4\nfSKzS/I5B2gXjYQ1yBln6q1ZokvTYEWnTZEfGOwr09QFqZU3/y/i72qzj4zDhnk6\nUR4NSC94HEpbUZZOE0lVBjQ+uucmrYV1DwiC9HfsjOWg9diHgcft+2ybOPcRGoMO\nGKcOF7EaEB+qJyeTp9P3p5HnGM3jPNereEhh7Zzwv3wXewmOUc5YM3mh8spQSjwf\nW+DYDTmEHd3DQ+UOPnA2Q6N3Qkc8tNZJFno0WSV/GE6Kqb0GabOq7T1nOPJWX5nB\nGtMmSOYmg4m4FkzGu/DbhQKCAQEA6PdEOquhRSBjv86QF1W8aoLaLLkUtanqZafb\nq6iPcMNzZ64RUoN5F6cTHidkQMDHWLOV1Fa0M210uXPd08RVoeVXsFcxajXG+u0Z\nsOBEmNa37CTnWBut0lGikxBudAkuXVTJgB5/khKF6BOkh9+zOTQsPtaF02ypmViu\nbMGLxYG6C1x+n5k4JjSSmZXYnendZu3nwjKXRcKYa7+FNo3W66XwH9EMiI390iDX\ndC2o8Nemhb+oKZAC15Q0qqyBdW6Xyi9OTADMvd5L5YcX0h69/iHjhqnwF7193qRL\nedKBbIcfUEYyOM297tFxpZanqerGmVa2+u96V+2hICibKIXx3wKCAQEA9xAkmPSw\nL0fQN2o/gby+G9RsV+waiQTfwYz+1UB7kjnHezKtYbV+6upuwpdeDZqe0acm0SPf\njBcFIHls0wTFXU2umYf+jVPRSq29VDIQfXs5oE91puzFHvQtHoYsM8EoKIea3t/q\n7tdiZlUKSY+/JPFQgF0QT+SAtHG5Rs7Hq8d8ugemvFLGeujbaTiuy6BqbqlVWSKW\nVNCSkqbaV026r/4BTU4LAcNxtbVfnw+5XXqXbkXvqdqZvT8HyH9wEp+26Ou5tS5m\nbnGAsME99a+L8umIrAioZbtJcr4lvFfa6T4vZzLeUxlAEDMvMh2C5enkwWt52rbw\nbUfKgnwgxgOUswKCAQAn8Ny9wlcv5tGzPNLvbT+Uc0K8kC7AxpTtQM4krA2Lo7bR\ne8J0hx3ntDlO3ioN//8tcfyqHwNeHdH5SagqemrECvHxxcEvGHE47BWPgaPBIG8A\nCYOwU26FtIFO/W4ybrCIR9UUJiZxAMP8egGnWe78S7maPGVNTj/1joK5GqXAAvHG\nqOD8s+QwiKrpsgslZ8cRspAdd1cAGtDPCFLqe37xf82fZtPjRZTSxdaqkHl6cT6X\nh7hpB8u08i/lYxX+8CsN+vZNiYWQt+ADRhoLaEHipCTCHbiQGWjPFxPpmvGdjb0M\nojxSCNQbccUuQpoUQ7Aw8fEFLLGpCZCqVsvjMrO5AoIBABjCnWhW3XFfmRZ0p3ix\nGbxgRZtqJh6lRmd3YfKtS7UT5VILeiTYs6eHZyJJWTuzy0bnoZRELBs2E2V1xdpA\nGCeJqX3pizFOvSLm1pqhidWJi/TtAbWA9SBtCDiO6c8mBIhLTtIXTsww+cOXsjg9\nF8L0DEVRDllzZRKwcwkNoCUvEOjz61nkUc/vlk2tSJdPtFryzYLpXHeTj5zy697k\nA1mv8yF0ONYsaDD1xGeEg+dCafq7N5GmPtIghv8pBmpXZ1VginQF+m4HIgaU10jQ\nFw55KSFUnMvVQT8mn1GI3H+To9yL1Iwvc6Qr/QbgvkWccziPNN8ehmntT/ZTylUN\n9tECggEAci+f8e4AnKVQYwW+rwvZFG2tyBCwhOU/1+//XGHkoM400KT052CESgkx\nuHu7MmSPfv4W5eg2WVvt5faPXpKuj/IYpIPW53LfJ8NZZIuLRfF+TfoUhU1qllIm\nKaXP9p/EffAfiQPB82DVhKjUqk/5TQhjZc1xCTlBJB2REJ3/MymOqPvvadfUebUR\nYLEEy0v1tWuZ9j1xmXFDxiBIzc/YBeCIL85ap2Hz8MkKNAeRbmRuvMc3EYz48weu\noU8KeljkjP0Xe6TOWGq71/BmT7HJ1BZsG9A7wghCne08L8k3qT3jDH7Ba4LtRhph\nUHw5IjVCm+AangC714/NLN6tAySM5A==\n-----END PRIVATE KEY-----\n",
            "public_key_fingerprint_md5": "f0:21:7c:9e:74:a9:6f:76:4c:9f:b5:c3:5c:23:10:6c",
            "public_key_fingerprint_sha256": "SHA256:SViSLtcb5tAayWsV5qdr3khEs92XE6NjqsMLCFwS6FU",
            "public_key_openssh": "ssh-rsa AAAAB3NzaC1yc2EAAAADAQABAAACAQDg1UOW1lgYzLs/oVY+bvNRYKYkLpLf4LKIec5UKR+z3R8oX3LHgKO1YoFqNVPGxicSLXXRxN/qs9wjiNUASSmcvXyCw6G9/SiOYfc9CnsOsRWJ0O5+wLTRPqz4a5jUOD26dRlbjxxBWhUM7aBIwFM1LdYkVDTvi6//eXWmJ9S5RW9fyFnyaXw1C+SqAj2rbNCem4e6tTGiFzxiEXdKcfmmW4cZ/bu8/lBoMeDUnk+te3j6HS7dOBAIREaDGZt4pZE7w8WY+/o53nE0EvbWjZ3oahdkBBslBpbDAj/QhBI0+H//HjTSvLLRQrhbyoGH5DDJ4Sa2g1cQDv+Z1ovsr+g8XhV0GnMtwc3ul0kCE3yCQ5hq4eZieGVWVB6W6TH4tbuy3xO1RCsE+VatjHtfXxh9+QFm1GaGlysSqiIYJDfYSCGl1RzHBgDnbodjfHQmPNgwGz08qNzvtl2JYiaNF7C0XyK1jJ+B2mrZ5MebpHlYkppfNL2mR2qhnNx/8yxJsS5AGTLKFmDh9mryp0NeagO2FAPNWVhXLHbyGOV0vFbMhScoFY0rFXc+yUIc/EJj3E1zkywEPlkzXnUwUSqQXuFDtL3eD6YFqOLildB26WG05igwd6S9QbJi+VV4hSenzoJuZ8K+9dfk/lLFkazB6xqst1emLlRvJtR3Q2pvFRoK7Q==\n",
            "public_key_pem": "-----BEGIN PUBLIC KEY-----\nMIICIjANBgkqhkiG9w0BAQEFAAOCAg8AMIICCgKCAgEA4NVDltZYGMy7P6FWPm7z\nUWCmJC6S3+CyiHnOVCkfs90fKF9yx4CjtWKBajVTxsYnEi110cTf6rPcI4jVAEkp\nnL18gsOhvf0ojmH3PQp7DrEVidDufsC00T6s+GuY1Dg9unUZW48cQVoVDO2gSMBT\nNS3WJFQ074uv/3l1pifUuUVvX8hZ8ml8NQvkqgI9q2zQnpuHurUxohc8YhF3SnH5\npluHGf27vP5QaDHg1J5PrXt4+h0u3TgQCERGgxmbeKWRO8PFmPv6Od5xNBL21o2d\n6GoXZAQbJQaWwwI/0IQSNPh//x400ryy0UK4W8qBh+QwyeEmtoNXEA7/mdaL7K/o\nPF4VdBpzLcHN7pdJAhN8gkOYauHmYnhlVlQelukx+LW7st8TtUQrBPlWrYx7X18Y\nffkBZtRmhpcrEqoiGCQ32EghpdUcxwYA526HY3x0JjzYMBs9PKjc77ZdiWImjRew\ntF8itYyfgdpq2eTHm6R5WJKaXzS9pkdqoZzcf/MsSbEuQBkyyhZg4fZq8qdDXmoD\nthQDzVlYVyx28hjldLxWzIUnKBWNKxV3PslCHPxCY9xNc5MsBD5ZM151MFEqkF7h\nQ7S93g+mBaji4pXQdulhtOYoMHekvUGyYvlVeIUnp86CbmfCvvXX5P5SxZGswesa\nrLdXpi5UbybUd0NqbxUaCu0CAwEAAQ==\n-----END PUBLIC KEY-----\n",
            "rsa_bits": 4096
          },
          "sensitive_attributes": [
            [
              {
                "type": "get_attr",
                "value": "private_key_pem"
              }
            ],
            [
              {
                "type": "get_attr",
                "value": "private_key_pem_pkcs8"
              }
            ],
            [
              {
                "type": "get_attr",
                "value": "private_key_openssh"
              }
            ]
          ]
        }
      ]
    }
  ],
  "check_results": null
}
